// !$*UTF8*$!
{
	archiveVersion = 1;
	classes = {
	};
	objectVersion = 46;
	objects = {

/* Begin PBXBuildFile section */
		EA26F70514D9728000BC54F5 /* ELCTextfieldCell.m in Sources */ = {isa = PBXBuildFile; fileRef = EA26F70214D9728000BC54F5 /* ELCTextfieldCell.m */; };
		EA26F70814D972A200BC54F5 /* README in Resources */ = {isa = PBXBuildFile; fileRef = EA26F70714D972A200BC54F5 /* README */; };
		EA2779CC14DACD44002484CF /* AbstractActionSheetPicker.m in Sources */ = {isa = PBXBuildFile; fileRef = EA2779C314DACD44002484CF /* AbstractActionSheetPicker.m */; settings = {COMPILER_FLAGS = "-fno-objc-arc"; }; };
		EA2779CD14DACD44002484CF /* ActionSheetDatePicker.m in Sources */ = {isa = PBXBuildFile; fileRef = EA2779C514DACD44002484CF /* ActionSheetDatePicker.m */; settings = {COMPILER_FLAGS = "-fno-objc-arc"; }; };
		EA2779CE14DACD44002484CF /* ActionSheetDistancePicker.m in Sources */ = {isa = PBXBuildFile; fileRef = EA2779C714DACD44002484CF /* ActionSheetDistancePicker.m */; settings = {COMPILER_FLAGS = "-fno-objc-arc"; }; };
		EA2779CF14DACD44002484CF /* ActionSheetStringPicker.m in Sources */ = {isa = PBXBuildFile; fileRef = EA2779C914DACD44002484CF /* ActionSheetStringPicker.m */; settings = {COMPILER_FLAGS = "-fno-objc-arc"; }; };
		EA2779D014DACD44002484CF /* DistancePickerView.m in Sources */ = {isa = PBXBuildFile; fileRef = EA2779CB14DACD44002484CF /* DistancePickerView.m */; settings = {COMPILER_FLAGS = "-fno-objc-arc"; }; };
		EA2779D314DACD5B002484CF /* README.md in Resources */ = {isa = PBXBuildFile; fileRef = EA2779D214DACD5B002484CF /* README.md */; };
		EA277AA414DC37FE002484CF /* MapKit.framework in Frameworks */ = {isa = PBXBuildFile; fileRef = EA277AA314DC37FE002484CF /* MapKit.framework */; };
		EA277AA614DC3807002484CF /* CoreLocation.framework in Frameworks */ = {isa = PBXBuildFile; fileRef = EA277AA514DC3807002484CF /* CoreLocation.framework */; };
		EA277AAF14DC3EE5002484CF /* WSModalityChooserController.m in Sources */ = {isa = PBXBuildFile; fileRef = EA277AAD14DC3EE5002484CF /* WSModalityChooserController.m */; };
		EA277AB014DC3EE5002484CF /* WSModalityChooserController.xib in Resources */ = {isa = PBXBuildFile; fileRef = EA277AAE14DC3EE5002484CF /* WSModalityChooserController.xib */; };
		EA277AB314DC4092002484CF /* WSModalityMap.m in Sources */ = {isa = PBXBuildFile; fileRef = EA277AB214DC4092002484CF /* WSModalityMap.m */; };
		EA277AB714DC5787002484CF /* WSSubmodalityChooserController.m in Sources */ = {isa = PBXBuildFile; fileRef = EA277AB514DC5787002484CF /* WSSubmodalityChooserController.m */; };
		EA277AB814DC5787002484CF /* WSSubmodalityChooserController.xib in Resources */ = {isa = PBXBuildFile; fileRef = EA277AB614DC5787002484CF /* WSSubmodalityChooserController.xib */; };
		EA277ABD14DC5CD1002484CF /* WSDeviceChooserController.m in Sources */ = {isa = PBXBuildFile; fileRef = EA277ABB14DC5CD1002484CF /* WSDeviceChooserController.m */; };
		EA277ABE14DC5CD1002484CF /* WSDeviceChooserController.xib in Resources */ = {isa = PBXBuildFile; fileRef = EA277ABC14DC5CD1002484CF /* WSDeviceChooserController.xib */; };
		EA277AC514DC72C9002484CF /* checkmark-green.png in Resources */ = {isa = PBXBuildFile; fileRef = EA277AC414DC72C9002484CF /* checkmark-green.png */; };
		EA277AC814DC7B8E002484CF /* UIView+FirstResponder.m in Sources */ = {isa = PBXBuildFile; fileRef = EA277AC714DC7B8E002484CF /* UIView+FirstResponder.m */; };
		EA277ACB14DC7E09002484CF /* ELCTextfieldCellWide.m in Sources */ = {isa = PBXBuildFile; fileRef = EA277ACA14DC7E09002484CF /* ELCTextfieldCellWide.m */; };
		EA277ACF14E187FA002484CF /* DeleteRed.png in Resources */ = {isa = PBXBuildFile; fileRef = EA277ACE14E187FA002484CF /* DeleteRed.png */; };
		EA277AD114E1ACFD002484CF /* BreadcrumbButton.png in Resources */ = {isa = PBXBuildFile; fileRef = EA277AD014E1ACFD002484CF /* BreadcrumbButton.png */; };
		EA277B0414EABF48002484CF /* PurchaseButtonBlue.png in Resources */ = {isa = PBXBuildFile; fileRef = EA277B0214EABF48002484CF /* PurchaseButtonBlue.png */; };
		EA277B0514EABF48002484CF /* PurchaseButtonBluePressed.png in Resources */ = {isa = PBXBuildFile; fileRef = EA277B0314EABF48002484CF /* PurchaseButtonBluePressed.png */; };
		EA277B0E14EADA59002484CF /* Blank.png in Resources */ = {isa = PBXBuildFile; fileRef = EA277B0D14EADA59002484CF /* Blank.png */; };
		EA277B1214EBDFBA002484CF /* WSDeviceSetupController.m in Sources */ = {isa = PBXBuildFile; fileRef = EA277B1014EBDFB9002484CF /* WSDeviceSetupController.m */; };
		EA277B1314EBDFBA002484CF /* WSDeviceSetupController.xib in Resources */ = {isa = PBXBuildFile; fileRef = EA277B1114EBDFB9002484CF /* WSDeviceSetupController.xib */; };
		EA2A78E214FEB47800EE9339 /* warning-alert.png in Resources */ = {isa = PBXBuildFile; fileRef = EA2A78E014FEB47800EE9339 /* warning-alert.png */; };
		EA2A78E314FEB47800EE9339 /* warning-alert@2x.png in Resources */ = {isa = PBXBuildFile; fileRef = EA2A78E114FEB47800EE9339 /* warning-alert@2x.png */; };
		EA2A78E614FEB63800EE9339 /* stop-sign.png in Resources */ = {isa = PBXBuildFile; fileRef = EA2A78E414FEB63800EE9339 /* stop-sign.png */; };
		EA2A78E714FEB63800EE9339 /* stop-sign@2x.png in Resources */ = {isa = PBXBuildFile; fileRef = EA2A78E514FEB63800EE9339 /* stop-sign@2x.png */; };
		EA2A895D1501563C0056E02C /* WSBDParameter.m in Sources */ = {isa = PBXBuildFile; fileRef = EA2A895C1501563C0056E02C /* WSBDParameter.m */; };
		EA2A895E1501563C0056E02C /* WSBDParameter.m in Sources */ = {isa = PBXBuildFile; fileRef = EA2A895C1501563C0056E02C /* WSBDParameter.m */; };
		EA2A89711504F32C0056E02C /* DDAbstractDatabaseLogger.m in Sources */ = {isa = PBXBuildFile; fileRef = EA2A89621504F32C0056E02C /* DDAbstractDatabaseLogger.m */; };
		EA2A89721504F32C0056E02C /* DDAbstractDatabaseLogger.m in Sources */ = {isa = PBXBuildFile; fileRef = EA2A89621504F32C0056E02C /* DDAbstractDatabaseLogger.m */; };
		EA2A89731504F32C0056E02C /* DDASLLogger.m in Sources */ = {isa = PBXBuildFile; fileRef = EA2A89641504F32C0056E02C /* DDASLLogger.m */; };
		EA2A89741504F32C0056E02C /* DDASLLogger.m in Sources */ = {isa = PBXBuildFile; fileRef = EA2A89641504F32C0056E02C /* DDASLLogger.m */; };
		EA2A89751504F32C0056E02C /* DDFileLogger.m in Sources */ = {isa = PBXBuildFile; fileRef = EA2A89661504F32C0056E02C /* DDFileLogger.m */; };
		EA2A89761504F32C0056E02C /* DDFileLogger.m in Sources */ = {isa = PBXBuildFile; fileRef = EA2A89661504F32C0056E02C /* DDFileLogger.m */; };
		EA2A89771504F32C0056E02C /* DDLog.m in Sources */ = {isa = PBXBuildFile; fileRef = EA2A89681504F32C0056E02C /* DDLog.m */; };
		EA2A89781504F32C0056E02C /* DDLog.m in Sources */ = {isa = PBXBuildFile; fileRef = EA2A89681504F32C0056E02C /* DDLog.m */; };
		EA2A89791504F32C0056E02C /* DDTTYLogger.m in Sources */ = {isa = PBXBuildFile; fileRef = EA2A896A1504F32C0056E02C /* DDTTYLogger.m */; };
		EA2A897A1504F32C0056E02C /* DDTTYLogger.m in Sources */ = {isa = PBXBuildFile; fileRef = EA2A896A1504F32C0056E02C /* DDTTYLogger.m */; };
		EA2A897B1504F32C0056E02C /* ContextFilterLogFormatter.m in Sources */ = {isa = PBXBuildFile; fileRef = EA2A896D1504F32C0056E02C /* ContextFilterLogFormatter.m */; };
		EA2A897C1504F32C0056E02C /* ContextFilterLogFormatter.m in Sources */ = {isa = PBXBuildFile; fileRef = EA2A896D1504F32C0056E02C /* ContextFilterLogFormatter.m */; };
		EA2A897D1504F32C0056E02C /* DispatchQueueLogFormatter.m in Sources */ = {isa = PBXBuildFile; fileRef = EA2A896F1504F32C0056E02C /* DispatchQueueLogFormatter.m */; };
		EA2A897E1504F32C0056E02C /* DispatchQueueLogFormatter.m in Sources */ = {isa = PBXBuildFile; fileRef = EA2A896F1504F32C0056E02C /* DispatchQueueLogFormatter.m */; };
		EA2A897F1504F32C0056E02C /* README.txt in Resources */ = {isa = PBXBuildFile; fileRef = EA2A89701504F32C0056E02C /* README.txt */; };
		EA2A89801504F32C0056E02C /* README.txt in Resources */ = {isa = PBXBuildFile; fileRef = EA2A89701504F32C0056E02C /* README.txt */; };
		EA2D105514D7344300C23365 /* WSBiographicalDataController.m in Sources */ = {isa = PBXBuildFile; fileRef = EA2D105314D7344300C23365 /* WSBiographicalDataController.m */; };
		EA2D105614D7344300C23365 /* WSBiographicalDataController.xib in Resources */ = {isa = PBXBuildFile; fileRef = EA2D105414D7344300C23365 /* WSBiographicalDataController.xib */; };
		EA2D1D3F14FBD526007CB41F /* ASIAuthenticationDialog.m in Sources */ = {isa = PBXBuildFile; fileRef = EA2D1D2C14FBD526007CB41F /* ASIAuthenticationDialog.m */; settings = {COMPILER_FLAGS = "-fno-objc-arc"; }; };
		EA2D1D4014FBD526007CB41F /* ASIAuthenticationDialog.m in Sources */ = {isa = PBXBuildFile; fileRef = EA2D1D2C14FBD526007CB41F /* ASIAuthenticationDialog.m */; };
		EA2D1D4114FBD526007CB41F /* ASIDataCompressor.m in Sources */ = {isa = PBXBuildFile; fileRef = EA2D1D2F14FBD526007CB41F /* ASIDataCompressor.m */; settings = {COMPILER_FLAGS = "-fno-objc-arc"; }; };
		EA2D1D4214FBD526007CB41F /* ASIDataCompressor.m in Sources */ = {isa = PBXBuildFile; fileRef = EA2D1D2F14FBD526007CB41F /* ASIDataCompressor.m */; };
		EA2D1D4314FBD526007CB41F /* ASIDataDecompressor.m in Sources */ = {isa = PBXBuildFile; fileRef = EA2D1D3114FBD526007CB41F /* ASIDataDecompressor.m */; settings = {COMPILER_FLAGS = "-fno-objc-arc"; }; };
		EA2D1D4414FBD526007CB41F /* ASIDataDecompressor.m in Sources */ = {isa = PBXBuildFile; fileRef = EA2D1D3114FBD526007CB41F /* ASIDataDecompressor.m */; };
		EA2D1D4514FBD526007CB41F /* ASIDownloadCache.m in Sources */ = {isa = PBXBuildFile; fileRef = EA2D1D3314FBD526007CB41F /* ASIDownloadCache.m */; settings = {COMPILER_FLAGS = "-fno-objc-arc"; }; };
		EA2D1D4614FBD526007CB41F /* ASIDownloadCache.m in Sources */ = {isa = PBXBuildFile; fileRef = EA2D1D3314FBD526007CB41F /* ASIDownloadCache.m */; };
		EA2D1D4714FBD526007CB41F /* ASIFormDataRequest.m in Sources */ = {isa = PBXBuildFile; fileRef = EA2D1D3514FBD526007CB41F /* ASIFormDataRequest.m */; settings = {COMPILER_FLAGS = "-fno-objc-arc"; }; };
		EA2D1D4814FBD526007CB41F /* ASIFormDataRequest.m in Sources */ = {isa = PBXBuildFile; fileRef = EA2D1D3514FBD526007CB41F /* ASIFormDataRequest.m */; };
		EA2D1D4914FBD526007CB41F /* ASIHTTPRequest.m in Sources */ = {isa = PBXBuildFile; fileRef = EA2D1D3714FBD526007CB41F /* ASIHTTPRequest.m */; settings = {COMPILER_FLAGS = "-fno-objc-arc"; }; };
		EA2D1D4A14FBD526007CB41F /* ASIHTTPRequest.m in Sources */ = {isa = PBXBuildFile; fileRef = EA2D1D3714FBD526007CB41F /* ASIHTTPRequest.m */; };
		EA2D1D4B14FBD526007CB41F /* ASIInputStream.m in Sources */ = {isa = PBXBuildFile; fileRef = EA2D1D3B14FBD526007CB41F /* ASIInputStream.m */; settings = {COMPILER_FLAGS = "-fno-objc-arc"; }; };
		EA2D1D4C14FBD526007CB41F /* ASIInputStream.m in Sources */ = {isa = PBXBuildFile; fileRef = EA2D1D3B14FBD526007CB41F /* ASIInputStream.m */; };
		EA2D1D4D14FBD526007CB41F /* ASINetworkQueue.m in Sources */ = {isa = PBXBuildFile; fileRef = EA2D1D3D14FBD526007CB41F /* ASINetworkQueue.m */; settings = {COMPILER_FLAGS = "-fno-objc-arc"; }; };
		EA2D1D4E14FBD526007CB41F /* ASINetworkQueue.m in Sources */ = {isa = PBXBuildFile; fileRef = EA2D1D3D14FBD526007CB41F /* ASINetworkQueue.m */; };
		EA2D1D5114FBDE58007CB41F /* Reachability.m in Sources */ = {isa = PBXBuildFile; fileRef = EA2D1D5014FBDE58007CB41F /* Reachability.m */; settings = {COMPILER_FLAGS = "-fno-objc-arc"; }; };
		EA2D1D5214FBDE58007CB41F /* Reachability.m in Sources */ = {isa = PBXBuildFile; fileRef = EA2D1D5014FBDE58007CB41F /* Reachability.m */; };
		EA2D1D5414FBF93F007CB41F /* CFNetwork.framework in Frameworks */ = {isa = PBXBuildFile; fileRef = EA2D1D5314FBF93F007CB41F /* CFNetwork.framework */; };
		EA2D1D5614FBF948007CB41F /* SystemConfiguration.framework in Frameworks */ = {isa = PBXBuildFile; fileRef = EA2D1D5514FBF948007CB41F /* SystemConfiguration.framework */; };
		EA2D1D5814FBF954007CB41F /* MobileCoreServices.framework in Frameworks */ = {isa = PBXBuildFile; fileRef = EA2D1D5714FBF954007CB41F /* MobileCoreServices.framework */; };
		EA2D1D5A14FBF970007CB41F /* libz.dylib in Frameworks */ = {isa = PBXBuildFile; fileRef = EA2D1D5914FBF970007CB41F /* libz.dylib */; };
		EA2D1D6314FC18E1007CB41F /* Base64Coder.m in Sources */ = {isa = PBXBuildFile; fileRef = EA2D1D5D14FC18E1007CB41F /* Base64Coder.m */; };
		EA2D1D6414FC18E1007CB41F /* Base64Coder.m in Sources */ = {isa = PBXBuildFile; fileRef = EA2D1D5D14FC18E1007CB41F /* Base64Coder.m */; };
		EA2D1D6514FC18E1007CB41F /* NBCLSensorLink.m in Sources */ = {isa = PBXBuildFile; fileRef = EA2D1D6014FC18E1007CB41F /* NBCLSensorLink.m */; };
		EA2D1D6614FC18E1007CB41F /* NBCLSensorLink.m in Sources */ = {isa = PBXBuildFile; fileRef = EA2D1D6014FC18E1007CB41F /* NBCLSensorLink.m */; };
		EA2D1D6714FC18E1007CB41F /* NBCLInternalCameraSensorLink.m in Sources */ = {isa = PBXBuildFile; fileRef = EA2D1D6214FC18E1007CB41F /* NBCLInternalCameraSensorLink.m */; };
		EA2D1D6814FC18E1007CB41F /* NBCLInternalCameraSensorLink.m in Sources */ = {isa = PBXBuildFile; fileRef = EA2D1D6214FC18E1007CB41F /* NBCLInternalCameraSensorLink.m */; };
		EA2D1D6B14FC190C007CB41F /* WSBDResult.m in Sources */ = {isa = PBXBuildFile; fileRef = EA2D1D6A14FC190C007CB41F /* WSBDResult.m */; };
		EA2D1D6C14FC190C007CB41F /* WSBDResult.m in Sources */ = {isa = PBXBuildFile; fileRef = EA2D1D6A14FC190C007CB41F /* WSBDResult.m */; };
		EA2D1D6F14FC1E20007CB41F /* AVCamDemoCaptureManager.m in Sources */ = {isa = PBXBuildFile; fileRef = EA2D1D6E14FC1E1F007CB41F /* AVCamDemoCaptureManager.m */; settings = {COMPILER_FLAGS = "-fno-objc-arc"; }; };
		EA2D1D7014FC1E20007CB41F /* AVCamDemoCaptureManager.m in Sources */ = {isa = PBXBuildFile; fileRef = EA2D1D6E14FC1E1F007CB41F /* AVCamDemoCaptureManager.m */; };
		EA2D1D7614FC1FB5007CB41F /* UIView+LumberjackLogging.m in Sources */ = {isa = PBXBuildFile; fileRef = EA2D1D7314FC1FB5007CB41F /* UIView+LumberjackLogging.m */; };
		EA2D1D7714FC1FB5007CB41F /* UIView+LumberjackLogging.m in Sources */ = {isa = PBXBuildFile; fileRef = EA2D1D7314FC1FB5007CB41F /* UIView+LumberjackLogging.m */; };
		EA2D1D7814FC1FB5007CB41F /* UIImage+NBCLExtras.m in Sources */ = {isa = PBXBuildFile; fileRef = EA2D1D7514FC1FB5007CB41F /* UIImage+NBCLExtras.m */; };
		EA2D1D7914FC1FB5007CB41F /* UIImage+NBCLExtras.m in Sources */ = {isa = PBXBuildFile; fileRef = EA2D1D7514FC1FB5007CB41F /* UIImage+NBCLExtras.m */; };
		EA2D1D7B14FC20BC007CB41F /* AVFoundation.framework in Frameworks */ = {isa = PBXBuildFile; fileRef = EA2D1D7A14FC20BC007CB41F /* AVFoundation.framework */; };
		EA2D1D7D14FC20C9007CB41F /* AssetsLibrary.framework in Frameworks */ = {isa = PBXBuildFile; fileRef = EA2D1D7C14FC20C8007CB41F /* AssetsLibrary.framework */; };
		EA2D1D8214FD1E30007CB41F /* gesture-single-tap.png in Resources */ = {isa = PBXBuildFile; fileRef = EA2D1D8114FD1E30007CB41F /* gesture-single-tap.png */; };
		EA2D1D8314FD1E30007CB41F /* gesture-single-tap.png in Resources */ = {isa = PBXBuildFile; fileRef = EA2D1D8114FD1E30007CB41F /* gesture-single-tap.png */; };
		EA2D1D8C14FD4F06007CB41F /* Connectivity design.md in Resources */ = {isa = PBXBuildFile; fileRef = EA2D1D8B14FD4F05007CB41F /* Connectivity design.md */; };
		EA2D1D8D14FD4F06007CB41F /* Connectivity design.md in Resources */ = {isa = PBXBuildFile; fileRef = EA2D1D8B14FD4F05007CB41F /* Connectivity design.md */; };
		EA2D1D9814FE6225007CB41F /* WSCaptureButton.m in Sources */ = {isa = PBXBuildFile; fileRef = EA2D1D9714FE6224007CB41F /* WSCaptureButton.m */; };
		EA2D1D9914FE6225007CB41F /* WSCaptureButton.m in Sources */ = {isa = PBXBuildFile; fileRef = EA2D1D9714FE6224007CB41F /* WSCaptureButton.m */; };
		EA3406BB14ED8AC900C6E004 /* InsetGrayBackground.png in Resources */ = {isa = PBXBuildFile; fileRef = EA3406BA14ED8AC900C6E004 /* InsetGrayBackground.png */; };
		EA8A046714C752B000199FF8 /* QuartzCore.framework in Frameworks */ = {isa = PBXBuildFile; fileRef = EA8A046614C752B000199FF8 /* QuartzCore.framework */; };
		EA8A046C14C7599A00199FF8 /* plus-button.png in Resources */ = {isa = PBXBuildFile; fileRef = EA8A046B14C7599A00199FF8 /* plus-button.png */; };
		EA8A047414C861F600199FF8 /* personcell-bg-selected.png in Resources */ = {isa = PBXBuildFile; fileRef = EA8A047314C861F600199FF8 /* personcell-bg-selected.png */; };
		EA8A051214C877FE00199FF8 /* glossyButton-black-disabled.png in Resources */ = {isa = PBXBuildFile; fileRef = EA8A050F14C877FE00199FF8 /* glossyButton-black-disabled.png */; };
		EA8A051314C877FE00199FF8 /* glossyButton-black-highlighted.png in Resources */ = {isa = PBXBuildFile; fileRef = EA8A051014C877FE00199FF8 /* glossyButton-black-highlighted.png */; };
		EA8A051414C877FE00199FF8 /* glossyButton-black-normal.png in Resources */ = {isa = PBXBuildFile; fileRef = EA8A051114C877FE00199FF8 /* glossyButton-black-normal.png */; };
		EA8A051814C8938A00199FF8 /* NSManagedObject+DeepCopy.m in Sources */ = {isa = PBXBuildFile; fileRef = EA8A051714C8938A00199FF8 /* NSManagedObject+DeepCopy.m */; };
		EA8E447E14BC9E6B007D9B43 /* wsabi2.xcdatamodeld in Sources */ = {isa = PBXBuildFile; fileRef = EA8E447C14BC9E6B007D9B43 /* wsabi2.xcdatamodeld */; };
		EA8F483314D1A1BE00503E9C /* GMGridView.m in Sources */ = {isa = PBXBuildFile; fileRef = EA8F482914D1A1BE00503E9C /* GMGridView.m */; };
		EA8F483414D1A1BE00503E9C /* GMGridViewCell.m in Sources */ = {isa = PBXBuildFile; fileRef = EA8F482C14D1A1BE00503E9C /* GMGridViewCell.m */; };
		EA8F483514D1A1BE00503E9C /* GMGridViewLayoutStrategies.m in Sources */ = {isa = PBXBuildFile; fileRef = EA8F482E14D1A1BE00503E9C /* GMGridViewLayoutStrategies.m */; };
		EA8F483614D1A1BE00503E9C /* UIGestureRecognizer+GMGridViewAdditions.m in Sources */ = {isa = PBXBuildFile; fileRef = EA8F483014D1A1BE00503E9C /* UIGestureRecognizer+GMGridViewAdditions.m */; };
		EA8F483714D1A1BE00503E9C /* UIView+GMGridViewAdditions.m in Sources */ = {isa = PBXBuildFile; fileRef = EA8F483214D1A1BE00503E9C /* UIView+GMGridViewAdditions.m */; };
		EA8F483914D1A1D500503E9C /* close_x.png in Resources */ = {isa = PBXBuildFile; fileRef = EA8F483814D1A1D500503E9C /* close_x.png */; };
		EA9FDF0314D337BC00C16BA8 /* WSCaptureController.m in Sources */ = {isa = PBXBuildFile; fileRef = EA9FDF0114D337BC00C16BA8 /* WSCaptureController.m */; };
		EA9FDF0414D337BC00C16BA8 /* WSCaptureController.xib in Resources */ = {isa = PBXBuildFile; fileRef = EA9FDF0214D337BC00C16BA8 /* WSCaptureController.xib */; };
		EAA6FF9114C71C5C00006BCB /* WSPersonTableViewCell.xib in Resources */ = {isa = PBXBuildFile; fileRef = EAA6FF9014C71C5C00006BCB /* WSPersonTableViewCell.xib */; };
		EAA6FF9414C71C7400006BCB /* WSPersonTableViewCell.m in Sources */ = {isa = PBXBuildFile; fileRef = EAA6FF9314C71C7400006BCB /* WSPersonTableViewCell.m */; };
		EAA6FFA014C7289A00006BCB /* WSItemGridCell.m in Sources */ = {isa = PBXBuildFile; fileRef = EAA6FF9F14C7289A00006BCB /* WSItemGridCell.m */; };
		EACA8C2014F7D50200A3975A /* WSCDPerson.m in Sources */ = {isa = PBXBuildFile; fileRef = EACA8C1F14F7D50200A3975A /* WSCDPerson.m */; };
		EACA8C2314F7D50200A3975A /* WSCDItem.m in Sources */ = {isa = PBXBuildFile; fileRef = EACA8C2214F7D50200A3975A /* WSCDItem.m */; };
		EACA8C2614F7D50200A3975A /* WSCDDeviceDefinition.m in Sources */ = {isa = PBXBuildFile; fileRef = EACA8C2514F7D50200A3975A /* WSCDDeviceDefinition.m */; };
		EAF0F97714BC7B8C00544416 /* UIKit.framework in Frameworks */ = {isa = PBXBuildFile; fileRef = EAF0F97614BC7B8C00544416 /* UIKit.framework */; };
		EAF0F97914BC7B8C00544416 /* Foundation.framework in Frameworks */ = {isa = PBXBuildFile; fileRef = EAF0F97814BC7B8C00544416 /* Foundation.framework */; };
		EAF0F97B14BC7B8C00544416 /* CoreGraphics.framework in Frameworks */ = {isa = PBXBuildFile; fileRef = EAF0F97A14BC7B8C00544416 /* CoreGraphics.framework */; };
		EAF0F98114BC7B8C00544416 /* InfoPlist.strings in Resources */ = {isa = PBXBuildFile; fileRef = EAF0F97F14BC7B8C00544416 /* InfoPlist.strings */; };
		EAF0F98314BC7B8C00544416 /* main.m in Sources */ = {isa = PBXBuildFile; fileRef = EAF0F98214BC7B8C00544416 /* main.m */; };
		EAF0F98714BC7B8C00544416 /* WSAppDelegate.m in Sources */ = {isa = PBXBuildFile; fileRef = EAF0F98614BC7B8C00544416 /* WSAppDelegate.m */; };
		EAF0F98A14BC7B8C00544416 /* WSViewController.m in Sources */ = {isa = PBXBuildFile; fileRef = EAF0F98914BC7B8C00544416 /* WSViewController.m */; };
		EAF0F98D14BC7B8C00544416 /* WSViewController.xib in Resources */ = {isa = PBXBuildFile; fileRef = EAF0F98B14BC7B8C00544416 /* WSViewController.xib */; };
		EAF0F99514BC7B8C00544416 /* SenTestingKit.framework in Frameworks */ = {isa = PBXBuildFile; fileRef = EAF0F99414BC7B8C00544416 /* SenTestingKit.framework */; };
		EAF0F99614BC7B8C00544416 /* UIKit.framework in Frameworks */ = {isa = PBXBuildFile; fileRef = EAF0F97614BC7B8C00544416 /* UIKit.framework */; };
		EAF0F99714BC7B8C00544416 /* Foundation.framework in Frameworks */ = {isa = PBXBuildFile; fileRef = EAF0F97814BC7B8C00544416 /* Foundation.framework */; };
		EAF0F99F14BC7B8C00544416 /* InfoPlist.strings in Resources */ = {isa = PBXBuildFile; fileRef = EAF0F99D14BC7B8C00544416 /* InfoPlist.strings */; };
		EAF0F9A214BC7B8C00544416 /* wsabi2Tests.m in Sources */ = {isa = PBXBuildFile; fileRef = EAF0F9A114BC7B8C00544416 /* wsabi2Tests.m */; };
		EAF0FA0014BC812900544416 /* CoreData.framework in Frameworks */ = {isa = PBXBuildFile; fileRef = EAF0F9FF14BC812900544416 /* CoreData.framework */; };
		EAFB96D914CDE7E00088F1E8 /* Delete.png in Resources */ = {isa = PBXBuildFile; fileRef = EAFB96D814CDE7E00088F1E8 /* Delete.png */; };
/* End PBXBuildFile section */

/* Begin PBXContainerItemProxy section */
		EAF0F99814BC7B8C00544416 /* PBXContainerItemProxy */ = {
			isa = PBXContainerItemProxy;
			containerPortal = EAF0F96914BC7B8C00544416 /* Project object */;
			proxyType = 1;
			remoteGlobalIDString = EAF0F97114BC7B8C00544416;
			remoteInfo = wsabi2;
		};
/* End PBXContainerItemProxy section */

/* Begin PBXFileReference section */
		EA202D7314C74F6600776BF3 /* constants.h */ = {isa = PBXFileReference; fileEncoding = 4; lastKnownFileType = sourcecode.c.h; path = constants.h; sourceTree = "<group>"; };
		EA26F70114D9728000BC54F5 /* ELCTextfieldCell.h */ = {isa = PBXFileReference; fileEncoding = 4; lastKnownFileType = sourcecode.c.h; path = ELCTextfieldCell.h; sourceTree = "<group>"; };
		EA26F70214D9728000BC54F5 /* ELCTextfieldCell.m */ = {isa = PBXFileReference; fileEncoding = 4; lastKnownFileType = sourcecode.c.objc; path = ELCTextfieldCell.m; sourceTree = "<group>"; };
		EA26F70714D972A200BC54F5 /* README */ = {isa = PBXFileReference; fileEncoding = 4; lastKnownFileType = text; path = README; sourceTree = "<group>"; };
		EA2779C214DACD44002484CF /* AbstractActionSheetPicker.h */ = {isa = PBXFileReference; fileEncoding = 4; lastKnownFileType = sourcecode.c.h; path = AbstractActionSheetPicker.h; sourceTree = "<group>"; };
		EA2779C314DACD44002484CF /* AbstractActionSheetPicker.m */ = {isa = PBXFileReference; fileEncoding = 4; lastKnownFileType = sourcecode.c.objc; path = AbstractActionSheetPicker.m; sourceTree = "<group>"; };
		EA2779C414DACD44002484CF /* ActionSheetDatePicker.h */ = {isa = PBXFileReference; fileEncoding = 4; lastKnownFileType = sourcecode.c.h; path = ActionSheetDatePicker.h; sourceTree = "<group>"; };
		EA2779C514DACD44002484CF /* ActionSheetDatePicker.m */ = {isa = PBXFileReference; fileEncoding = 4; lastKnownFileType = sourcecode.c.objc; path = ActionSheetDatePicker.m; sourceTree = "<group>"; };
		EA2779C614DACD44002484CF /* ActionSheetDistancePicker.h */ = {isa = PBXFileReference; fileEncoding = 4; lastKnownFileType = sourcecode.c.h; path = ActionSheetDistancePicker.h; sourceTree = "<group>"; };
		EA2779C714DACD44002484CF /* ActionSheetDistancePicker.m */ = {isa = PBXFileReference; fileEncoding = 4; lastKnownFileType = sourcecode.c.objc; path = ActionSheetDistancePicker.m; sourceTree = "<group>"; };
		EA2779C814DACD44002484CF /* ActionSheetStringPicker.h */ = {isa = PBXFileReference; fileEncoding = 4; lastKnownFileType = sourcecode.c.h; path = ActionSheetStringPicker.h; sourceTree = "<group>"; };
		EA2779C914DACD44002484CF /* ActionSheetStringPicker.m */ = {isa = PBXFileReference; fileEncoding = 4; lastKnownFileType = sourcecode.c.objc; path = ActionSheetStringPicker.m; sourceTree = "<group>"; };
		EA2779CA14DACD44002484CF /* DistancePickerView.h */ = {isa = PBXFileReference; fileEncoding = 4; lastKnownFileType = sourcecode.c.h; path = DistancePickerView.h; sourceTree = "<group>"; };
		EA2779CB14DACD44002484CF /* DistancePickerView.m */ = {isa = PBXFileReference; fileEncoding = 4; lastKnownFileType = sourcecode.c.objc; path = DistancePickerView.m; sourceTree = "<group>"; };
		EA2779D114DACD50002484CF /* ActionSheetPicker.h */ = {isa = PBXFileReference; fileEncoding = 4; lastKnownFileType = sourcecode.c.h; path = ActionSheetPicker.h; sourceTree = "<group>"; };
		EA2779D214DACD5B002484CF /* README.md */ = {isa = PBXFileReference; fileEncoding = 4; lastKnownFileType = text; path = README.md; sourceTree = "<group>"; };
		EA277AA314DC37FE002484CF /* MapKit.framework */ = {isa = PBXFileReference; lastKnownFileType = wrapper.framework; name = MapKit.framework; path = System/Library/Frameworks/MapKit.framework; sourceTree = SDKROOT; };
		EA277AA514DC3807002484CF /* CoreLocation.framework */ = {isa = PBXFileReference; lastKnownFileType = wrapper.framework; name = CoreLocation.framework; path = System/Library/Frameworks/CoreLocation.framework; sourceTree = SDKROOT; };
		EA277AAC14DC3EE5002484CF /* WSModalityChooserController.h */ = {isa = PBXFileReference; fileEncoding = 4; lastKnownFileType = sourcecode.c.h; path = WSModalityChooserController.h; sourceTree = "<group>"; };
		EA277AAD14DC3EE5002484CF /* WSModalityChooserController.m */ = {isa = PBXFileReference; fileEncoding = 4; lastKnownFileType = sourcecode.c.objc; path = WSModalityChooserController.m; sourceTree = "<group>"; };
		EA277AAE14DC3EE5002484CF /* WSModalityChooserController.xib */ = {isa = PBXFileReference; fileEncoding = 4; lastKnownFileType = file.xib; path = WSModalityChooserController.xib; sourceTree = "<group>"; };
		EA277AB114DC4092002484CF /* WSModalityMap.h */ = {isa = PBXFileReference; fileEncoding = 4; lastKnownFileType = sourcecode.c.h; path = WSModalityMap.h; sourceTree = "<group>"; };
		EA277AB214DC4092002484CF /* WSModalityMap.m */ = {isa = PBXFileReference; fileEncoding = 4; lastKnownFileType = sourcecode.c.objc; path = WSModalityMap.m; sourceTree = "<group>"; };
		EA277AB414DC5787002484CF /* WSSubmodalityChooserController.h */ = {isa = PBXFileReference; fileEncoding = 4; lastKnownFileType = sourcecode.c.h; path = WSSubmodalityChooserController.h; sourceTree = "<group>"; };
		EA277AB514DC5787002484CF /* WSSubmodalityChooserController.m */ = {isa = PBXFileReference; fileEncoding = 4; lastKnownFileType = sourcecode.c.objc; path = WSSubmodalityChooserController.m; sourceTree = "<group>"; };
		EA277AB614DC5787002484CF /* WSSubmodalityChooserController.xib */ = {isa = PBXFileReference; fileEncoding = 4; lastKnownFileType = file.xib; path = WSSubmodalityChooserController.xib; sourceTree = "<group>"; };
		EA277ABA14DC5CD1002484CF /* WSDeviceChooserController.h */ = {isa = PBXFileReference; fileEncoding = 4; lastKnownFileType = sourcecode.c.h; path = WSDeviceChooserController.h; sourceTree = "<group>"; };
		EA277ABB14DC5CD1002484CF /* WSDeviceChooserController.m */ = {isa = PBXFileReference; fileEncoding = 4; lastKnownFileType = sourcecode.c.objc; path = WSDeviceChooserController.m; sourceTree = "<group>"; };
		EA277ABC14DC5CD1002484CF /* WSDeviceChooserController.xib */ = {isa = PBXFileReference; fileEncoding = 4; lastKnownFileType = file.xib; path = WSDeviceChooserController.xib; sourceTree = "<group>"; };
		EA277AC414DC72C9002484CF /* checkmark-green.png */ = {isa = PBXFileReference; lastKnownFileType = image.png; path = "checkmark-green.png"; sourceTree = "<group>"; };
		EA277AC614DC7B8E002484CF /* UIView+FirstResponder.h */ = {isa = PBXFileReference; fileEncoding = 4; lastKnownFileType = sourcecode.c.h; path = "UIView+FirstResponder.h"; sourceTree = "<group>"; };
		EA277AC714DC7B8E002484CF /* UIView+FirstResponder.m */ = {isa = PBXFileReference; fileEncoding = 4; lastKnownFileType = sourcecode.c.objc; path = "UIView+FirstResponder.m"; sourceTree = "<group>"; };
		EA277AC914DC7E08002484CF /* ELCTextfieldCellWide.h */ = {isa = PBXFileReference; fileEncoding = 4; lastKnownFileType = sourcecode.c.h; path = ELCTextfieldCellWide.h; sourceTree = "<group>"; };
		EA277ACA14DC7E09002484CF /* ELCTextfieldCellWide.m */ = {isa = PBXFileReference; fileEncoding = 4; lastKnownFileType = sourcecode.c.objc; path = ELCTextfieldCellWide.m; sourceTree = "<group>"; };
		EA277ACE14E187FA002484CF /* DeleteRed.png */ = {isa = PBXFileReference; lastKnownFileType = image.png; path = DeleteRed.png; sourceTree = "<group>"; };
		EA277AD014E1ACFD002484CF /* BreadcrumbButton.png */ = {isa = PBXFileReference; lastKnownFileType = image.png; path = BreadcrumbButton.png; sourceTree = "<group>"; };
		EA277AD214E2B09E002484CF /* WSDeviceConfigDelegate.h */ = {isa = PBXFileReference; fileEncoding = 4; lastKnownFileType = sourcecode.c.h; path = WSDeviceConfigDelegate.h; sourceTree = "<group>"; };
		EA277B0214EABF48002484CF /* PurchaseButtonBlue.png */ = {isa = PBXFileReference; lastKnownFileType = image.png; path = PurchaseButtonBlue.png; sourceTree = "<group>"; };
		EA277B0314EABF48002484CF /* PurchaseButtonBluePressed.png */ = {isa = PBXFileReference; lastKnownFileType = image.png; path = PurchaseButtonBluePressed.png; sourceTree = "<group>"; };
		EA277B0D14EADA59002484CF /* Blank.png */ = {isa = PBXFileReference; lastKnownFileType = image.png; path = Blank.png; sourceTree = "<group>"; };
		EA277B0F14EBDFB8002484CF /* WSDeviceSetupController.h */ = {isa = PBXFileReference; fileEncoding = 4; lastKnownFileType = sourcecode.c.h; path = WSDeviceSetupController.h; sourceTree = "<group>"; };
		EA277B1014EBDFB9002484CF /* WSDeviceSetupController.m */ = {isa = PBXFileReference; fileEncoding = 4; lastKnownFileType = sourcecode.c.objc; path = WSDeviceSetupController.m; sourceTree = "<group>"; };
		EA277B1114EBDFB9002484CF /* WSDeviceSetupController.xib */ = {isa = PBXFileReference; fileEncoding = 4; lastKnownFileType = file.xib; path = WSDeviceSetupController.xib; sourceTree = "<group>"; };
		EA2A78E014FEB47800EE9339 /* warning-alert.png */ = {isa = PBXFileReference; lastKnownFileType = image.png; path = "warning-alert.png"; sourceTree = "<group>"; };
		EA2A78E114FEB47800EE9339 /* warning-alert@2x.png */ = {isa = PBXFileReference; lastKnownFileType = image.png; path = "warning-alert@2x.png"; sourceTree = "<group>"; };
		EA2A78E414FEB63800EE9339 /* stop-sign.png */ = {isa = PBXFileReference; lastKnownFileType = image.png; path = "stop-sign.png"; sourceTree = "<group>"; };
		EA2A78E514FEB63800EE9339 /* stop-sign@2x.png */ = {isa = PBXFileReference; lastKnownFileType = image.png; path = "stop-sign@2x.png"; sourceTree = "<group>"; };
		EA2A895B1501563C0056E02C /* WSBDParameter.h */ = {isa = PBXFileReference; fileEncoding = 4; lastKnownFileType = sourcecode.c.h; path = WSBDParameter.h; sourceTree = "<group>"; };
		EA2A895C1501563C0056E02C /* WSBDParameter.m */ = {isa = PBXFileReference; fileEncoding = 4; lastKnownFileType = sourcecode.c.objc; path = WSBDParameter.m; sourceTree = "<group>"; };
		EA2A89611504F32C0056E02C /* DDAbstractDatabaseLogger.h */ = {isa = PBXFileReference; fileEncoding = 4; lastKnownFileType = sourcecode.c.h; path = DDAbstractDatabaseLogger.h; sourceTree = "<group>"; };
		EA2A89621504F32C0056E02C /* DDAbstractDatabaseLogger.m */ = {isa = PBXFileReference; fileEncoding = 4; lastKnownFileType = sourcecode.c.objc; path = DDAbstractDatabaseLogger.m; sourceTree = "<group>"; };
		EA2A89631504F32C0056E02C /* DDASLLogger.h */ = {isa = PBXFileReference; fileEncoding = 4; lastKnownFileType = sourcecode.c.h; path = DDASLLogger.h; sourceTree = "<group>"; };
		EA2A89641504F32C0056E02C /* DDASLLogger.m */ = {isa = PBXFileReference; fileEncoding = 4; lastKnownFileType = sourcecode.c.objc; path = DDASLLogger.m; sourceTree = "<group>"; };
		EA2A89651504F32C0056E02C /* DDFileLogger.h */ = {isa = PBXFileReference; fileEncoding = 4; lastKnownFileType = sourcecode.c.h; path = DDFileLogger.h; sourceTree = "<group>"; };
		EA2A89661504F32C0056E02C /* DDFileLogger.m */ = {isa = PBXFileReference; fileEncoding = 4; lastKnownFileType = sourcecode.c.objc; path = DDFileLogger.m; sourceTree = "<group>"; };
		EA2A89671504F32C0056E02C /* DDLog.h */ = {isa = PBXFileReference; fileEncoding = 4; lastKnownFileType = sourcecode.c.h; path = DDLog.h; sourceTree = "<group>"; };
		EA2A89681504F32C0056E02C /* DDLog.m */ = {isa = PBXFileReference; fileEncoding = 4; lastKnownFileType = sourcecode.c.objc; path = DDLog.m; sourceTree = "<group>"; };
		EA2A89691504F32C0056E02C /* DDTTYLogger.h */ = {isa = PBXFileReference; fileEncoding = 4; lastKnownFileType = sourcecode.c.h; path = DDTTYLogger.h; sourceTree = "<group>"; };
		EA2A896A1504F32C0056E02C /* DDTTYLogger.m */ = {isa = PBXFileReference; fileEncoding = 4; lastKnownFileType = sourcecode.c.objc; path = DDTTYLogger.m; sourceTree = "<group>"; };
		EA2A896C1504F32C0056E02C /* ContextFilterLogFormatter.h */ = {isa = PBXFileReference; fileEncoding = 4; lastKnownFileType = sourcecode.c.h; path = ContextFilterLogFormatter.h; sourceTree = "<group>"; };
		EA2A896D1504F32C0056E02C /* ContextFilterLogFormatter.m */ = {isa = PBXFileReference; fileEncoding = 4; lastKnownFileType = sourcecode.c.objc; path = ContextFilterLogFormatter.m; sourceTree = "<group>"; };
		EA2A896E1504F32C0056E02C /* DispatchQueueLogFormatter.h */ = {isa = PBXFileReference; fileEncoding = 4; lastKnownFileType = sourcecode.c.h; path = DispatchQueueLogFormatter.h; sourceTree = "<group>"; };
		EA2A896F1504F32C0056E02C /* DispatchQueueLogFormatter.m */ = {isa = PBXFileReference; fileEncoding = 4; lastKnownFileType = sourcecode.c.objc; path = DispatchQueueLogFormatter.m; sourceTree = "<group>"; };
		EA2A89701504F32C0056E02C /* README.txt */ = {isa = PBXFileReference; fileEncoding = 4; lastKnownFileType = text; path = README.txt; sourceTree = "<group>"; };
		EA2D105214D7344300C23365 /* WSBiographicalDataController.h */ = {isa = PBXFileReference; fileEncoding = 4; lastKnownFileType = sourcecode.c.h; path = WSBiographicalDataController.h; sourceTree = "<group>"; };
		EA2D105314D7344300C23365 /* WSBiographicalDataController.m */ = {isa = PBXFileReference; fileEncoding = 4; lastKnownFileType = sourcecode.c.objc; path = WSBiographicalDataController.m; sourceTree = "<group>"; };
		EA2D105414D7344300C23365 /* WSBiographicalDataController.xib */ = {isa = PBXFileReference; fileEncoding = 4; lastKnownFileType = file.xib; path = WSBiographicalDataController.xib; sourceTree = "<group>"; };
		EA2D1D2B14FBD526007CB41F /* ASIAuthenticationDialog.h */ = {isa = PBXFileReference; fileEncoding = 4; lastKnownFileType = sourcecode.c.h; path = ASIAuthenticationDialog.h; sourceTree = "<group>"; };
		EA2D1D2C14FBD526007CB41F /* ASIAuthenticationDialog.m */ = {isa = PBXFileReference; fileEncoding = 4; lastKnownFileType = sourcecode.c.objc; path = ASIAuthenticationDialog.m; sourceTree = "<group>"; };
		EA2D1D2D14FBD526007CB41F /* ASICacheDelegate.h */ = {isa = PBXFileReference; fileEncoding = 4; lastKnownFileType = sourcecode.c.h; path = ASICacheDelegate.h; sourceTree = "<group>"; };
		EA2D1D2E14FBD526007CB41F /* ASIDataCompressor.h */ = {isa = PBXFileReference; fileEncoding = 4; lastKnownFileType = sourcecode.c.h; path = ASIDataCompressor.h; sourceTree = "<group>"; };
		EA2D1D2F14FBD526007CB41F /* ASIDataCompressor.m */ = {isa = PBXFileReference; fileEncoding = 4; lastKnownFileType = sourcecode.c.objc; path = ASIDataCompressor.m; sourceTree = "<group>"; };
		EA2D1D3014FBD526007CB41F /* ASIDataDecompressor.h */ = {isa = PBXFileReference; fileEncoding = 4; lastKnownFileType = sourcecode.c.h; path = ASIDataDecompressor.h; sourceTree = "<group>"; };
		EA2D1D3114FBD526007CB41F /* ASIDataDecompressor.m */ = {isa = PBXFileReference; fileEncoding = 4; lastKnownFileType = sourcecode.c.objc; path = ASIDataDecompressor.m; sourceTree = "<group>"; };
		EA2D1D3214FBD526007CB41F /* ASIDownloadCache.h */ = {isa = PBXFileReference; fileEncoding = 4; lastKnownFileType = sourcecode.c.h; path = ASIDownloadCache.h; sourceTree = "<group>"; };
		EA2D1D3314FBD526007CB41F /* ASIDownloadCache.m */ = {isa = PBXFileReference; fileEncoding = 4; lastKnownFileType = sourcecode.c.objc; path = ASIDownloadCache.m; sourceTree = "<group>"; };
		EA2D1D3414FBD526007CB41F /* ASIFormDataRequest.h */ = {isa = PBXFileReference; fileEncoding = 4; lastKnownFileType = sourcecode.c.h; path = ASIFormDataRequest.h; sourceTree = "<group>"; };
		EA2D1D3514FBD526007CB41F /* ASIFormDataRequest.m */ = {isa = PBXFileReference; fileEncoding = 4; lastKnownFileType = sourcecode.c.objc; path = ASIFormDataRequest.m; sourceTree = "<group>"; };
		EA2D1D3614FBD526007CB41F /* ASIHTTPRequest.h */ = {isa = PBXFileReference; fileEncoding = 4; lastKnownFileType = sourcecode.c.h; path = ASIHTTPRequest.h; sourceTree = "<group>"; };
		EA2D1D3714FBD526007CB41F /* ASIHTTPRequest.m */ = {isa = PBXFileReference; fileEncoding = 4; lastKnownFileType = sourcecode.c.objc; path = ASIHTTPRequest.m; sourceTree = "<group>"; };
		EA2D1D3814FBD526007CB41F /* ASIHTTPRequestConfig.h */ = {isa = PBXFileReference; fileEncoding = 4; lastKnownFileType = sourcecode.c.h; path = ASIHTTPRequestConfig.h; sourceTree = "<group>"; };
		EA2D1D3914FBD526007CB41F /* ASIHTTPRequestDelegate.h */ = {isa = PBXFileReference; fileEncoding = 4; lastKnownFileType = sourcecode.c.h; path = ASIHTTPRequestDelegate.h; sourceTree = "<group>"; };
		EA2D1D3A14FBD526007CB41F /* ASIInputStream.h */ = {isa = PBXFileReference; fileEncoding = 4; lastKnownFileType = sourcecode.c.h; path = ASIInputStream.h; sourceTree = "<group>"; };
		EA2D1D3B14FBD526007CB41F /* ASIInputStream.m */ = {isa = PBXFileReference; fileEncoding = 4; lastKnownFileType = sourcecode.c.objc; path = ASIInputStream.m; sourceTree = "<group>"; };
		EA2D1D3C14FBD526007CB41F /* ASINetworkQueue.h */ = {isa = PBXFileReference; fileEncoding = 4; lastKnownFileType = sourcecode.c.h; path = ASINetworkQueue.h; sourceTree = "<group>"; };
		EA2D1D3D14FBD526007CB41F /* ASINetworkQueue.m */ = {isa = PBXFileReference; fileEncoding = 4; lastKnownFileType = sourcecode.c.objc; path = ASINetworkQueue.m; sourceTree = "<group>"; };
		EA2D1D3E14FBD526007CB41F /* ASIProgressDelegate.h */ = {isa = PBXFileReference; fileEncoding = 4; lastKnownFileType = sourcecode.c.h; path = ASIProgressDelegate.h; sourceTree = "<group>"; };
		EA2D1D4F14FBDE58007CB41F /* Reachability.h */ = {isa = PBXFileReference; fileEncoding = 4; lastKnownFileType = sourcecode.c.h; path = Reachability.h; sourceTree = "<group>"; };
		EA2D1D5014FBDE58007CB41F /* Reachability.m */ = {isa = PBXFileReference; fileEncoding = 4; lastKnownFileType = sourcecode.c.objc; path = Reachability.m; sourceTree = "<group>"; };
		EA2D1D5314FBF93F007CB41F /* CFNetwork.framework */ = {isa = PBXFileReference; lastKnownFileType = wrapper.framework; name = CFNetwork.framework; path = System/Library/Frameworks/CFNetwork.framework; sourceTree = SDKROOT; };
		EA2D1D5514FBF948007CB41F /* SystemConfiguration.framework */ = {isa = PBXFileReference; lastKnownFileType = wrapper.framework; name = SystemConfiguration.framework; path = System/Library/Frameworks/SystemConfiguration.framework; sourceTree = SDKROOT; };
		EA2D1D5714FBF954007CB41F /* MobileCoreServices.framework */ = {isa = PBXFileReference; lastKnownFileType = wrapper.framework; name = MobileCoreServices.framework; path = System/Library/Frameworks/MobileCoreServices.framework; sourceTree = SDKROOT; };
		EA2D1D5914FBF970007CB41F /* libz.dylib */ = {isa = PBXFileReference; lastKnownFileType = "compiled.mach-o.dylib"; name = libz.dylib; path = usr/lib/libz.dylib; sourceTree = SDKROOT; };
		EA2D1D5C14FC18E1007CB41F /* Base64Coder.h */ = {isa = PBXFileReference; fileEncoding = 4; lastKnownFileType = sourcecode.c.h; path = Base64Coder.h; sourceTree = "<group>"; };
		EA2D1D5D14FC18E1007CB41F /* Base64Coder.m */ = {isa = PBXFileReference; fileEncoding = 4; lastKnownFileType = sourcecode.c.objc; path = Base64Coder.m; sourceTree = "<group>"; };
		EA2D1D5E14FC18E1007CB41F /* NBCLSensorLinkConstants.h */ = {isa = PBXFileReference; fileEncoding = 4; lastKnownFileType = sourcecode.c.h; path = NBCLSensorLinkConstants.h; sourceTree = "<group>"; };
		EA2D1D5F14FC18E1007CB41F /* NBCLSensorLink.h */ = {isa = PBXFileReference; fileEncoding = 4; lastKnownFileType = sourcecode.c.h; path = NBCLSensorLink.h; sourceTree = "<group>"; };
		EA2D1D6014FC18E1007CB41F /* NBCLSensorLink.m */ = {isa = PBXFileReference; fileEncoding = 4; lastKnownFileType = sourcecode.c.objc; path = NBCLSensorLink.m; sourceTree = "<group>"; };
		EA2D1D6114FC18E1007CB41F /* NBCLInternalCameraSensorLink.h */ = {isa = PBXFileReference; fileEncoding = 4; lastKnownFileType = sourcecode.c.h; path = NBCLInternalCameraSensorLink.h; sourceTree = "<group>"; };
		EA2D1D6214FC18E1007CB41F /* NBCLInternalCameraSensorLink.m */ = {isa = PBXFileReference; fileEncoding = 4; lastKnownFileType = sourcecode.c.objc; path = NBCLInternalCameraSensorLink.m; sourceTree = "<group>"; };
		EA2D1D6914FC190C007CB41F /* WSBDResult.h */ = {isa = PBXFileReference; fileEncoding = 4; lastKnownFileType = sourcecode.c.h; path = WSBDResult.h; sourceTree = "<group>"; };
		EA2D1D6A14FC190C007CB41F /* WSBDResult.m */ = {isa = PBXFileReference; fileEncoding = 4; lastKnownFileType = sourcecode.c.objc; path = WSBDResult.m; sourceTree = "<group>"; };
		EA2D1D6D14FC1E1F007CB41F /* AVCamDemoCaptureManager.h */ = {isa = PBXFileReference; fileEncoding = 4; lastKnownFileType = sourcecode.c.h; path = AVCamDemoCaptureManager.h; sourceTree = "<group>"; };
		EA2D1D6E14FC1E1F007CB41F /* AVCamDemoCaptureManager.m */ = {isa = PBXFileReference; fileEncoding = 4; lastKnownFileType = sourcecode.c.objc; path = AVCamDemoCaptureManager.m; sourceTree = "<group>"; };
		EA2D1D7214FC1FB5007CB41F /* UIView+LumberjackLogging.h */ = {isa = PBXFileReference; fileEncoding = 4; lastKnownFileType = sourcecode.c.h; path = "UIView+LumberjackLogging.h"; sourceTree = "<group>"; };
		EA2D1D7314FC1FB5007CB41F /* UIView+LumberjackLogging.m */ = {isa = PBXFileReference; fileEncoding = 4; lastKnownFileType = sourcecode.c.objc; path = "UIView+LumberjackLogging.m"; sourceTree = "<group>"; };
		EA2D1D7414FC1FB5007CB41F /* UIImage+NBCLExtras.h */ = {isa = PBXFileReference; fileEncoding = 4; lastKnownFileType = sourcecode.c.h; path = "UIImage+NBCLExtras.h"; sourceTree = "<group>"; };
		EA2D1D7514FC1FB5007CB41F /* UIImage+NBCLExtras.m */ = {isa = PBXFileReference; fileEncoding = 4; lastKnownFileType = sourcecode.c.objc; path = "UIImage+NBCLExtras.m"; sourceTree = "<group>"; };
		EA2D1D7A14FC20BC007CB41F /* AVFoundation.framework */ = {isa = PBXFileReference; lastKnownFileType = wrapper.framework; name = AVFoundation.framework; path = System/Library/Frameworks/AVFoundation.framework; sourceTree = SDKROOT; };
		EA2D1D7C14FC20C8007CB41F /* AssetsLibrary.framework */ = {isa = PBXFileReference; lastKnownFileType = wrapper.framework; name = AssetsLibrary.framework; path = System/Library/Frameworks/AssetsLibrary.framework; sourceTree = SDKROOT; };
		EA2D1D8114FD1E30007CB41F /* gesture-single-tap.png */ = {isa = PBXFileReference; lastKnownFileType = image.png; path = "gesture-single-tap.png"; sourceTree = "<group>"; };
		EA2D1D8B14FD4F05007CB41F /* Connectivity design.md */ = {isa = PBXFileReference; fileEncoding = 4; lastKnownFileType = text; path = "Connectivity design.md"; sourceTree = "<group>"; };
		EA2D1D9614FE6224007CB41F /* WSCaptureButton.h */ = {isa = PBXFileReference; fileEncoding = 4; lastKnownFileType = sourcecode.c.h; path = WSCaptureButton.h; sourceTree = "<group>"; };
		EA2D1D9714FE6224007CB41F /* WSCaptureButton.m */ = {isa = PBXFileReference; fileEncoding = 4; lastKnownFileType = sourcecode.c.objc; path = WSCaptureButton.m; sourceTree = "<group>"; };
		EA3406BA14ED8AC900C6E004 /* InsetGrayBackground.png */ = {isa = PBXFileReference; lastKnownFileType = image.png; path = InsetGrayBackground.png; sourceTree = "<group>"; };
		EA8A046614C752B000199FF8 /* QuartzCore.framework */ = {isa = PBXFileReference; lastKnownFileType = wrapper.framework; name = QuartzCore.framework; path = System/Library/Frameworks/QuartzCore.framework; sourceTree = SDKROOT; };
		EA8A046B14C7599A00199FF8 /* plus-button.png */ = {isa = PBXFileReference; lastKnownFileType = image.png; path = "plus-button.png"; sourceTree = "<group>"; };
		EA8A047314C861F600199FF8 /* personcell-bg-selected.png */ = {isa = PBXFileReference; lastKnownFileType = image.png; path = "personcell-bg-selected.png"; sourceTree = "<group>"; };
		EA8A050F14C877FE00199FF8 /* glossyButton-black-disabled.png */ = {isa = PBXFileReference; lastKnownFileType = image.png; path = "glossyButton-black-disabled.png"; sourceTree = "<group>"; };
		EA8A051014C877FE00199FF8 /* glossyButton-black-highlighted.png */ = {isa = PBXFileReference; lastKnownFileType = image.png; path = "glossyButton-black-highlighted.png"; sourceTree = "<group>"; };
		EA8A051114C877FE00199FF8 /* glossyButton-black-normal.png */ = {isa = PBXFileReference; lastKnownFileType = image.png; path = "glossyButton-black-normal.png"; sourceTree = "<group>"; };
		EA8A051614C8938A00199FF8 /* NSManagedObject+DeepCopy.h */ = {isa = PBXFileReference; fileEncoding = 4; lastKnownFileType = sourcecode.c.h; path = "NSManagedObject+DeepCopy.h"; sourceTree = "<group>"; };
		EA8A051714C8938A00199FF8 /* NSManagedObject+DeepCopy.m */ = {isa = PBXFileReference; fileEncoding = 4; lastKnownFileType = sourcecode.c.objc; path = "NSManagedObject+DeepCopy.m"; sourceTree = "<group>"; };
		EA8E447D14BC9E6B007D9B43 /* wsabi2.xcdatamodel */ = {isa = PBXFileReference; lastKnownFileType = wrapper.xcdatamodel; path = wsabi2.xcdatamodel; sourceTree = "<group>"; };
		EA8F482714D1A1BE00503E9C /* GMGridView-Constants.h */ = {isa = PBXFileReference; fileEncoding = 4; lastKnownFileType = sourcecode.c.h; path = "GMGridView-Constants.h"; sourceTree = "<group>"; };
		EA8F482814D1A1BE00503E9C /* GMGridView.h */ = {isa = PBXFileReference; fileEncoding = 4; lastKnownFileType = sourcecode.c.h; path = GMGridView.h; sourceTree = "<group>"; };
		EA8F482914D1A1BE00503E9C /* GMGridView.m */ = {isa = PBXFileReference; fileEncoding = 4; lastKnownFileType = sourcecode.c.objc; path = GMGridView.m; sourceTree = "<group>"; };
		EA8F482A14D1A1BE00503E9C /* GMGridViewCell+Extended.h */ = {isa = PBXFileReference; fileEncoding = 4; lastKnownFileType = sourcecode.c.h; path = "GMGridViewCell+Extended.h"; sourceTree = "<group>"; };
		EA8F482B14D1A1BE00503E9C /* GMGridViewCell.h */ = {isa = PBXFileReference; fileEncoding = 4; lastKnownFileType = sourcecode.c.h; path = GMGridViewCell.h; sourceTree = "<group>"; };
		EA8F482C14D1A1BE00503E9C /* GMGridViewCell.m */ = {isa = PBXFileReference; fileEncoding = 4; lastKnownFileType = sourcecode.c.objc; path = GMGridViewCell.m; sourceTree = "<group>"; };
		EA8F482D14D1A1BE00503E9C /* GMGridViewLayoutStrategies.h */ = {isa = PBXFileReference; fileEncoding = 4; lastKnownFileType = sourcecode.c.h; path = GMGridViewLayoutStrategies.h; sourceTree = "<group>"; };
		EA8F482E14D1A1BE00503E9C /* GMGridViewLayoutStrategies.m */ = {isa = PBXFileReference; fileEncoding = 4; lastKnownFileType = sourcecode.c.objc; path = GMGridViewLayoutStrategies.m; sourceTree = "<group>"; };
		EA8F482F14D1A1BE00503E9C /* UIGestureRecognizer+GMGridViewAdditions.h */ = {isa = PBXFileReference; fileEncoding = 4; lastKnownFileType = sourcecode.c.h; path = "UIGestureRecognizer+GMGridViewAdditions.h"; sourceTree = "<group>"; };
		EA8F483014D1A1BE00503E9C /* UIGestureRecognizer+GMGridViewAdditions.m */ = {isa = PBXFileReference; fileEncoding = 4; lastKnownFileType = sourcecode.c.objc; path = "UIGestureRecognizer+GMGridViewAdditions.m"; sourceTree = "<group>"; };
		EA8F483114D1A1BE00503E9C /* UIView+GMGridViewAdditions.h */ = {isa = PBXFileReference; fileEncoding = 4; lastKnownFileType = sourcecode.c.h; path = "UIView+GMGridViewAdditions.h"; sourceTree = "<group>"; };
		EA8F483214D1A1BE00503E9C /* UIView+GMGridViewAdditions.m */ = {isa = PBXFileReference; fileEncoding = 4; lastKnownFileType = sourcecode.c.objc; path = "UIView+GMGridViewAdditions.m"; sourceTree = "<group>"; };
		EA8F483814D1A1D500503E9C /* close_x.png */ = {isa = PBXFileReference; lastKnownFileType = image.png; path = close_x.png; sourceTree = "<group>"; };
		EA9FDF0014D337BC00C16BA8 /* WSCaptureController.h */ = {isa = PBXFileReference; fileEncoding = 4; lastKnownFileType = sourcecode.c.h; path = WSCaptureController.h; sourceTree = "<group>"; };
		EA9FDF0114D337BC00C16BA8 /* WSCaptureController.m */ = {isa = PBXFileReference; fileEncoding = 4; lastKnownFileType = sourcecode.c.objc; path = WSCaptureController.m; sourceTree = "<group>"; };
		EA9FDF0214D337BC00C16BA8 /* WSCaptureController.xib */ = {isa = PBXFileReference; fileEncoding = 4; lastKnownFileType = file.xib; path = WSCaptureController.xib; sourceTree = "<group>"; };
		EAA6FF9014C71C5C00006BCB /* WSPersonTableViewCell.xib */ = {isa = PBXFileReference; fileEncoding = 4; lastKnownFileType = file.xib; path = WSPersonTableViewCell.xib; sourceTree = "<group>"; };
		EAA6FF9214C71C7400006BCB /* WSPersonTableViewCell.h */ = {isa = PBXFileReference; fileEncoding = 4; lastKnownFileType = sourcecode.c.h; path = WSPersonTableViewCell.h; sourceTree = "<group>"; };
		EAA6FF9314C71C7400006BCB /* WSPersonTableViewCell.m */ = {isa = PBXFileReference; fileEncoding = 4; lastKnownFileType = sourcecode.c.objc; path = WSPersonTableViewCell.m; sourceTree = "<group>"; };
		EAA6FF9E14C7289A00006BCB /* WSItemGridCell.h */ = {isa = PBXFileReference; fileEncoding = 4; lastKnownFileType = sourcecode.c.h; path = WSItemGridCell.h; sourceTree = "<group>"; };
		EAA6FF9F14C7289A00006BCB /* WSItemGridCell.m */ = {isa = PBXFileReference; fileEncoding = 4; lastKnownFileType = sourcecode.c.objc; path = WSItemGridCell.m; sourceTree = "<group>"; };
		EACA8C1E14F7D50200A3975A /* WSCDPerson.h */ = {isa = PBXFileReference; fileEncoding = 4; lastKnownFileType = sourcecode.c.h; path = WSCDPerson.h; sourceTree = "<group>"; };
		EACA8C1F14F7D50200A3975A /* WSCDPerson.m */ = {isa = PBXFileReference; fileEncoding = 4; lastKnownFileType = sourcecode.c.objc; path = WSCDPerson.m; sourceTree = "<group>"; };
		EACA8C2114F7D50200A3975A /* WSCDItem.h */ = {isa = PBXFileReference; fileEncoding = 4; lastKnownFileType = sourcecode.c.h; path = WSCDItem.h; sourceTree = "<group>"; };
		EACA8C2214F7D50200A3975A /* WSCDItem.m */ = {isa = PBXFileReference; fileEncoding = 4; lastKnownFileType = sourcecode.c.objc; path = WSCDItem.m; sourceTree = "<group>"; };
		EACA8C2414F7D50200A3975A /* WSCDDeviceDefinition.h */ = {isa = PBXFileReference; fileEncoding = 4; lastKnownFileType = sourcecode.c.h; path = WSCDDeviceDefinition.h; sourceTree = "<group>"; };
		EACA8C2514F7D50200A3975A /* WSCDDeviceDefinition.m */ = {isa = PBXFileReference; fileEncoding = 4; lastKnownFileType = sourcecode.c.objc; path = WSCDDeviceDefinition.m; sourceTree = "<group>"; };
		EAF0F97214BC7B8C00544416 /* wsabi2.app */ = {isa = PBXFileReference; explicitFileType = wrapper.application; includeInIndex = 0; path = wsabi2.app; sourceTree = BUILT_PRODUCTS_DIR; };
		EAF0F97614BC7B8C00544416 /* UIKit.framework */ = {isa = PBXFileReference; lastKnownFileType = wrapper.framework; name = UIKit.framework; path = System/Library/Frameworks/UIKit.framework; sourceTree = SDKROOT; };
		EAF0F97814BC7B8C00544416 /* Foundation.framework */ = {isa = PBXFileReference; lastKnownFileType = wrapper.framework; name = Foundation.framework; path = System/Library/Frameworks/Foundation.framework; sourceTree = SDKROOT; };
		EAF0F97A14BC7B8C00544416 /* CoreGraphics.framework */ = {isa = PBXFileReference; lastKnownFileType = wrapper.framework; name = CoreGraphics.framework; path = System/Library/Frameworks/CoreGraphics.framework; sourceTree = SDKROOT; };
		EAF0F97E14BC7B8C00544416 /* wsabi2-Info.plist */ = {isa = PBXFileReference; lastKnownFileType = text.plist.xml; path = "wsabi2-Info.plist"; sourceTree = "<group>"; };
		EAF0F98014BC7B8C00544416 /* en */ = {isa = PBXFileReference; lastKnownFileType = text.plist.strings; name = en; path = en.lproj/InfoPlist.strings; sourceTree = "<group>"; };
		EAF0F98214BC7B8C00544416 /* main.m */ = {isa = PBXFileReference; lastKnownFileType = sourcecode.c.objc; path = main.m; sourceTree = "<group>"; };
		EAF0F98414BC7B8C00544416 /* wsabi2-Prefix.pch */ = {isa = PBXFileReference; lastKnownFileType = sourcecode.c.h; path = "wsabi2-Prefix.pch"; sourceTree = "<group>"; };
		EAF0F98514BC7B8C00544416 /* WSAppDelegate.h */ = {isa = PBXFileReference; lastKnownFileType = sourcecode.c.h; path = WSAppDelegate.h; sourceTree = "<group>"; };
		EAF0F98614BC7B8C00544416 /* WSAppDelegate.m */ = {isa = PBXFileReference; lastKnownFileType = sourcecode.c.objc; path = WSAppDelegate.m; sourceTree = "<group>"; };
		EAF0F98814BC7B8C00544416 /* WSViewController.h */ = {isa = PBXFileReference; lastKnownFileType = sourcecode.c.h; path = WSViewController.h; sourceTree = "<group>"; };
		EAF0F98914BC7B8C00544416 /* WSViewController.m */ = {isa = PBXFileReference; lastKnownFileType = sourcecode.c.objc; path = WSViewController.m; sourceTree = "<group>"; };
		EAF0F98C14BC7B8C00544416 /* en */ = {isa = PBXFileReference; lastKnownFileType = file.xib; name = en; path = en.lproj/WSViewController.xib; sourceTree = "<group>"; };
		EAF0F99314BC7B8C00544416 /* wsabi2Tests.octest */ = {isa = PBXFileReference; explicitFileType = wrapper.cfbundle; includeInIndex = 0; path = wsabi2Tests.octest; sourceTree = BUILT_PRODUCTS_DIR; };
		EAF0F99414BC7B8C00544416 /* SenTestingKit.framework */ = {isa = PBXFileReference; lastKnownFileType = wrapper.framework; name = SenTestingKit.framework; path = Library/Frameworks/SenTestingKit.framework; sourceTree = DEVELOPER_DIR; };
		EAF0F99C14BC7B8C00544416 /* wsabi2Tests-Info.plist */ = {isa = PBXFileReference; lastKnownFileType = text.plist.xml; path = "wsabi2Tests-Info.plist"; sourceTree = "<group>"; };
		EAF0F99E14BC7B8C00544416 /* en */ = {isa = PBXFileReference; lastKnownFileType = text.plist.strings; name = en; path = en.lproj/InfoPlist.strings; sourceTree = "<group>"; };
		EAF0F9A014BC7B8C00544416 /* wsabi2Tests.h */ = {isa = PBXFileReference; lastKnownFileType = sourcecode.c.h; path = wsabi2Tests.h; sourceTree = "<group>"; };
		EAF0F9A114BC7B8C00544416 /* wsabi2Tests.m */ = {isa = PBXFileReference; lastKnownFileType = sourcecode.c.objc; path = wsabi2Tests.m; sourceTree = "<group>"; };
		EAF0F9FF14BC812900544416 /* CoreData.framework */ = {isa = PBXFileReference; lastKnownFileType = wrapper.framework; name = CoreData.framework; path = System/Library/Frameworks/CoreData.framework; sourceTree = SDKROOT; };
		EAFB96D814CDE7E00088F1E8 /* Delete.png */ = {isa = PBXFileReference; lastKnownFileType = image.png; path = Delete.png; sourceTree = "<group>"; };
/* End PBXFileReference section */

/* Begin PBXFrameworksBuildPhase section */
		EAF0F96F14BC7B8C00544416 /* Frameworks */ = {
			isa = PBXFrameworksBuildPhase;
			buildActionMask = 2147483647;
			files = (
				EA2D1D7D14FC20C9007CB41F /* AssetsLibrary.framework in Frameworks */,
				EA2D1D7B14FC20BC007CB41F /* AVFoundation.framework in Frameworks */,
				EA2D1D5A14FBF970007CB41F /* libz.dylib in Frameworks */,
				EA2D1D5814FBF954007CB41F /* MobileCoreServices.framework in Frameworks */,
				EA2D1D5614FBF948007CB41F /* SystemConfiguration.framework in Frameworks */,
				EA2D1D5414FBF93F007CB41F /* CFNetwork.framework in Frameworks */,
				EA277AA614DC3807002484CF /* CoreLocation.framework in Frameworks */,
				EA277AA414DC37FE002484CF /* MapKit.framework in Frameworks */,
				EA8A046714C752B000199FF8 /* QuartzCore.framework in Frameworks */,
				EAF0FA0014BC812900544416 /* CoreData.framework in Frameworks */,
				EAF0F97714BC7B8C00544416 /* UIKit.framework in Frameworks */,
				EAF0F97914BC7B8C00544416 /* Foundation.framework in Frameworks */,
				EAF0F97B14BC7B8C00544416 /* CoreGraphics.framework in Frameworks */,
			);
			runOnlyForDeploymentPostprocessing = 0;
		};
		EAF0F98F14BC7B8C00544416 /* Frameworks */ = {
			isa = PBXFrameworksBuildPhase;
			buildActionMask = 2147483647;
			files = (
				EAF0F99514BC7B8C00544416 /* SenTestingKit.framework in Frameworks */,
				EAF0F99614BC7B8C00544416 /* UIKit.framework in Frameworks */,
				EAF0F99714BC7B8C00544416 /* Foundation.framework in Frameworks */,
			);
			runOnlyForDeploymentPostprocessing = 0;
		};
/* End PBXFrameworksBuildPhase section */

/* Begin PBXGroup section */
		EA26F6FF14D9720600BC54F5 /* ELCTextFieldCell */ = {
			isa = PBXGroup;
			children = (
				EA26F70714D972A200BC54F5 /* README */,
				EA26F70114D9728000BC54F5 /* ELCTextfieldCell.h */,
				EA26F70214D9728000BC54F5 /* ELCTextfieldCell.m */,
			);
			name = ELCTextFieldCell;
			sourceTree = "<group>";
		};
		EA2779C014DACD32002484CF /* ActionSheetPicker */ = {
			isa = PBXGroup;
			children = (
				EA2779D214DACD5B002484CF /* README.md */,
				EA2779D114DACD50002484CF /* ActionSheetPicker.h */,
				EA2779C214DACD44002484CF /* AbstractActionSheetPicker.h */,
				EA2779C314DACD44002484CF /* AbstractActionSheetPicker.m */,
				EA2779C414DACD44002484CF /* ActionSheetDatePicker.h */,
				EA2779C514DACD44002484CF /* ActionSheetDatePicker.m */,
				EA2779C614DACD44002484CF /* ActionSheetDistancePicker.h */,
				EA2779C714DACD44002484CF /* ActionSheetDistancePicker.m */,
				EA2779C814DACD44002484CF /* ActionSheetStringPicker.h */,
				EA2779C914DACD44002484CF /* ActionSheetStringPicker.m */,
				EA2779CA14DACD44002484CF /* DistancePickerView.h */,
				EA2779CB14DACD44002484CF /* DistancePickerView.m */,
			);
			name = ActionSheetPicker;
			sourceTree = "<group>";
		};
		EA277AB914DC5C72002484CF /* Device Config Process */ = {
			isa = PBXGroup;
			children = (
				EA277AD214E2B09E002484CF /* WSDeviceConfigDelegate.h */,
				EA277AAC14DC3EE5002484CF /* WSModalityChooserController.h */,
				EA277AAD14DC3EE5002484CF /* WSModalityChooserController.m */,
				EA277AAE14DC3EE5002484CF /* WSModalityChooserController.xib */,
				EA277AB414DC5787002484CF /* WSSubmodalityChooserController.h */,
				EA277AB514DC5787002484CF /* WSSubmodalityChooserController.m */,
				EA277AB614DC5787002484CF /* WSSubmodalityChooserController.xib */,
				EA277ABA14DC5CD1002484CF /* WSDeviceChooserController.h */,
				EA277ABB14DC5CD1002484CF /* WSDeviceChooserController.m */,
				EA277ABC14DC5CD1002484CF /* WSDeviceChooserController.xib */,
				EA277B0F14EBDFB8002484CF /* WSDeviceSetupController.h */,
				EA277B1014EBDFB9002484CF /* WSDeviceSetupController.m */,
				EA277B1114EBDFB9002484CF /* WSDeviceSetupController.xib */,
			);
			name = "Device Config Process";
			sourceTree = "<group>";
		};
		EA277B0114EABF2E002484CF /* from iOS SDK */ = {
			isa = PBXGroup;
			children = (
				EA277B0214EABF48002484CF /* PurchaseButtonBlue.png */,
				EA277B0314EABF48002484CF /* PurchaseButtonBluePressed.png */,
			);
			name = "from iOS SDK";
			sourceTree = "<group>";
		};
		EA2A89601504F32C0056E02C /* Lumberjack */ = {
			isa = PBXGroup;
			children = (
				EA2A89611504F32C0056E02C /* DDAbstractDatabaseLogger.h */,
				EA2A89621504F32C0056E02C /* DDAbstractDatabaseLogger.m */,
				EA2A89631504F32C0056E02C /* DDASLLogger.h */,
				EA2A89641504F32C0056E02C /* DDASLLogger.m */,
				EA2A89651504F32C0056E02C /* DDFileLogger.h */,
				EA2A89661504F32C0056E02C /* DDFileLogger.m */,
				EA2A89671504F32C0056E02C /* DDLog.h */,
				EA2A89681504F32C0056E02C /* DDLog.m */,
				EA2A89691504F32C0056E02C /* DDTTYLogger.h */,
				EA2A896A1504F32C0056E02C /* DDTTYLogger.m */,
				EA2A896B1504F32C0056E02C /* Extensions */,
			);
			path = Lumberjack;
			sourceTree = "<group>";
		};
		EA2A896B1504F32C0056E02C /* Extensions */ = {
			isa = PBXGroup;
			children = (
				EA2A896C1504F32C0056E02C /* ContextFilterLogFormatter.h */,
				EA2A896D1504F32C0056E02C /* ContextFilterLogFormatter.m */,
				EA2A896E1504F32C0056E02C /* DispatchQueueLogFormatter.h */,
				EA2A896F1504F32C0056E02C /* DispatchQueueLogFormatter.m */,
				EA2A89701504F32C0056E02C /* README.txt */,
			);
			path = Extensions;
			sourceTree = "<group>";
		};
		EA2D1D2914FBD4CD007CB41F /* asi-http-request (no ARC yet) */ = {
			isa = PBXGroup;
			children = (
				EA2D1D2B14FBD526007CB41F /* ASIAuthenticationDialog.h */,
				EA2D1D2C14FBD526007CB41F /* ASIAuthenticationDialog.m */,
				EA2D1D2D14FBD526007CB41F /* ASICacheDelegate.h */,
				EA2D1D2E14FBD526007CB41F /* ASIDataCompressor.h */,
				EA2D1D2F14FBD526007CB41F /* ASIDataCompressor.m */,
				EA2D1D3014FBD526007CB41F /* ASIDataDecompressor.h */,
				EA2D1D3114FBD526007CB41F /* ASIDataDecompressor.m */,
				EA2D1D3214FBD526007CB41F /* ASIDownloadCache.h */,
				EA2D1D3314FBD526007CB41F /* ASIDownloadCache.m */,
				EA2D1D3414FBD526007CB41F /* ASIFormDataRequest.h */,
				EA2D1D3514FBD526007CB41F /* ASIFormDataRequest.m */,
				EA2D1D3614FBD526007CB41F /* ASIHTTPRequest.h */,
				EA2D1D3714FBD526007CB41F /* ASIHTTPRequest.m */,
				EA2D1D3814FBD526007CB41F /* ASIHTTPRequestConfig.h */,
				EA2D1D3914FBD526007CB41F /* ASIHTTPRequestDelegate.h */,
				EA2D1D3A14FBD526007CB41F /* ASIInputStream.h */,
				EA2D1D3B14FBD526007CB41F /* ASIInputStream.m */,
				EA2D1D3C14FBD526007CB41F /* ASINetworkQueue.h */,
				EA2D1D3D14FBD526007CB41F /* ASINetworkQueue.m */,
				EA2D1D3E14FBD526007CB41F /* ASIProgressDelegate.h */,
				EA2D1D4F14FBDE58007CB41F /* Reachability.h */,
				EA2D1D5014FBDE58007CB41F /* Reachability.m */,
			);
			name = "asi-http-request (no ARC yet)";
			sourceTree = "<group>";
		};
		EA2D1D5B14FC17D4007CB41F /* Network communication */ = {
			isa = PBXGroup;
			children = (
				EA2D1D5C14FC18E1007CB41F /* Base64Coder.h */,
				EA2D1D5D14FC18E1007CB41F /* Base64Coder.m */,
				EA2D1D5E14FC18E1007CB41F /* NBCLSensorLinkConstants.h */,
				EA2D1D5F14FC18E1007CB41F /* NBCLSensorLink.h */,
				EA2D1D6014FC18E1007CB41F /* NBCLSensorLink.m */,
				EA2D1D6114FC18E1007CB41F /* NBCLInternalCameraSensorLink.h */,
				EA2D1D6214FC18E1007CB41F /* NBCLInternalCameraSensorLink.m */,
				EA2D1D7114FC1E24007CB41F /* AVCam Demo */,
				EA2D1D6914FC190C007CB41F /* WSBDResult.h */,
				EA2D1D6A14FC190C007CB41F /* WSBDResult.m */,
				EA2A895B1501563C0056E02C /* WSBDParameter.h */,
				EA2A895C1501563C0056E02C /* WSBDParameter.m */,
			);
			name = "Network communication";
			sourceTree = "<group>";
		};
		EA2D1D7114FC1E24007CB41F /* AVCam Demo */ = {
			isa = PBXGroup;
			children = (
				EA2D1D6D14FC1E1F007CB41F /* AVCamDemoCaptureManager.h */,
				EA2D1D6E14FC1E1F007CB41F /* AVCamDemoCaptureManager.m */,
			);
			name = "AVCam Demo";
			sourceTree = "<group>";
		};
		EA2D1D8414FD1F8D007CB41F /* Symbolicons */ = {
			isa = PBXGroup;
			children = (
				EA2A78E414FEB63800EE9339 /* stop-sign.png */,
				EA2A78E514FEB63800EE9339 /* stop-sign@2x.png */,
				EA2A78E014FEB47800EE9339 /* warning-alert.png */,
				EA2A78E114FEB47800EE9339 /* warning-alert@2x.png */,
			);
			name = Symbolicons;
			sourceTree = "<group>";
		};
		EA8A046814C7583A00199FF8 /* Images */ = {
			isa = PBXGroup;
			children = (
				EA2D1D8414FD1F8D007CB41F /* Symbolicons */,
				EA277B0D14EADA59002484CF /* Blank.png */,
				EA277AD014E1ACFD002484CF /* BreadcrumbButton.png */,
				EA277AC414DC72C9002484CF /* checkmark-green.png */,
				EA2D1D8114FD1E30007CB41F /* gesture-single-tap.png */,
				EA8A050F14C877FE00199FF8 /* glossyButton-black-disabled.png */,
				EA8A051014C877FE00199FF8 /* glossyButton-black-highlighted.png */,
				EA8A051114C877FE00199FF8 /* glossyButton-black-normal.png */,
				EA3406BA14ED8AC900C6E004 /* InsetGrayBackground.png */,
				EA8A047314C861F600199FF8 /* personcell-bg-selected.png */,
				EA8A046B14C7599A00199FF8 /* plus-button.png */,
				EAFB96D814CDE7E00088F1E8 /* Delete.png */,
				EA277ACE14E187FA002484CF /* DeleteRed.png */,
				EA277B0114EABF2E002484CF /* from iOS SDK */,
			);
			name = Images;
			sourceTree = "<group>";
		};
		EA8A051514C8936900199FF8 /* Categories */ = {
			isa = PBXGroup;
			children = (
				EA8A051614C8938A00199FF8 /* NSManagedObject+DeepCopy.h */,
				EA8A051714C8938A00199FF8 /* NSManagedObject+DeepCopy.m */,
				EA277AC614DC7B8E002484CF /* UIView+FirstResponder.h */,
				EA277AC714DC7B8E002484CF /* UIView+FirstResponder.m */,
				EA2D1D7214FC1FB5007CB41F /* UIView+LumberjackLogging.h */,
				EA2D1D7314FC1FB5007CB41F /* UIView+LumberjackLogging.m */,
				EA2D1D7414FC1FB5007CB41F /* UIImage+NBCLExtras.h */,
				EA2D1D7514FC1FB5007CB41F /* UIImage+NBCLExtras.m */,
			);
			name = Categories;
			sourceTree = "<group>";
		};
		EA8E447014BC9C05007D9B43 /* Table View Cells */ = {
			isa = PBXGroup;
			children = (
				EAA6FF9214C71C7400006BCB /* WSPersonTableViewCell.h */,
				EAA6FF9314C71C7400006BCB /* WSPersonTableViewCell.m */,
				EAA6FF9014C71C5C00006BCB /* WSPersonTableViewCell.xib */,
				EAA6FF9E14C7289A00006BCB /* WSItemGridCell.h */,
				EAA6FF9F14C7289A00006BCB /* WSItemGridCell.m */,
			);
			name = "Table View Cells";
			sourceTree = "<group>";
		};
		EA8E447214BC9C18007D9B43 /* Data Model */ = {
			isa = PBXGroup;
			children = (
				EA8E447C14BC9E6B007D9B43 /* wsabi2.xcdatamodeld */,
				EACA8C2414F7D50200A3975A /* WSCDDeviceDefinition.h */,
				EACA8C2514F7D50200A3975A /* WSCDDeviceDefinition.m */,
				EACA8C2114F7D50200A3975A /* WSCDItem.h */,
				EACA8C2214F7D50200A3975A /* WSCDItem.m */,
				EACA8C1E14F7D50200A3975A /* WSCDPerson.h */,
				EACA8C1F14F7D50200A3975A /* WSCDPerson.m */,
			);
			name = "Data Model";
			sourceTree = "<group>";
		};
		EA8F482614D1A1BE00503E9C /* GMGridView */ = {
			isa = PBXGroup;
			children = (
				EA8F483814D1A1D500503E9C /* close_x.png */,
				EA8F482714D1A1BE00503E9C /* GMGridView-Constants.h */,
				EA8F482814D1A1BE00503E9C /* GMGridView.h */,
				EA8F482914D1A1BE00503E9C /* GMGridView.m */,
				EA8F482A14D1A1BE00503E9C /* GMGridViewCell+Extended.h */,
				EA8F482B14D1A1BE00503E9C /* GMGridViewCell.h */,
				EA8F482C14D1A1BE00503E9C /* GMGridViewCell.m */,
				EA8F482D14D1A1BE00503E9C /* GMGridViewLayoutStrategies.h */,
				EA8F482E14D1A1BE00503E9C /* GMGridViewLayoutStrategies.m */,
				EA8F482F14D1A1BE00503E9C /* UIGestureRecognizer+GMGridViewAdditions.h */,
				EA8F483014D1A1BE00503E9C /* UIGestureRecognizer+GMGridViewAdditions.m */,
				EA8F483114D1A1BE00503E9C /* UIView+GMGridViewAdditions.h */,
				EA8F483214D1A1BE00503E9C /* UIView+GMGridViewAdditions.m */,
			);
			name = GMGridView;
			path = API;
			sourceTree = "<group>";
		};
		EAA6FF7314C7137D00006BCB /* Dependencies */ = {
			isa = PBXGroup;
			children = (
				EA2D1D2914FBD4CD007CB41F /* asi-http-request (no ARC yet) */,
				EA2779C014DACD32002484CF /* ActionSheetPicker */,
				EA26F6FF14D9720600BC54F5 /* ELCTextFieldCell */,
				EA8F482614D1A1BE00503E9C /* GMGridView */,
				EA2A89601504F32C0056E02C /* Lumberjack */,
			);
			name = Dependencies;
			sourceTree = "<group>";
		};
		EAF0F96714BC7B8C00544416 = {
			isa = PBXGroup;
			children = (
				EA2D1D7C14FC20C8007CB41F /* AssetsLibrary.framework */,
				EA2D1D7A14FC20BC007CB41F /* AVFoundation.framework */,
				EAF0F97C14BC7B8C00544416 /* wsabi2 */,
				EAF0F99A14BC7B8C00544416 /* wsabi2Tests */,
				EAF0F97514BC7B8C00544416 /* Frameworks */,
				EAF0F97314BC7B8C00544416 /* Products */,
			);
			sourceTree = "<group>";
		};
		EAF0F97314BC7B8C00544416 /* Products */ = {
			isa = PBXGroup;
			children = (
				EAF0F97214BC7B8C00544416 /* wsabi2.app */,
				EAF0F99314BC7B8C00544416 /* wsabi2Tests.octest */,
			);
			name = Products;
			sourceTree = "<group>";
		};
		EAF0F97514BC7B8C00544416 /* Frameworks */ = {
			isa = PBXGroup;
			children = (
				EA2D1D5914FBF970007CB41F /* libz.dylib */,
				EA2D1D5714FBF954007CB41F /* MobileCoreServices.framework */,
				EA2D1D5514FBF948007CB41F /* SystemConfiguration.framework */,
				EA2D1D5314FBF93F007CB41F /* CFNetwork.framework */,
				EA277AA514DC3807002484CF /* CoreLocation.framework */,
				EA277AA314DC37FE002484CF /* MapKit.framework */,
				EA8A046614C752B000199FF8 /* QuartzCore.framework */,
				EAF0F9FF14BC812900544416 /* CoreData.framework */,
				EAF0F97614BC7B8C00544416 /* UIKit.framework */,
				EAF0F97814BC7B8C00544416 /* Foundation.framework */,
				EAF0F97A14BC7B8C00544416 /* CoreGraphics.framework */,
				EAF0F99414BC7B8C00544416 /* SenTestingKit.framework */,
			);
			name = Frameworks;
			sourceTree = "<group>";
		};
		EAF0F97C14BC7B8C00544416 /* wsabi2 */ = {
			isa = PBXGroup;
			children = (
				EA2D1D8B14FD4F05007CB41F /* Connectivity design.md */,
				EA8A051514C8936900199FF8 /* Categories */,
				EA8A046814C7583A00199FF8 /* Images */,
				EA202D7314C74F6600776BF3 /* constants.h */,
				EAA6FF7314C7137D00006BCB /* Dependencies */,
				EA8E447214BC9C18007D9B43 /* Data Model */,
				EA2D1D5B14FC17D4007CB41F /* Network communication */,
				EA277AC914DC7E08002484CF /* ELCTextfieldCellWide.h */,
				EA277ACA14DC7E09002484CF /* ELCTextfieldCellWide.m */,
				EAF0F98514BC7B8C00544416 /* WSAppDelegate.h */,
				EAF0F98614BC7B8C00544416 /* WSAppDelegate.m */,
				EA2D105214D7344300C23365 /* WSBiographicalDataController.h */,
				EA2D105314D7344300C23365 /* WSBiographicalDataController.m */,
				EA2D105414D7344300C23365 /* WSBiographicalDataController.xib */,
				EA2D1D9614FE6224007CB41F /* WSCaptureButton.h */,
				EA2D1D9714FE6224007CB41F /* WSCaptureButton.m */,
				EA9FDF0014D337BC00C16BA8 /* WSCaptureController.h */,
				EA9FDF0114D337BC00C16BA8 /* WSCaptureController.m */,
				EA9FDF0214D337BC00C16BA8 /* WSCaptureController.xib */,
				EA277AB914DC5C72002484CF /* Device Config Process */,
				EA277AB114DC4092002484CF /* WSModalityMap.h */,
				EA277AB214DC4092002484CF /* WSModalityMap.m */,
				EAF0F98814BC7B8C00544416 /* WSViewController.h */,
				EAF0F98914BC7B8C00544416 /* WSViewController.m */,
				EAF0F98B14BC7B8C00544416 /* WSViewController.xib */,
				EA8E447014BC9C05007D9B43 /* Table View Cells */,
				EAF0F97D14BC7B8C00544416 /* Supporting Files */,
			);
			path = wsabi2;
			sourceTree = "<group>";
		};
		EAF0F97D14BC7B8C00544416 /* Supporting Files */ = {
			isa = PBXGroup;
			children = (
				EAF0F97E14BC7B8C00544416 /* wsabi2-Info.plist */,
				EAF0F97F14BC7B8C00544416 /* InfoPlist.strings */,
				EAF0F98214BC7B8C00544416 /* main.m */,
				EAF0F98414BC7B8C00544416 /* wsabi2-Prefix.pch */,
			);
			name = "Supporting Files";
			sourceTree = "<group>";
		};
		EAF0F99A14BC7B8C00544416 /* wsabi2Tests */ = {
			isa = PBXGroup;
			children = (
				EAF0F9A014BC7B8C00544416 /* wsabi2Tests.h */,
				EAF0F9A114BC7B8C00544416 /* wsabi2Tests.m */,
				EAF0F99B14BC7B8C00544416 /* Supporting Files */,
			);
			path = wsabi2Tests;
			sourceTree = "<group>";
		};
		EAF0F99B14BC7B8C00544416 /* Supporting Files */ = {
			isa = PBXGroup;
			children = (
				EAF0F99C14BC7B8C00544416 /* wsabi2Tests-Info.plist */,
				EAF0F99D14BC7B8C00544416 /* InfoPlist.strings */,
			);
			name = "Supporting Files";
			sourceTree = "<group>";
		};
/* End PBXGroup section */

/* Begin PBXNativeTarget section */
		EAF0F97114BC7B8C00544416 /* wsabi2 */ = {
			isa = PBXNativeTarget;
			buildConfigurationList = EAF0F9A514BC7B8C00544416 /* Build configuration list for PBXNativeTarget "wsabi2" */;
			buildPhases = (
				EAF0F96E14BC7B8C00544416 /* Sources */,
				EAF0F96F14BC7B8C00544416 /* Frameworks */,
				EAF0F97014BC7B8C00544416 /* Resources */,
			);
			buildRules = (
			);
			dependencies = (
			);
			name = wsabi2;
			productName = wsabi2;
			productReference = EAF0F97214BC7B8C00544416 /* wsabi2.app */;
			productType = "com.apple.product-type.application";
		};
		EAF0F99214BC7B8C00544416 /* wsabi2Tests */ = {
			isa = PBXNativeTarget;
			buildConfigurationList = EAF0F9A814BC7B8C00544416 /* Build configuration list for PBXNativeTarget "wsabi2Tests" */;
			buildPhases = (
				EAF0F98E14BC7B8C00544416 /* Sources */,
				EAF0F98F14BC7B8C00544416 /* Frameworks */,
				EAF0F99014BC7B8C00544416 /* Resources */,
				EAF0F99114BC7B8C00544416 /* ShellScript */,
			);
			buildRules = (
			);
			dependencies = (
				EAF0F99914BC7B8C00544416 /* PBXTargetDependency */,
			);
			name = wsabi2Tests;
			productName = wsabi2Tests;
			productReference = EAF0F99314BC7B8C00544416 /* wsabi2Tests.octest */;
			productType = "com.apple.product-type.bundle";
		};
/* End PBXNativeTarget section */

/* Begin PBXProject section */
		EAF0F96914BC7B8C00544416 /* Project object */ = {
			isa = PBXProject;
			attributes = {
				LastUpgradeCheck = 0420;
			};
			buildConfigurationList = EAF0F96C14BC7B8C00544416 /* Build configuration list for PBXProject "wsabi2" */;
			compatibilityVersion = "Xcode 3.2";
			developmentRegion = English;
			hasScannedForEncodings = 0;
			knownRegions = (
				en,
			);
			mainGroup = EAF0F96714BC7B8C00544416;
			productRefGroup = EAF0F97314BC7B8C00544416 /* Products */;
			projectDirPath = "";
			projectRoot = "";
			targets = (
				EAF0F97114BC7B8C00544416 /* wsabi2 */,
				EAF0F99214BC7B8C00544416 /* wsabi2Tests */,
			);
		};
/* End PBXProject section */

/* Begin PBXResourcesBuildPhase section */
		EAF0F97014BC7B8C00544416 /* Resources */ = {
			isa = PBXResourcesBuildPhase;
			buildActionMask = 2147483647;
			files = (
				EAF0F98114BC7B8C00544416 /* InfoPlist.strings in Resources */,
				EAF0F98D14BC7B8C00544416 /* WSViewController.xib in Resources */,
				EAA6FF9114C71C5C00006BCB /* WSPersonTableViewCell.xib in Resources */,
				EA8A046C14C7599A00199FF8 /* plus-button.png in Resources */,
				EA8A047414C861F600199FF8 /* personcell-bg-selected.png in Resources */,
				EA8A051214C877FE00199FF8 /* glossyButton-black-disabled.png in Resources */,
				EA8A051314C877FE00199FF8 /* glossyButton-black-highlighted.png in Resources */,
				EA8A051414C877FE00199FF8 /* glossyButton-black-normal.png in Resources */,
				EAFB96D914CDE7E00088F1E8 /* Delete.png in Resources */,
				EA8F483914D1A1D500503E9C /* close_x.png in Resources */,
				EA9FDF0414D337BC00C16BA8 /* WSCaptureController.xib in Resources */,
				EA2D105614D7344300C23365 /* WSBiographicalDataController.xib in Resources */,
				EA26F70814D972A200BC54F5 /* README in Resources */,
				EA2779D314DACD5B002484CF /* README.md in Resources */,
				EA277AB014DC3EE5002484CF /* WSModalityChooserController.xib in Resources */,
				EA277AB814DC5787002484CF /* WSSubmodalityChooserController.xib in Resources */,
				EA277ABE14DC5CD1002484CF /* WSDeviceChooserController.xib in Resources */,
				EA277AC514DC72C9002484CF /* checkmark-green.png in Resources */,
				EA277ACF14E187FA002484CF /* DeleteRed.png in Resources */,
				EA277AD114E1ACFD002484CF /* BreadcrumbButton.png in Resources */,
				EA277B0414EABF48002484CF /* PurchaseButtonBlue.png in Resources */,
				EA277B0514EABF48002484CF /* PurchaseButtonBluePressed.png in Resources */,
				EA277B0E14EADA59002484CF /* Blank.png in Resources */,
				EA277B1314EBDFBA002484CF /* WSDeviceSetupController.xib in Resources */,
				EA3406BB14ED8AC900C6E004 /* InsetGrayBackground.png in Resources */,
				EA2D1D8214FD1E30007CB41F /* gesture-single-tap.png in Resources */,
				EA2D1D8C14FD4F06007CB41F /* Connectivity design.md in Resources */,
				EA2A78E214FEB47800EE9339 /* warning-alert.png in Resources */,
				EA2A78E314FEB47800EE9339 /* warning-alert@2x.png in Resources */,
				EA2A78E614FEB63800EE9339 /* stop-sign.png in Resources */,
				EA2A78E714FEB63800EE9339 /* stop-sign@2x.png in Resources */,
				EA2A897F1504F32C0056E02C /* README.txt in Resources */,
			);
			runOnlyForDeploymentPostprocessing = 0;
		};
		EAF0F99014BC7B8C00544416 /* Resources */ = {
			isa = PBXResourcesBuildPhase;
			buildActionMask = 2147483647;
			files = (
				EAF0F99F14BC7B8C00544416 /* InfoPlist.strings in Resources */,
				EA2D1D8314FD1E30007CB41F /* gesture-single-tap.png in Resources */,
				EA2D1D8D14FD4F06007CB41F /* Connectivity design.md in Resources */,
				EA2A89801504F32C0056E02C /* README.txt in Resources */,
			);
			runOnlyForDeploymentPostprocessing = 0;
		};
/* End PBXResourcesBuildPhase section */

/* Begin PBXShellScriptBuildPhase section */
		EAF0F99114BC7B8C00544416 /* ShellScript */ = {
			isa = PBXShellScriptBuildPhase;
			buildActionMask = 2147483647;
			files = (
			);
			inputPaths = (
			);
			outputPaths = (
			);
			runOnlyForDeploymentPostprocessing = 0;
			shellPath = /bin/sh;
			shellScript = "# Run the unit tests in this test bundle.\n\"${SYSTEM_DEVELOPER_DIR}/Tools/RunUnitTests\"\n";
		};
/* End PBXShellScriptBuildPhase section */

/* Begin PBXSourcesBuildPhase section */
		EAF0F96E14BC7B8C00544416 /* Sources */ = {
			isa = PBXSourcesBuildPhase;
			buildActionMask = 2147483647;
			files = (
				EAF0F98314BC7B8C00544416 /* main.m in Sources */,
				EAF0F98714BC7B8C00544416 /* WSAppDelegate.m in Sources */,
				EAF0F98A14BC7B8C00544416 /* WSViewController.m in Sources */,
				EA8E447E14BC9E6B007D9B43 /* wsabi2.xcdatamodeld in Sources */,
				EAA6FF9414C71C7400006BCB /* WSPersonTableViewCell.m in Sources */,
				EAA6FFA014C7289A00006BCB /* WSItemGridCell.m in Sources */,
				EA8A051814C8938A00199FF8 /* NSManagedObject+DeepCopy.m in Sources */,
				EA8F483314D1A1BE00503E9C /* GMGridView.m in Sources */,
				EA8F483414D1A1BE00503E9C /* GMGridViewCell.m in Sources */,
				EA8F483514D1A1BE00503E9C /* GMGridViewLayoutStrategies.m in Sources */,
				EA8F483614D1A1BE00503E9C /* UIGestureRecognizer+GMGridViewAdditions.m in Sources */,
				EA8F483714D1A1BE00503E9C /* UIView+GMGridViewAdditions.m in Sources */,
				EA9FDF0314D337BC00C16BA8 /* WSCaptureController.m in Sources */,
				EA2D105514D7344300C23365 /* WSBiographicalDataController.m in Sources */,
				EA26F70514D9728000BC54F5 /* ELCTextfieldCell.m in Sources */,
				EA2779CC14DACD44002484CF /* AbstractActionSheetPicker.m in Sources */,
				EA2779CD14DACD44002484CF /* ActionSheetDatePicker.m in Sources */,
				EA2779CE14DACD44002484CF /* ActionSheetDistancePicker.m in Sources */,
				EA2779CF14DACD44002484CF /* ActionSheetStringPicker.m in Sources */,
				EA2779D014DACD44002484CF /* DistancePickerView.m in Sources */,
				EA277AAF14DC3EE5002484CF /* WSModalityChooserController.m in Sources */,
				EA277AB314DC4092002484CF /* WSModalityMap.m in Sources */,
				EA277AB714DC5787002484CF /* WSSubmodalityChooserController.m in Sources */,
				EA277ABD14DC5CD1002484CF /* WSDeviceChooserController.m in Sources */,
				EA277AC814DC7B8E002484CF /* UIView+FirstResponder.m in Sources */,
				EA277ACB14DC7E09002484CF /* ELCTextfieldCellWide.m in Sources */,
				EA277B1214EBDFBA002484CF /* WSDeviceSetupController.m in Sources */,
				EACA8C2014F7D50200A3975A /* WSCDPerson.m in Sources */,
				EACA8C2314F7D50200A3975A /* WSCDItem.m in Sources */,
				EACA8C2614F7D50200A3975A /* WSCDDeviceDefinition.m in Sources */,
				EA2D1D3F14FBD526007CB41F /* ASIAuthenticationDialog.m in Sources */,
				EA2D1D4114FBD526007CB41F /* ASIDataCompressor.m in Sources */,
				EA2D1D4314FBD526007CB41F /* ASIDataDecompressor.m in Sources */,
				EA2D1D4514FBD526007CB41F /* ASIDownloadCache.m in Sources */,
				EA2D1D4714FBD526007CB41F /* ASIFormDataRequest.m in Sources */,
				EA2D1D4914FBD526007CB41F /* ASIHTTPRequest.m in Sources */,
				EA2D1D4B14FBD526007CB41F /* ASIInputStream.m in Sources */,
				EA2D1D4D14FBD526007CB41F /* ASINetworkQueue.m in Sources */,
				EA2D1D5114FBDE58007CB41F /* Reachability.m in Sources */,
				EA2D1D6314FC18E1007CB41F /* Base64Coder.m in Sources */,
				EA2D1D6514FC18E1007CB41F /* NBCLSensorLink.m in Sources */,
				EA2D1D6714FC18E1007CB41F /* NBCLInternalCameraSensorLink.m in Sources */,
				EA2D1D6B14FC190C007CB41F /* WSBDResult.m in Sources */,
				EA2D1D6F14FC1E20007CB41F /* AVCamDemoCaptureManager.m in Sources */,
				EA2D1D7614FC1FB5007CB41F /* UIView+LumberjackLogging.m in Sources */,
				EA2D1D7814FC1FB5007CB41F /* UIImage+NBCLExtras.m in Sources */,
				EA2D1D9814FE6225007CB41F /* WSCaptureButton.m in Sources */,
				EA2A895D1501563C0056E02C /* WSBDParameter.m in Sources */,
				EA2A89711504F32C0056E02C /* DDAbstractDatabaseLogger.m in Sources */,
				EA2A89731504F32C0056E02C /* DDASLLogger.m in Sources */,
				EA2A89751504F32C0056E02C /* DDFileLogger.m in Sources */,
				EA2A89771504F32C0056E02C /* DDLog.m in Sources */,
				EA2A89791504F32C0056E02C /* DDTTYLogger.m in Sources */,
				EA2A897B1504F32C0056E02C /* ContextFilterLogFormatter.m in Sources */,
				EA2A897D1504F32C0056E02C /* DispatchQueueLogFormatter.m in Sources */,
			);
			runOnlyForDeploymentPostprocessing = 0;
		};
		EAF0F98E14BC7B8C00544416 /* Sources */ = {
			isa = PBXSourcesBuildPhase;
			buildActionMask = 2147483647;
			files = (
				EAF0F9A214BC7B8C00544416 /* wsabi2Tests.m in Sources */,
				EA2D1D4014FBD526007CB41F /* ASIAuthenticationDialog.m in Sources */,
				EA2D1D4214FBD526007CB41F /* ASIDataCompressor.m in Sources */,
				EA2D1D4414FBD526007CB41F /* ASIDataDecompressor.m in Sources */,
				EA2D1D4614FBD526007CB41F /* ASIDownloadCache.m in Sources */,
				EA2D1D4814FBD526007CB41F /* ASIFormDataRequest.m in Sources */,
				EA2D1D4A14FBD526007CB41F /* ASIHTTPRequest.m in Sources */,
				EA2D1D4C14FBD526007CB41F /* ASIInputStream.m in Sources */,
				EA2D1D4E14FBD526007CB41F /* ASINetworkQueue.m in Sources */,
				EA2D1D5214FBDE58007CB41F /* Reachability.m in Sources */,
				EA2D1D6414FC18E1007CB41F /* Base64Coder.m in Sources */,
				EA2D1D6614FC18E1007CB41F /* NBCLSensorLink.m in Sources */,
				EA2D1D6814FC18E1007CB41F /* NBCLInternalCameraSensorLink.m in Sources */,
				EA2D1D6C14FC190C007CB41F /* WSBDResult.m in Sources */,
				EA2D1D7014FC1E20007CB41F /* AVCamDemoCaptureManager.m in Sources */,
				EA2D1D7714FC1FB5007CB41F /* UIView+LumberjackLogging.m in Sources */,
				EA2D1D7914FC1FB5007CB41F /* UIImage+NBCLExtras.m in Sources */,
				EA2D1D9914FE6225007CB41F /* WSCaptureButton.m in Sources */,
				EA2A895E1501563C0056E02C /* WSBDParameter.m in Sources */,
				EA2A89721504F32C0056E02C /* DDAbstractDatabaseLogger.m in Sources */,
				EA2A89741504F32C0056E02C /* DDASLLogger.m in Sources */,
				EA2A89761504F32C0056E02C /* DDFileLogger.m in Sources */,
				EA2A89781504F32C0056E02C /* DDLog.m in Sources */,
				EA2A897A1504F32C0056E02C /* DDTTYLogger.m in Sources */,
				EA2A897C1504F32C0056E02C /* ContextFilterLogFormatter.m in Sources */,
				EA2A897E1504F32C0056E02C /* DispatchQueueLogFormatter.m in Sources */,
			);
			runOnlyForDeploymentPostprocessing = 0;
		};
/* End PBXSourcesBuildPhase section */

/* Begin PBXTargetDependency section */
		EAF0F99914BC7B8C00544416 /* PBXTargetDependency */ = {
			isa = PBXTargetDependency;
			target = EAF0F97114BC7B8C00544416 /* wsabi2 */;
			targetProxy = EAF0F99814BC7B8C00544416 /* PBXContainerItemProxy */;
		};
/* End PBXTargetDependency section */

/* Begin PBXVariantGroup section */
		EAF0F97F14BC7B8C00544416 /* InfoPlist.strings */ = {
			isa = PBXVariantGroup;
			children = (
				EAF0F98014BC7B8C00544416 /* en */,
			);
			name = InfoPlist.strings;
			sourceTree = "<group>";
		};
		EAF0F98B14BC7B8C00544416 /* WSViewController.xib */ = {
			isa = PBXVariantGroup;
			children = (
				EAF0F98C14BC7B8C00544416 /* en */,
			);
			name = WSViewController.xib;
			sourceTree = "<group>";
		};
		EAF0F99D14BC7B8C00544416 /* InfoPlist.strings */ = {
			isa = PBXVariantGroup;
			children = (
				EAF0F99E14BC7B8C00544416 /* en */,
			);
			name = InfoPlist.strings;
			sourceTree = "<group>";
		};
/* End PBXVariantGroup section */

/* Begin XCBuildConfiguration section */
		EAF0F9A314BC7B8C00544416 /* Debug */ = {
			isa = XCBuildConfiguration;
			buildSettings = {
				ALWAYS_SEARCH_USER_PATHS = NO;
				ARCHS = "$(ARCHS_STANDARD_32_BIT)";
				CLANG_ENABLE_OBJC_ARC = YES;
				"CODE_SIGN_IDENTITY[sdk=iphoneos*]" = "iPhone Developer";
				COPY_PHASE_STRIP = NO;
				GCC_C_LANGUAGE_STANDARD = gnu99;
				GCC_DYNAMIC_NO_PIC = NO;
				GCC_OPTIMIZATION_LEVEL = 0;
				GCC_PREPROCESSOR_DEFINITIONS = (
					"DEBUG=1",
					"$(inherited)",
				);
				GCC_SYMBOLS_PRIVATE_EXTERN = NO;
				GCC_VERSION = com.apple.compilers.llvm.clang.1_0;
				GCC_WARN_ABOUT_MISSING_PROTOTYPES = YES;
				GCC_WARN_ABOUT_RETURN_TYPE = YES;
				GCC_WARN_UNUSED_VARIABLE = YES;
				IPHONEOS_DEPLOYMENT_TARGET = 5.0;
				SDKROOT = iphoneos;
				TARGETED_DEVICE_FAMILY = 2;
			};
			name = Debug;
		};
		EAF0F9A414BC7B8C00544416 /* Release */ = {
			isa = XCBuildConfiguration;
			buildSettings = {
				ALWAYS_SEARCH_USER_PATHS = NO;
				ARCHS = "$(ARCHS_STANDARD_32_BIT)";
				CLANG_ENABLE_OBJC_ARC = YES;
				"CODE_SIGN_IDENTITY[sdk=iphoneos*]" = "iPhone Developer";
				COPY_PHASE_STRIP = YES;
				GCC_C_LANGUAGE_STANDARD = gnu99;
				GCC_VERSION = com.apple.compilers.llvm.clang.1_0;
				GCC_WARN_ABOUT_MISSING_PROTOTYPES = YES;
				GCC_WARN_ABOUT_RETURN_TYPE = YES;
				GCC_WARN_UNUSED_VARIABLE = YES;
				IPHONEOS_DEPLOYMENT_TARGET = 5.0;
				OTHER_CFLAGS = "-DNS_BLOCK_ASSERTIONS=1";
				SDKROOT = iphoneos;
				TARGETED_DEVICE_FAMILY = 2;
				VALIDATE_PRODUCT = YES;
			};
			name = Release;
		};
		EAF0F9A614BC7B8C00544416 /* Debug */ = {
			isa = XCBuildConfiguration;
			buildSettings = {
				ALWAYS_SEARCH_USER_PATHS = YES;
				GCC_PRECOMPILE_PREFIX_HEADER = YES;
				GCC_PREFIX_HEADER = "wsabi2/wsabi2-Prefix.pch";
				INFOPLIST_FILE = "wsabi2/wsabi2-Info.plist";
				OTHER_LDFLAGS = "-ObjC";
				PRODUCT_NAME = "$(TARGET_NAME)";
				USER_HEADER_SEARCH_PATHS = "/Users/maronoff/Dev/shared_libs/GMGridView/GMGridView/API/**";
				WRAPPER_EXTENSION = app;
			};
			name = Debug;
		};
		EAF0F9A714BC7B8C00544416 /* Release */ = {
			isa = XCBuildConfiguration;
			buildSettings = {
				ALWAYS_SEARCH_USER_PATHS = YES;
				GCC_PRECOMPILE_PREFIX_HEADER = YES;
				GCC_PREFIX_HEADER = "wsabi2/wsabi2-Prefix.pch";
				INFOPLIST_FILE = "wsabi2/wsabi2-Info.plist";
				OTHER_LDFLAGS = "-ObjC";
				PRODUCT_NAME = "$(TARGET_NAME)";
				USER_HEADER_SEARCH_PATHS = "/Users/maronoff/Dev/shared_libs/GMGridView/GMGridView/API/**";
				WRAPPER_EXTENSION = app;
			};
			name = Release;
		};
		EAF0F9A914BC7B8C00544416 /* Debug */ = {
			isa = XCBuildConfiguration;
			buildSettings = {
				BUNDLE_LOADER = "$(BUILT_PRODUCTS_DIR)/wsabi2.app/wsabi2";
				FRAMEWORK_SEARCH_PATHS = (
					"$(SDKROOT)/Developer/Library/Frameworks",
					"$(DEVELOPER_LIBRARY_DIR)/Frameworks",
				);
				GCC_PRECOMPILE_PREFIX_HEADER = YES;
				GCC_PREFIX_HEADER = "wsabi2/wsabi2-Prefix.pch";
				INFOPLIST_FILE = "wsabi2Tests/wsabi2Tests-Info.plist";
				PRODUCT_NAME = "$(TARGET_NAME)";
				TEST_HOST = "$(BUNDLE_LOADER)";
				WRAPPER_EXTENSION = octest;
			};
			name = Debug;
		};
		EAF0F9AA14BC7B8C00544416 /* Release */ = {
			isa = XCBuildConfiguration;
			buildSettings = {
				BUNDLE_LOADER = "$(BUILT_PRODUCTS_DIR)/wsabi2.app/wsabi2";
				FRAMEWORK_SEARCH_PATHS = (
					"$(SDKROOT)/Developer/Library/Frameworks",
					"$(DEVELOPER_LIBRARY_DIR)/Frameworks",
				);
				GCC_PRECOMPILE_PREFIX_HEADER = YES;
				GCC_PREFIX_HEADER = "wsabi2/wsabi2-Prefix.pch";
				INFOPLIST_FILE = "wsabi2Tests/wsabi2Tests-Info.plist";
				PRODUCT_NAME = "$(TARGET_NAME)";
				TEST_HOST = "$(BUNDLE_LOADER)";
				WRAPPER_EXTENSION = octest;
			};
			name = Release;
		};
/* End XCBuildConfiguration section */

/* Begin XCConfigurationList section */
		EAF0F96C14BC7B8C00544416 /* Build configuration list for PBXProject "wsabi2" */ = {
			isa = XCConfigurationList;
			buildConfigurations = (
				EAF0F9A314BC7B8C00544416 /* Debug */,
				EAF0F9A414BC7B8C00544416 /* Release */,
			);
			defaultConfigurationIsVisible = 0;
			defaultConfigurationName = Release;
		};
		EAF0F9A514BC7B8C00544416 /* Build configuration list for PBXNativeTarget "wsabi2" */ = {
			isa = XCConfigurationList;
			buildConfigurations = (
				EAF0F9A614BC7B8C00544416 /* Debug */,
				EAF0F9A714BC7B8C00544416 /* Release */,
			);
			defaultConfigurationIsVisible = 0;
			defaultConfigurationName = Release;
		};
		EAF0F9A814BC7B8C00544416 /* Build configuration list for PBXNativeTarget "wsabi2Tests" */ = {
			isa = XCConfigurationList;
			buildConfigurations = (
				EAF0F9A914BC7B8C00544416 /* Debug */,
				EAF0F9AA14BC7B8C00544416 /* Release */,
			);
			defaultConfigurationIsVisible = 0;
			defaultConfigurationName = Release;
		};
/* End XCConfigurationList section */

/* Begin XCVersionGroup section */
		EA8E447C14BC9E6B007D9B43 /* wsabi2.xcdatamodeld */ = {
			isa = XCVersionGroup;
			children = (
				EA8E447D14BC9E6B007D9B43 /* wsabi2.xcdatamodel */,
			);
			currentVersion = EA8E447D14BC9E6B007D9B43 /* wsabi2.xcdatamodel */;
			path = wsabi2.xcdatamodeld;
			sourceTree = "<group>";
			versionGroupType = wrapper.xcdatamodel;
		};
/* End XCVersionGroup section */
	};
	rootObject = EAF0F96914BC7B8C00544416 /* Project object */;
}
