// !$*UTF8*$!
{
	archiveVersion = 1;
	classes = {
	};
	objectVersion = 46;
	objects = {

/* Begin PBXBuildFile section */
		EA8A046714C752B000199FF8 /* QuartzCore.framework in Frameworks */ = {isa = PBXBuildFile; fileRef = EA8A046614C752B000199FF8 /* QuartzCore.framework */; };
		EA8A046C14C7599A00199FF8 /* plus-button.png in Resources */ = {isa = PBXBuildFile; fileRef = EA8A046B14C7599A00199FF8 /* plus-button.png */; };
		EA8A047414C861F600199FF8 /* personcell-bg-selected.png in Resources */ = {isa = PBXBuildFile; fileRef = EA8A047314C861F600199FF8 /* personcell-bg-selected.png */; };
		EA8A051214C877FE00199FF8 /* glossyButton-black-disabled.png in Resources */ = {isa = PBXBuildFile; fileRef = EA8A050F14C877FE00199FF8 /* glossyButton-black-disabled.png */; };
		EA8A051314C877FE00199FF8 /* glossyButton-black-highlighted.png in Resources */ = {isa = PBXBuildFile; fileRef = EA8A051014C877FE00199FF8 /* glossyButton-black-highlighted.png */; };
		EA8A051414C877FE00199FF8 /* glossyButton-black-normal.png in Resources */ = {isa = PBXBuildFile; fileRef = EA8A051114C877FE00199FF8 /* glossyButton-black-normal.png */; };
		EA8A051814C8938A00199FF8 /* NSManagedObject+DeepCopy.m in Sources */ = {isa = PBXBuildFile; fileRef = EA8A051714C8938A00199FF8 /* NSManagedObject+DeepCopy.m */; };
		EA8A052414C9C0B900199FF8 /* WSCDPerson.m in Sources */ = {isa = PBXBuildFile; fileRef = EA8A052314C9C0B900199FF8 /* WSCDPerson.m */; };
		EA8A052714C9C0BA00199FF8 /* WSCDDeviceDefinition.m in Sources */ = {isa = PBXBuildFile; fileRef = EA8A052614C9C0BA00199FF8 /* WSCDDeviceDefinition.m */; };
		EA8A052A14C9C0BA00199FF8 /* WSCDItem.m in Sources */ = {isa = PBXBuildFile; fileRef = EA8A052914C9C0BA00199FF8 /* WSCDItem.m */; };
		EA8A053914C9CC0E00199FF8 /* libKKGridView.a in Frameworks */ = {isa = PBXBuildFile; fileRef = EA8A053814C9CC0E00199FF8 /* libKKGridView.a */; };
		EA8E447E14BC9E6B007D9B43 /* wsabi2.xcdatamodeld in Sources */ = {isa = PBXBuildFile; fileRef = EA8E447C14BC9E6B007D9B43 /* wsabi2.xcdatamodeld */; };
		EAA6FF8F14C7176500006BCB /* Developer_README.md in Resources */ = {isa = PBXBuildFile; fileRef = EAA6FF8E14C7176500006BCB /* Developer_README.md */; };
		EAA6FF9114C71C5C00006BCB /* WSPersonTableViewCell.xib in Resources */ = {isa = PBXBuildFile; fileRef = EAA6FF9014C71C5C00006BCB /* WSPersonTableViewCell.xib */; };
		EAA6FF9414C71C7400006BCB /* WSPersonTableViewCell.m in Sources */ = {isa = PBXBuildFile; fileRef = EAA6FF9314C71C7400006BCB /* WSPersonTableViewCell.m */; };
		EAA6FFA014C7289A00006BCB /* WSItemGridCell.m in Sources */ = {isa = PBXBuildFile; fileRef = EAA6FF9F14C7289A00006BCB /* WSItemGridCell.m */; };
		EAF0F97714BC7B8C00544416 /* UIKit.framework in Frameworks */ = {isa = PBXBuildFile; fileRef = EAF0F97614BC7B8C00544416 /* UIKit.framework */; };
		EAF0F97914BC7B8C00544416 /* Foundation.framework in Frameworks */ = {isa = PBXBuildFile; fileRef = EAF0F97814BC7B8C00544416 /* Foundation.framework */; };
		EAF0F97B14BC7B8C00544416 /* CoreGraphics.framework in Frameworks */ = {isa = PBXBuildFile; fileRef = EAF0F97A14BC7B8C00544416 /* CoreGraphics.framework */; };
		EAF0F98114BC7B8C00544416 /* InfoPlist.strings in Resources */ = {isa = PBXBuildFile; fileRef = EAF0F97F14BC7B8C00544416 /* InfoPlist.strings */; };
		EAF0F98314BC7B8C00544416 /* main.m in Sources */ = {isa = PBXBuildFile; fileRef = EAF0F98214BC7B8C00544416 /* main.m */; };
		EAF0F98714BC7B8C00544416 /* WSAppDelegate.m in Sources */ = {isa = PBXBuildFile; fileRef = EAF0F98614BC7B8C00544416 /* WSAppDelegate.m */; };
		EAF0F98A14BC7B8C00544416 /* WSViewController.m in Sources */ = {isa = PBXBuildFile; fileRef = EAF0F98914BC7B8C00544416 /* WSViewController.m */; };
		EAF0F98D14BC7B8C00544416 /* WSViewController.xib in Resources */ = {isa = PBXBuildFile; fileRef = EAF0F98B14BC7B8C00544416 /* WSViewController.xib */; };
		EAF0F99514BC7B8C00544416 /* SenTestingKit.framework in Frameworks */ = {isa = PBXBuildFile; fileRef = EAF0F99414BC7B8C00544416 /* SenTestingKit.framework */; };
		EAF0F99614BC7B8C00544416 /* UIKit.framework in Frameworks */ = {isa = PBXBuildFile; fileRef = EAF0F97614BC7B8C00544416 /* UIKit.framework */; };
		EAF0F99714BC7B8C00544416 /* Foundation.framework in Frameworks */ = {isa = PBXBuildFile; fileRef = EAF0F97814BC7B8C00544416 /* Foundation.framework */; };
		EAF0F99F14BC7B8C00544416 /* InfoPlist.strings in Resources */ = {isa = PBXBuildFile; fileRef = EAF0F99D14BC7B8C00544416 /* InfoPlist.strings */; };
		EAF0F9A214BC7B8C00544416 /* wsabi2Tests.m in Sources */ = {isa = PBXBuildFile; fileRef = EAF0F9A114BC7B8C00544416 /* wsabi2Tests.m */; };
		EAF0FA0014BC812900544416 /* CoreData.framework in Frameworks */ = {isa = PBXBuildFile; fileRef = EAF0F9FF14BC812900544416 /* CoreData.framework */; };
		EAFB96D914CDE7E00088F1E8 /* Delete.png in Resources */ = {isa = PBXBuildFile; fileRef = EAFB96D814CDE7E00088F1E8 /* Delete.png */; };
/* End PBXBuildFile section */

/* Begin PBXContainerItemProxy section */
		EAF0F99814BC7B8C00544416 /* PBXContainerItemProxy */ = {
			isa = PBXContainerItemProxy;
			containerPortal = EAF0F96914BC7B8C00544416 /* Project object */;
			proxyType = 1;
			remoteGlobalIDString = EAF0F97114BC7B8C00544416;
			remoteInfo = wsabi2;
		};
/* End PBXContainerItemProxy section */

/* Begin PBXFileReference section */
		EA202D7314C74F6600776BF3 /* constants.h */ = {isa = PBXFileReference; fileEncoding = 4; lastKnownFileType = sourcecode.c.h; path = constants.h; sourceTree = "<group>"; };
		EA8A046614C752B000199FF8 /* QuartzCore.framework */ = {isa = PBXFileReference; lastKnownFileType = wrapper.framework; name = QuartzCore.framework; path = System/Library/Frameworks/QuartzCore.framework; sourceTree = SDKROOT; };
		EA8A046B14C7599A00199FF8 /* plus-button.png */ = {isa = PBXFileReference; lastKnownFileType = image.png; path = "plus-button.png"; sourceTree = "<group>"; };
		EA8A047314C861F600199FF8 /* personcell-bg-selected.png */ = {isa = PBXFileReference; lastKnownFileType = image.png; path = "personcell-bg-selected.png"; sourceTree = "<group>"; };
		EA8A050F14C877FE00199FF8 /* glossyButton-black-disabled.png */ = {isa = PBXFileReference; lastKnownFileType = image.png; path = "glossyButton-black-disabled.png"; sourceTree = "<group>"; };
		EA8A051014C877FE00199FF8 /* glossyButton-black-highlighted.png */ = {isa = PBXFileReference; lastKnownFileType = image.png; path = "glossyButton-black-highlighted.png"; sourceTree = "<group>"; };
		EA8A051114C877FE00199FF8 /* glossyButton-black-normal.png */ = {isa = PBXFileReference; lastKnownFileType = image.png; path = "glossyButton-black-normal.png"; sourceTree = "<group>"; };
		EA8A051614C8938A00199FF8 /* NSManagedObject+DeepCopy.h */ = {isa = PBXFileReference; fileEncoding = 4; lastKnownFileType = sourcecode.c.h; path = "NSManagedObject+DeepCopy.h"; sourceTree = "<group>"; };
		EA8A051714C8938A00199FF8 /* NSManagedObject+DeepCopy.m */ = {isa = PBXFileReference; fileEncoding = 4; lastKnownFileType = sourcecode.c.objc; path = "NSManagedObject+DeepCopy.m"; sourceTree = "<group>"; };
		EA8A052214C9C0B900199FF8 /* WSCDPerson.h */ = {isa = PBXFileReference; fileEncoding = 4; lastKnownFileType = sourcecode.c.h; path = WSCDPerson.h; sourceTree = "<group>"; };
		EA8A052314C9C0B900199FF8 /* WSCDPerson.m */ = {isa = PBXFileReference; fileEncoding = 4; lastKnownFileType = sourcecode.c.objc; path = WSCDPerson.m; sourceTree = "<group>"; };
		EA8A052514C9C0BA00199FF8 /* WSCDDeviceDefinition.h */ = {isa = PBXFileReference; fileEncoding = 4; lastKnownFileType = sourcecode.c.h; path = WSCDDeviceDefinition.h; sourceTree = "<group>"; };
		EA8A052614C9C0BA00199FF8 /* WSCDDeviceDefinition.m */ = {isa = PBXFileReference; fileEncoding = 4; lastKnownFileType = sourcecode.c.objc; path = WSCDDeviceDefinition.m; sourceTree = "<group>"; };
		EA8A052814C9C0BA00199FF8 /* WSCDItem.h */ = {isa = PBXFileReference; fileEncoding = 4; lastKnownFileType = sourcecode.c.h; path = WSCDItem.h; sourceTree = "<group>"; };
		EA8A052914C9C0BA00199FF8 /* WSCDItem.m */ = {isa = PBXFileReference; fileEncoding = 4; lastKnownFileType = sourcecode.c.objc; path = WSCDItem.m; sourceTree = "<group>"; };
		EA8A053814C9CC0E00199FF8 /* libKKGridView.a */ = {isa = PBXFileReference; lastKnownFileType = archive.ar; name = libKKGridView.a; path = "../../shared_libs/KKGridView/build/Release-iphoneos/libKKGridView.a"; sourceTree = "<group>"; };
		EA8E447D14BC9E6B007D9B43 /* wsabi2.xcdatamodel */ = {isa = PBXFileReference; lastKnownFileType = wrapper.xcdatamodel; path = wsabi2.xcdatamodel; sourceTree = "<group>"; };
		EAA6FF8E14C7176500006BCB /* Developer_README.md */ = {isa = PBXFileReference; fileEncoding = 4; lastKnownFileType = text; path = Developer_README.md; sourceTree = "<group>"; };
		EAA6FF9014C71C5C00006BCB /* WSPersonTableViewCell.xib */ = {isa = PBXFileReference; fileEncoding = 4; lastKnownFileType = file.xib; path = WSPersonTableViewCell.xib; sourceTree = "<group>"; };
		EAA6FF9214C71C7400006BCB /* WSPersonTableViewCell.h */ = {isa = PBXFileReference; fileEncoding = 4; lastKnownFileType = sourcecode.c.h; path = WSPersonTableViewCell.h; sourceTree = "<group>"; };
		EAA6FF9314C71C7400006BCB /* WSPersonTableViewCell.m */ = {isa = PBXFileReference; fileEncoding = 4; lastKnownFileType = sourcecode.c.objc; path = WSPersonTableViewCell.m; sourceTree = "<group>"; };
		EAA6FF9E14C7289A00006BCB /* WSItemGridCell.h */ = {isa = PBXFileReference; fileEncoding = 4; lastKnownFileType = sourcecode.c.h; path = WSItemGridCell.h; sourceTree = "<group>"; };
		EAA6FF9F14C7289A00006BCB /* WSItemGridCell.m */ = {isa = PBXFileReference; fileEncoding = 4; lastKnownFileType = sourcecode.c.objc; path = WSItemGridCell.m; sourceTree = "<group>"; };
		EAF0F97214BC7B8C00544416 /* wsabi2.app */ = {isa = PBXFileReference; explicitFileType = wrapper.application; includeInIndex = 0; path = wsabi2.app; sourceTree = BUILT_PRODUCTS_DIR; };
		EAF0F97614BC7B8C00544416 /* UIKit.framework */ = {isa = PBXFileReference; lastKnownFileType = wrapper.framework; name = UIKit.framework; path = System/Library/Frameworks/UIKit.framework; sourceTree = SDKROOT; };
		EAF0F97814BC7B8C00544416 /* Foundation.framework */ = {isa = PBXFileReference; lastKnownFileType = wrapper.framework; name = Foundation.framework; path = System/Library/Frameworks/Foundation.framework; sourceTree = SDKROOT; };
		EAF0F97A14BC7B8C00544416 /* CoreGraphics.framework */ = {isa = PBXFileReference; lastKnownFileType = wrapper.framework; name = CoreGraphics.framework; path = System/Library/Frameworks/CoreGraphics.framework; sourceTree = SDKROOT; };
		EAF0F97E14BC7B8C00544416 /* wsabi2-Info.plist */ = {isa = PBXFileReference; lastKnownFileType = text.plist.xml; path = "wsabi2-Info.plist"; sourceTree = "<group>"; };
		EAF0F98014BC7B8C00544416 /* en */ = {isa = PBXFileReference; lastKnownFileType = text.plist.strings; name = en; path = en.lproj/InfoPlist.strings; sourceTree = "<group>"; };
		EAF0F98214BC7B8C00544416 /* main.m */ = {isa = PBXFileReference; lastKnownFileType = sourcecode.c.objc; path = main.m; sourceTree = "<group>"; };
		EAF0F98414BC7B8C00544416 /* wsabi2-Prefix.pch */ = {isa = PBXFileReference; lastKnownFileType = sourcecode.c.h; path = "wsabi2-Prefix.pch"; sourceTree = "<group>"; };
		EAF0F98514BC7B8C00544416 /* WSAppDelegate.h */ = {isa = PBXFileReference; lastKnownFileType = sourcecode.c.h; path = WSAppDelegate.h; sourceTree = "<group>"; };
		EAF0F98614BC7B8C00544416 /* WSAppDelegate.m */ = {isa = PBXFileReference; lastKnownFileType = sourcecode.c.objc; path = WSAppDelegate.m; sourceTree = "<group>"; };
		EAF0F98814BC7B8C00544416 /* WSViewController.h */ = {isa = PBXFileReference; lastKnownFileType = sourcecode.c.h; path = WSViewController.h; sourceTree = "<group>"; };
		EAF0F98914BC7B8C00544416 /* WSViewController.m */ = {isa = PBXFileReference; lastKnownFileType = sourcecode.c.objc; path = WSViewController.m; sourceTree = "<group>"; };
		EAF0F98C14BC7B8C00544416 /* en */ = {isa = PBXFileReference; lastKnownFileType = file.xib; name = en; path = en.lproj/WSViewController.xib; sourceTree = "<group>"; };
		EAF0F99314BC7B8C00544416 /* wsabi2Tests.octest */ = {isa = PBXFileReference; explicitFileType = wrapper.cfbundle; includeInIndex = 0; path = wsabi2Tests.octest; sourceTree = BUILT_PRODUCTS_DIR; };
		EAF0F99414BC7B8C00544416 /* SenTestingKit.framework */ = {isa = PBXFileReference; lastKnownFileType = wrapper.framework; name = SenTestingKit.framework; path = Library/Frameworks/SenTestingKit.framework; sourceTree = DEVELOPER_DIR; };
		EAF0F99C14BC7B8C00544416 /* wsabi2Tests-Info.plist */ = {isa = PBXFileReference; lastKnownFileType = text.plist.xml; path = "wsabi2Tests-Info.plist"; sourceTree = "<group>"; };
		EAF0F99E14BC7B8C00544416 /* en */ = {isa = PBXFileReference; lastKnownFileType = text.plist.strings; name = en; path = en.lproj/InfoPlist.strings; sourceTree = "<group>"; };
		EAF0F9A014BC7B8C00544416 /* wsabi2Tests.h */ = {isa = PBXFileReference; lastKnownFileType = sourcecode.c.h; path = wsabi2Tests.h; sourceTree = "<group>"; };
		EAF0F9A114BC7B8C00544416 /* wsabi2Tests.m */ = {isa = PBXFileReference; lastKnownFileType = sourcecode.c.objc; path = wsabi2Tests.m; sourceTree = "<group>"; };
		EAF0F9FF14BC812900544416 /* CoreData.framework */ = {isa = PBXFileReference; lastKnownFileType = wrapper.framework; name = CoreData.framework; path = System/Library/Frameworks/CoreData.framework; sourceTree = SDKROOT; };
		EAFB96D814CDE7E00088F1E8 /* Delete.png */ = {isa = PBXFileReference; lastKnownFileType = image.png; path = Delete.png; sourceTree = "<group>"; };
/* End PBXFileReference section */

/* Begin PBXFrameworksBuildPhase section */
		EAF0F96F14BC7B8C00544416 /* Frameworks */ = {
			isa = PBXFrameworksBuildPhase;
			buildActionMask = 2147483647;
			files = (
				EA8A053914C9CC0E00199FF8 /* libKKGridView.a in Frameworks */,
				EA8A046714C752B000199FF8 /* QuartzCore.framework in Frameworks */,
				EAF0FA0014BC812900544416 /* CoreData.framework in Frameworks */,
				EAF0F97714BC7B8C00544416 /* UIKit.framework in Frameworks */,
				EAF0F97914BC7B8C00544416 /* Foundation.framework in Frameworks */,
				EAF0F97B14BC7B8C00544416 /* CoreGraphics.framework in Frameworks */,
			);
			runOnlyForDeploymentPostprocessing = 0;
		};
		EAF0F98F14BC7B8C00544416 /* Frameworks */ = {
			isa = PBXFrameworksBuildPhase;
			buildActionMask = 2147483647;
			files = (
				EAF0F99514BC7B8C00544416 /* SenTestingKit.framework in Frameworks */,
				EAF0F99614BC7B8C00544416 /* UIKit.framework in Frameworks */,
				EAF0F99714BC7B8C00544416 /* Foundation.framework in Frameworks */,
			);
			runOnlyForDeploymentPostprocessing = 0;
		};
/* End PBXFrameworksBuildPhase section */

/* Begin PBXGroup section */
		EA8A046814C7583A00199FF8 /* Images */ = {
			isa = PBXGroup;
			children = (
				EA8A050F14C877FE00199FF8 /* glossyButton-black-disabled.png */,
				EA8A051014C877FE00199FF8 /* glossyButton-black-highlighted.png */,
				EA8A051114C877FE00199FF8 /* glossyButton-black-normal.png */,
				EA8A047314C861F600199FF8 /* personcell-bg-selected.png */,
				EA8A046B14C7599A00199FF8 /* plus-button.png */,
				EAFB96D814CDE7E00088F1E8 /* Delete.png */,
			);
			name = Images;
			sourceTree = "<group>";
		};
		EA8A051514C8936900199FF8 /* Categories */ = {
			isa = PBXGroup;
			children = (
				EA8A051614C8938A00199FF8 /* NSManagedObject+DeepCopy.h */,
				EA8A051714C8938A00199FF8 /* NSManagedObject+DeepCopy.m */,
			);
			name = Categories;
			sourceTree = "<group>";
		};
		EA8E447014BC9C05007D9B43 /* Table View Cells */ = {
			isa = PBXGroup;
			children = (
				EAA6FF9214C71C7400006BCB /* WSPersonTableViewCell.h */,
				EAA6FF9314C71C7400006BCB /* WSPersonTableViewCell.m */,
				EAA6FF9014C71C5C00006BCB /* WSPersonTableViewCell.xib */,
				EAA6FF9E14C7289A00006BCB /* WSItemGridCell.h */,
				EAA6FF9F14C7289A00006BCB /* WSItemGridCell.m */,
			);
			name = "Table View Cells";
			sourceTree = "<group>";
		};
		EA8E447214BC9C18007D9B43 /* Data Model */ = {
			isa = PBXGroup;
			children = (
				EA8E447C14BC9E6B007D9B43 /* wsabi2.xcdatamodeld */,
				EA8A052814C9C0BA00199FF8 /* WSCDItem.h */,
				EA8A052914C9C0BA00199FF8 /* WSCDItem.m */,
				EA8A052514C9C0BA00199FF8 /* WSCDDeviceDefinition.h */,
				EA8A052614C9C0BA00199FF8 /* WSCDDeviceDefinition.m */,
				EA8A052214C9C0B900199FF8 /* WSCDPerson.h */,
				EA8A052314C9C0B900199FF8 /* WSCDPerson.m */,
			);
			name = "Data Model";
			sourceTree = "<group>";
		};
		EAA6FF7314C7137D00006BCB /* Dependencies */ = {
			isa = PBXGroup;
			children = (
			);
			name = Dependencies;
			sourceTree = "<group>";
		};
		EAF0F96714BC7B8C00544416 = {
			isa = PBXGroup;
			children = (
				EAF0F97C14BC7B8C00544416 /* wsabi2 */,
				EAF0F99A14BC7B8C00544416 /* wsabi2Tests */,
				EAF0F97514BC7B8C00544416 /* Frameworks */,
				EAF0F97314BC7B8C00544416 /* Products */,
			);
			sourceTree = "<group>";
		};
		EAF0F97314BC7B8C00544416 /* Products */ = {
			isa = PBXGroup;
			children = (
				EAF0F97214BC7B8C00544416 /* wsabi2.app */,
				EAF0F99314BC7B8C00544416 /* wsabi2Tests.octest */,
			);
			name = Products;
			sourceTree = "<group>";
		};
		EAF0F97514BC7B8C00544416 /* Frameworks */ = {
			isa = PBXGroup;
			children = (
				EA8A053814C9CC0E00199FF8 /* libKKGridView.a */,
				EA8A046614C752B000199FF8 /* QuartzCore.framework */,
				EAF0F9FF14BC812900544416 /* CoreData.framework */,
				EAF0F97614BC7B8C00544416 /* UIKit.framework */,
				EAF0F97814BC7B8C00544416 /* Foundation.framework */,
				EAF0F97A14BC7B8C00544416 /* CoreGraphics.framework */,
				EAF0F99414BC7B8C00544416 /* SenTestingKit.framework */,
			);
			name = Frameworks;
			sourceTree = "<group>";
		};
		EAF0F97C14BC7B8C00544416 /* wsabi2 */ = {
			isa = PBXGroup;
			children = (
				EAA6FF8E14C7176500006BCB /* Developer_README.md */,
				EA8A051514C8936900199FF8 /* Categories */,
				EA8A046814C7583A00199FF8 /* Images */,
				EA202D7314C74F6600776BF3 /* constants.h */,
				EAA6FF7314C7137D00006BCB /* Dependencies */,
				EA8E447214BC9C18007D9B43 /* Data Model */,
				EAF0F98514BC7B8C00544416 /* WSAppDelegate.h */,
				EAF0F98614BC7B8C00544416 /* WSAppDelegate.m */,
				EAF0F98814BC7B8C00544416 /* WSViewController.h */,
				EAF0F98914BC7B8C00544416 /* WSViewController.m */,
				EAF0F98B14BC7B8C00544416 /* WSViewController.xib */,
				EA8E447014BC9C05007D9B43 /* Table View Cells */,
				EAF0F97D14BC7B8C00544416 /* Supporting Files */,
			);
			path = wsabi2;
			sourceTree = "<group>";
		};
		EAF0F97D14BC7B8C00544416 /* Supporting Files */ = {
			isa = PBXGroup;
			children = (
				EAF0F97E14BC7B8C00544416 /* wsabi2-Info.plist */,
				EAF0F97F14BC7B8C00544416 /* InfoPlist.strings */,
				EAF0F98214BC7B8C00544416 /* main.m */,
				EAF0F98414BC7B8C00544416 /* wsabi2-Prefix.pch */,
			);
			name = "Supporting Files";
			sourceTree = "<group>";
		};
		EAF0F99A14BC7B8C00544416 /* wsabi2Tests */ = {
			isa = PBXGroup;
			children = (
				EAF0F9A014BC7B8C00544416 /* wsabi2Tests.h */,
				EAF0F9A114BC7B8C00544416 /* wsabi2Tests.m */,
				EAF0F99B14BC7B8C00544416 /* Supporting Files */,
			);
			path = wsabi2Tests;
			sourceTree = "<group>";
		};
		EAF0F99B14BC7B8C00544416 /* Supporting Files */ = {
			isa = PBXGroup;
			children = (
				EAF0F99C14BC7B8C00544416 /* wsabi2Tests-Info.plist */,
				EAF0F99D14BC7B8C00544416 /* InfoPlist.strings */,
			);
			name = "Supporting Files";
			sourceTree = "<group>";
		};
/* End PBXGroup section */

/* Begin PBXNativeTarget section */
		EAF0F97114BC7B8C00544416 /* wsabi2 */ = {
			isa = PBXNativeTarget;
			buildConfigurationList = EAF0F9A514BC7B8C00544416 /* Build configuration list for PBXNativeTarget "wsabi2" */;
			buildPhases = (
				EAF0F96E14BC7B8C00544416 /* Sources */,
				EAF0F96F14BC7B8C00544416 /* Frameworks */,
				EAF0F97014BC7B8C00544416 /* Resources */,
			);
			buildRules = (
			);
			dependencies = (
			);
			name = wsabi2;
			productName = wsabi2;
			productReference = EAF0F97214BC7B8C00544416 /* wsabi2.app */;
			productType = "com.apple.product-type.application";
		};
		EAF0F99214BC7B8C00544416 /* wsabi2Tests */ = {
			isa = PBXNativeTarget;
			buildConfigurationList = EAF0F9A814BC7B8C00544416 /* Build configuration list for PBXNativeTarget "wsabi2Tests" */;
			buildPhases = (
				EAF0F98E14BC7B8C00544416 /* Sources */,
				EAF0F98F14BC7B8C00544416 /* Frameworks */,
				EAF0F99014BC7B8C00544416 /* Resources */,
				EAF0F99114BC7B8C00544416 /* ShellScript */,
			);
			buildRules = (
			);
			dependencies = (
				EAF0F99914BC7B8C00544416 /* PBXTargetDependency */,
			);
			name = wsabi2Tests;
			productName = wsabi2Tests;
			productReference = EAF0F99314BC7B8C00544416 /* wsabi2Tests.octest */;
			productType = "com.apple.product-type.bundle";
		};
/* End PBXNativeTarget section */

/* Begin PBXProject section */
		EAF0F96914BC7B8C00544416 /* Project object */ = {
			isa = PBXProject;
			attributes = {
				LastUpgradeCheck = 0420;
			};
			buildConfigurationList = EAF0F96C14BC7B8C00544416 /* Build configuration list for PBXProject "wsabi2" */;
			compatibilityVersion = "Xcode 3.2";
			developmentRegion = English;
			hasScannedForEncodings = 0;
			knownRegions = (
				en,
			);
			mainGroup = EAF0F96714BC7B8C00544416;
			productRefGroup = EAF0F97314BC7B8C00544416 /* Products */;
			projectDirPath = "";
			projectRoot = "";
			targets = (
				EAF0F97114BC7B8C00544416 /* wsabi2 */,
				EAF0F99214BC7B8C00544416 /* wsabi2Tests */,
			);
		};
/* End PBXProject section */

/* Begin PBXResourcesBuildPhase section */
		EAF0F97014BC7B8C00544416 /* Resources */ = {
			isa = PBXResourcesBuildPhase;
			buildActionMask = 2147483647;
			files = (
				EAF0F98114BC7B8C00544416 /* InfoPlist.strings in Resources */,
				EAF0F98D14BC7B8C00544416 /* WSViewController.xib in Resources */,
				EAA6FF8F14C7176500006BCB /* Developer_README.md in Resources */,
				EAA6FF9114C71C5C00006BCB /* WSPersonTableViewCell.xib in Resources */,
				EA8A046C14C7599A00199FF8 /* plus-button.png in Resources */,
				EA8A047414C861F600199FF8 /* personcell-bg-selected.png in Resources */,
				EA8A051214C877FE00199FF8 /* glossyButton-black-disabled.png in Resources */,
				EA8A051314C877FE00199FF8 /* glossyButton-black-highlighted.png in Resources */,
				EA8A051414C877FE00199FF8 /* glossyButton-black-normal.png in Resources */,
				EAFB96D914CDE7E00088F1E8 /* Delete.png in Resources */,
			);
			runOnlyForDeploymentPostprocessing = 0;
		};
		EAF0F99014BC7B8C00544416 /* Resources */ = {
			isa = PBXResourcesBuildPhase;
			buildActionMask = 2147483647;
			files = (
				EAF0F99F14BC7B8C00544416 /* InfoPlist.strings in Resources */,
			);
			runOnlyForDeploymentPostprocessing = 0;
		};
/* End PBXResourcesBuildPhase section */

/* Begin PBXShellScriptBuildPhase section */
		EAF0F99114BC7B8C00544416 /* ShellScript */ = {
			isa = PBXShellScriptBuildPhase;
			buildActionMask = 2147483647;
			files = (
			);
			inputPaths = (
			);
			outputPaths = (
			);
			runOnlyForDeploymentPostprocessing = 0;
			shellPath = /bin/sh;
			shellScript = "# Run the unit tests in this test bundle.\n\"${SYSTEM_DEVELOPER_DIR}/Tools/RunUnitTests\"\n";
		};
/* End PBXShellScriptBuildPhase section */

/* Begin PBXSourcesBuildPhase section */
		EAF0F96E14BC7B8C00544416 /* Sources */ = {
			isa = PBXSourcesBuildPhase;
			buildActionMask = 2147483647;
			files = (
				EAF0F98314BC7B8C00544416 /* main.m in Sources */,
				EAF0F98714BC7B8C00544416 /* WSAppDelegate.m in Sources */,
				EAF0F98A14BC7B8C00544416 /* WSViewController.m in Sources */,
				EA8E447E14BC9E6B007D9B43 /* wsabi2.xcdatamodeld in Sources */,
				EAA6FF9414C71C7400006BCB /* WSPersonTableViewCell.m in Sources */,
				EAA6FFA014C7289A00006BCB /* WSItemGridCell.m in Sources */,
				EA8A051814C8938A00199FF8 /* NSManagedObject+DeepCopy.m in Sources */,
				EA8A052414C9C0B900199FF8 /* WSCDPerson.m in Sources */,
				EA8A052714C9C0BA00199FF8 /* WSCDDeviceDefinition.m in Sources */,
				EA8A052A14C9C0BA00199FF8 /* WSCDItem.m in Sources */,
			);
			runOnlyForDeploymentPostprocessing = 0;
		};
		EAF0F98E14BC7B8C00544416 /* Sources */ = {
			isa = PBXSourcesBuildPhase;
			buildActionMask = 2147483647;
			files = (
				EAF0F9A214BC7B8C00544416 /* wsabi2Tests.m in Sources */,
			);
			runOnlyForDeploymentPostprocessing = 0;
		};
/* End PBXSourcesBuildPhase section */

/* Begin PBXTargetDependency section */
		EAF0F99914BC7B8C00544416 /* PBXTargetDependency */ = {
			isa = PBXTargetDependency;
			target = EAF0F97114BC7B8C00544416 /* wsabi2 */;
			targetProxy = EAF0F99814BC7B8C00544416 /* PBXContainerItemProxy */;
		};
/* End PBXTargetDependency section */

/* Begin PBXVariantGroup section */
		EAF0F97F14BC7B8C00544416 /* InfoPlist.strings */ = {
			isa = PBXVariantGroup;
			children = (
				EAF0F98014BC7B8C00544416 /* en */,
			);
			name = InfoPlist.strings;
			sourceTree = "<group>";
		};
		EAF0F98B14BC7B8C00544416 /* WSViewController.xib */ = {
			isa = PBXVariantGroup;
			children = (
				EAF0F98C14BC7B8C00544416 /* en */,
			);
			name = WSViewController.xib;
			sourceTree = "<group>";
		};
		EAF0F99D14BC7B8C00544416 /* InfoPlist.strings */ = {
			isa = PBXVariantGroup;
			children = (
				EAF0F99E14BC7B8C00544416 /* en */,
			);
			name = InfoPlist.strings;
			sourceTree = "<group>";
		};
/* End PBXVariantGroup section */

/* Begin XCBuildConfiguration section */
		EAF0F9A314BC7B8C00544416 /* Debug */ = {
			isa = XCBuildConfiguration;
			buildSettings = {
				ALWAYS_SEARCH_USER_PATHS = NO;
				ARCHS = "$(ARCHS_STANDARD_32_BIT)";
				CLANG_ENABLE_OBJC_ARC = YES;
				"CODE_SIGN_IDENTITY[sdk=iphoneos*]" = "iPhone Developer";
				COPY_PHASE_STRIP = NO;
				GCC_C_LANGUAGE_STANDARD = gnu99;
				GCC_DYNAMIC_NO_PIC = NO;
				GCC_OPTIMIZATION_LEVEL = 0;
				GCC_PREPROCESSOR_DEFINITIONS = (
					"DEBUG=1",
					"$(inherited)",
				);
				GCC_SYMBOLS_PRIVATE_EXTERN = NO;
				GCC_VERSION = com.apple.compilers.llvm.clang.1_0;
				GCC_WARN_ABOUT_MISSING_PROTOTYPES = YES;
				GCC_WARN_ABOUT_RETURN_TYPE = YES;
				GCC_WARN_UNUSED_VARIABLE = YES;
				IPHONEOS_DEPLOYMENT_TARGET = 5.0;
				SDKROOT = iphoneos;
				TARGETED_DEVICE_FAMILY = 2;
			};
			name = Debug;
		};
		EAF0F9A414BC7B8C00544416 /* Release */ = {
			isa = XCBuildConfiguration;
			buildSettings = {
				ALWAYS_SEARCH_USER_PATHS = NO;
				ARCHS = "$(ARCHS_STANDARD_32_BIT)";
				CLANG_ENABLE_OBJC_ARC = YES;
				"CODE_SIGN_IDENTITY[sdk=iphoneos*]" = "iPhone Developer";
				COPY_PHASE_STRIP = YES;
				GCC_C_LANGUAGE_STANDARD = gnu99;
				GCC_VERSION = com.apple.compilers.llvm.clang.1_0;
				GCC_WARN_ABOUT_MISSING_PROTOTYPES = YES;
				GCC_WARN_ABOUT_RETURN_TYPE = YES;
				GCC_WARN_UNUSED_VARIABLE = YES;
				IPHONEOS_DEPLOYMENT_TARGET = 5.0;
				OTHER_CFLAGS = "-DNS_BLOCK_ASSERTIONS=1";
				SDKROOT = iphoneos;
				TARGETED_DEVICE_FAMILY = 2;
				VALIDATE_PRODUCT = YES;
			};
			name = Release;
		};
		EAF0F9A614BC7B8C00544416 /* Debug */ = {
			isa = XCBuildConfiguration;
			buildSettings = {
				ALWAYS_SEARCH_USER_PATHS = YES;
				GCC_PRECOMPILE_PREFIX_HEADER = YES;
				GCC_PREFIX_HEADER = "wsabi2/wsabi2-Prefix.pch";
				INFOPLIST_FILE = "wsabi2/wsabi2-Info.plist";
				OTHER_LDFLAGS = "-ObjC";
				PRODUCT_NAME = "$(TARGET_NAME)";
				USER_HEADER_SEARCH_PATHS = "/Users/maronoff/Dev/shared_libs/AQGridView/Classes/**";
				WRAPPER_EXTENSION = app;
			};
			name = Debug;
		};
		EAF0F9A714BC7B8C00544416 /* Release */ = {
			isa = XCBuildConfiguration;
			buildSettings = {
				ALWAYS_SEARCH_USER_PATHS = YES;
				GCC_PRECOMPILE_PREFIX_HEADER = YES;
				GCC_PREFIX_HEADER = "wsabi2/wsabi2-Prefix.pch";
				INFOPLIST_FILE = "wsabi2/wsabi2-Info.plist";
				OTHER_LDFLAGS = "-ObjC";
				PRODUCT_NAME = "$(TARGET_NAME)";
				USER_HEADER_SEARCH_PATHS = "/Users/maronoff/Dev/shared_libs/AQGridView/Classes/**";
				WRAPPER_EXTENSION = app;
			};
			name = Release;
		};
		EAF0F9A914BC7B8C00544416 /* Debug */ = {
			isa = XCBuildConfiguration;
			buildSettings = {
				BUNDLE_LOADER = "$(BUILT_PRODUCTS_DIR)/wsabi2.app/wsabi2";
				FRAMEWORK_SEARCH_PATHS = (
					"$(SDKROOT)/Developer/Library/Frameworks",
					"$(DEVELOPER_LIBRARY_DIR)/Frameworks",
				);
				GCC_PRECOMPILE_PREFIX_HEADER = YES;
				GCC_PREFIX_HEADER = "wsabi2/wsabi2-Prefix.pch";
				INFOPLIST_FILE = "wsabi2Tests/wsabi2Tests-Info.plist";
				PRODUCT_NAME = "$(TARGET_NAME)";
				TEST_HOST = "$(BUNDLE_LOADER)";
				WRAPPER_EXTENSION = octest;
			};
			name = Debug;
		};
		EAF0F9AA14BC7B8C00544416 /* Release */ = {
			isa = XCBuildConfiguration;
			buildSettings = {
				BUNDLE_LOADER = "$(BUILT_PRODUCTS_DIR)/wsabi2.app/wsabi2";
				FRAMEWORK_SEARCH_PATHS = (
					"$(SDKROOT)/Developer/Library/Frameworks",
					"$(DEVELOPER_LIBRARY_DIR)/Frameworks",
				);
				GCC_PRECOMPILE_PREFIX_HEADER = YES;
				GCC_PREFIX_HEADER = "wsabi2/wsabi2-Prefix.pch";
				INFOPLIST_FILE = "wsabi2Tests/wsabi2Tests-Info.plist";
				PRODUCT_NAME = "$(TARGET_NAME)";
				TEST_HOST = "$(BUNDLE_LOADER)";
				WRAPPER_EXTENSION = octest;
			};
			name = Release;
		};
/* End XCBuildConfiguration section */

/* Begin XCConfigurationList section */
		EAF0F96C14BC7B8C00544416 /* Build configuration list for PBXProject "wsabi2" */ = {
			isa = XCConfigurationList;
			buildConfigurations = (
				EAF0F9A314BC7B8C00544416 /* Debug */,
				EAF0F9A414BC7B8C00544416 /* Release */,
			);
			defaultConfigurationIsVisible = 0;
			defaultConfigurationName = Release;
		};
		EAF0F9A514BC7B8C00544416 /* Build configuration list for PBXNativeTarget "wsabi2" */ = {
			isa = XCConfigurationList;
			buildConfigurations = (
				EAF0F9A614BC7B8C00544416 /* Debug */,
				EAF0F9A714BC7B8C00544416 /* Release */,
			);
			defaultConfigurationIsVisible = 0;
			defaultConfigurationName = Release;
		};
		EAF0F9A814BC7B8C00544416 /* Build configuration list for PBXNativeTarget "wsabi2Tests" */ = {
			isa = XCConfigurationList;
			buildConfigurations = (
				EAF0F9A914BC7B8C00544416 /* Debug */,
				EAF0F9AA14BC7B8C00544416 /* Release */,
			);
			defaultConfigurationIsVisible = 0;
			defaultConfigurationName = Release;
		};
/* End XCConfigurationList section */

/* Begin XCVersionGroup section */
		EA8E447C14BC9E6B007D9B43 /* wsabi2.xcdatamodeld */ = {
			isa = XCVersionGroup;
			children = (
				EA8E447D14BC9E6B007D9B43 /* wsabi2.xcdatamodel */,
			);
			currentVersion = EA8E447D14BC9E6B007D9B43 /* wsabi2.xcdatamodel */;
			path = wsabi2.xcdatamodeld;
			sourceTree = "<group>";
			versionGroupType = wrapper.xcdatamodel;
		};
/* End XCVersionGroup section */
	};
	rootObject = EAF0F96914BC7B8C00544416 /* Project object */;
}
