// !$*UTF8*$!
{
	archiveVersion = 1;
	classes = {
	};
	objectVersion = 46;
	objects = {

/* Begin PBXBuildFile section */
		EA26F70514D9728000BC54F5 /* ELCTextfieldCell.m in Sources */ = {isa = PBXBuildFile; fileRef = EA26F70214D9728000BC54F5 /* ELCTextfieldCell.m */; };
		EA26F70814D972A200BC54F5 /* README in Resources */ = {isa = PBXBuildFile; fileRef = EA26F70714D972A200BC54F5 /* README */; };
		EA26F72814D9983E00BC54F5 /* WSCDPerson.m in Sources */ = {isa = PBXBuildFile; fileRef = EA26F72714D9983E00BC54F5 /* WSCDPerson.m */; };
		EA26F72B14D9983E00BC54F5 /* WSCDItem.m in Sources */ = {isa = PBXBuildFile; fileRef = EA26F72A14D9983E00BC54F5 /* WSCDItem.m */; };
		EA26F72E14D9983E00BC54F5 /* WSCDDeviceDefinition.m in Sources */ = {isa = PBXBuildFile; fileRef = EA26F72D14D9983E00BC54F5 /* WSCDDeviceDefinition.m */; };
		EA2779CC14DACD44002484CF /* AbstractActionSheetPicker.m in Sources */ = {isa = PBXBuildFile; fileRef = EA2779C314DACD44002484CF /* AbstractActionSheetPicker.m */; settings = {COMPILER_FLAGS = "-fno-objc-arc"; }; };
		EA2779CD14DACD44002484CF /* ActionSheetDatePicker.m in Sources */ = {isa = PBXBuildFile; fileRef = EA2779C514DACD44002484CF /* ActionSheetDatePicker.m */; settings = {COMPILER_FLAGS = "-fno-objc-arc"; }; };
		EA2779CE14DACD44002484CF /* ActionSheetDistancePicker.m in Sources */ = {isa = PBXBuildFile; fileRef = EA2779C714DACD44002484CF /* ActionSheetDistancePicker.m */; settings = {COMPILER_FLAGS = "-fno-objc-arc"; }; };
		EA2779CF14DACD44002484CF /* ActionSheetStringPicker.m in Sources */ = {isa = PBXBuildFile; fileRef = EA2779C914DACD44002484CF /* ActionSheetStringPicker.m */; settings = {COMPILER_FLAGS = "-fno-objc-arc"; }; };
		EA2779D014DACD44002484CF /* DistancePickerView.m in Sources */ = {isa = PBXBuildFile; fileRef = EA2779CB14DACD44002484CF /* DistancePickerView.m */; settings = {COMPILER_FLAGS = "-fno-objc-arc"; }; };
		EA2779D314DACD5B002484CF /* README.md in Resources */ = {isa = PBXBuildFile; fileRef = EA2779D214DACD5B002484CF /* README.md */; };
		EA277AA414DC37FE002484CF /* MapKit.framework in Frameworks */ = {isa = PBXBuildFile; fileRef = EA277AA314DC37FE002484CF /* MapKit.framework */; };
		EA277AA614DC3807002484CF /* CoreLocation.framework in Frameworks */ = {isa = PBXBuildFile; fileRef = EA277AA514DC3807002484CF /* CoreLocation.framework */; };
		EA277AAF14DC3EE5002484CF /* WSModalityChooserController.m in Sources */ = {isa = PBXBuildFile; fileRef = EA277AAD14DC3EE5002484CF /* WSModalityChooserController.m */; };
		EA277AB014DC3EE5002484CF /* WSModalityChooserController.xib in Resources */ = {isa = PBXBuildFile; fileRef = EA277AAE14DC3EE5002484CF /* WSModalityChooserController.xib */; };
		EA277AB314DC4092002484CF /* WSModalityMap.m in Sources */ = {isa = PBXBuildFile; fileRef = EA277AB214DC4092002484CF /* WSModalityMap.m */; };
		EA277AB714DC5787002484CF /* WSSubmodalityChooserController.m in Sources */ = {isa = PBXBuildFile; fileRef = EA277AB514DC5787002484CF /* WSSubmodalityChooserController.m */; };
		EA277AB814DC5787002484CF /* WSSubmodalityChooserController.xib in Resources */ = {isa = PBXBuildFile; fileRef = EA277AB614DC5787002484CF /* WSSubmodalityChooserController.xib */; };
		EA277ABD14DC5CD1002484CF /* WSDeviceChooserController.m in Sources */ = {isa = PBXBuildFile; fileRef = EA277ABB14DC5CD1002484CF /* WSDeviceChooserController.m */; };
		EA277ABE14DC5CD1002484CF /* WSDeviceChooserController.xib in Resources */ = {isa = PBXBuildFile; fileRef = EA277ABC14DC5CD1002484CF /* WSDeviceChooserController.xib */; };
		EA277AC214DC6DDA002484CF /* WSDeviceSetupController.m in Sources */ = {isa = PBXBuildFile; fileRef = EA277AC014DC6DDA002484CF /* WSDeviceSetupController.m */; };
		EA277AC314DC6DDA002484CF /* WSDeviceSetupController.xib in Resources */ = {isa = PBXBuildFile; fileRef = EA277AC114DC6DDA002484CF /* WSDeviceSetupController.xib */; };
		EA277AC514DC72C9002484CF /* checkmark-green.png in Resources */ = {isa = PBXBuildFile; fileRef = EA277AC414DC72C9002484CF /* checkmark-green.png */; };
		EA277AC814DC7B8E002484CF /* UIView+FirstResponder.m in Sources */ = {isa = PBXBuildFile; fileRef = EA277AC714DC7B8E002484CF /* UIView+FirstResponder.m */; };
		EA277ACB14DC7E09002484CF /* ELCTextfieldCellWide.m in Sources */ = {isa = PBXBuildFile; fileRef = EA277ACA14DC7E09002484CF /* ELCTextfieldCellWide.m */; };
		EA277ACF14E187FA002484CF /* DeleteRed.png in Resources */ = {isa = PBXBuildFile; fileRef = EA277ACE14E187FA002484CF /* DeleteRed.png */; };
		EA2D105514D7344300C23365 /* WSBiographicalDataController.m in Sources */ = {isa = PBXBuildFile; fileRef = EA2D105314D7344300C23365 /* WSBiographicalDataController.m */; };
		EA2D105614D7344300C23365 /* WSBiographicalDataController.xib in Resources */ = {isa = PBXBuildFile; fileRef = EA2D105414D7344300C23365 /* WSBiographicalDataController.xib */; };
		EA8A046714C752B000199FF8 /* QuartzCore.framework in Frameworks */ = {isa = PBXBuildFile; fileRef = EA8A046614C752B000199FF8 /* QuartzCore.framework */; };
		EA8A046C14C7599A00199FF8 /* plus-button.png in Resources */ = {isa = PBXBuildFile; fileRef = EA8A046B14C7599A00199FF8 /* plus-button.png */; };
		EA8A047414C861F600199FF8 /* personcell-bg-selected.png in Resources */ = {isa = PBXBuildFile; fileRef = EA8A047314C861F600199FF8 /* personcell-bg-selected.png */; };
		EA8A051214C877FE00199FF8 /* glossyButton-black-disabled.png in Resources */ = {isa = PBXBuildFile; fileRef = EA8A050F14C877FE00199FF8 /* glossyButton-black-disabled.png */; };
		EA8A051314C877FE00199FF8 /* glossyButton-black-highlighted.png in Resources */ = {isa = PBXBuildFile; fileRef = EA8A051014C877FE00199FF8 /* glossyButton-black-highlighted.png */; };
		EA8A051414C877FE00199FF8 /* glossyButton-black-normal.png in Resources */ = {isa = PBXBuildFile; fileRef = EA8A051114C877FE00199FF8 /* glossyButton-black-normal.png */; };
		EA8A051814C8938A00199FF8 /* NSManagedObject+DeepCopy.m in Sources */ = {isa = PBXBuildFile; fileRef = EA8A051714C8938A00199FF8 /* NSManagedObject+DeepCopy.m */; };
		EA8E447E14BC9E6B007D9B43 /* wsabi2.xcdatamodeld in Sources */ = {isa = PBXBuildFile; fileRef = EA8E447C14BC9E6B007D9B43 /* wsabi2.xcdatamodeld */; };
		EA8F483314D1A1BE00503E9C /* GMGridView.m in Sources */ = {isa = PBXBuildFile; fileRef = EA8F482914D1A1BE00503E9C /* GMGridView.m */; };
		EA8F483414D1A1BE00503E9C /* GMGridViewCell.m in Sources */ = {isa = PBXBuildFile; fileRef = EA8F482C14D1A1BE00503E9C /* GMGridViewCell.m */; };
		EA8F483514D1A1BE00503E9C /* GMGridViewLayoutStrategies.m in Sources */ = {isa = PBXBuildFile; fileRef = EA8F482E14D1A1BE00503E9C /* GMGridViewLayoutStrategies.m */; };
		EA8F483614D1A1BE00503E9C /* UIGestureRecognizer+GMGridViewAdditions.m in Sources */ = {isa = PBXBuildFile; fileRef = EA8F483014D1A1BE00503E9C /* UIGestureRecognizer+GMGridViewAdditions.m */; };
		EA8F483714D1A1BE00503E9C /* UIView+GMGridViewAdditions.m in Sources */ = {isa = PBXBuildFile; fileRef = EA8F483214D1A1BE00503E9C /* UIView+GMGridViewAdditions.m */; };
		EA8F483914D1A1D500503E9C /* close_x.png in Resources */ = {isa = PBXBuildFile; fileRef = EA8F483814D1A1D500503E9C /* close_x.png */; };
		EA9FDF0314D337BC00C16BA8 /* WSCaptureController.m in Sources */ = {isa = PBXBuildFile; fileRef = EA9FDF0114D337BC00C16BA8 /* WSCaptureController.m */; };
		EA9FDF0414D337BC00C16BA8 /* WSCaptureController.xib in Resources */ = {isa = PBXBuildFile; fileRef = EA9FDF0214D337BC00C16BA8 /* WSCaptureController.xib */; };
		EAA6FF8F14C7176500006BCB /* Developer_README.md in Resources */ = {isa = PBXBuildFile; fileRef = EAA6FF8E14C7176500006BCB /* Developer_README.md */; };
		EAA6FF9114C71C5C00006BCB /* WSPersonTableViewCell.xib in Resources */ = {isa = PBXBuildFile; fileRef = EAA6FF9014C71C5C00006BCB /* WSPersonTableViewCell.xib */; };
		EAA6FF9414C71C7400006BCB /* WSPersonTableViewCell.m in Sources */ = {isa = PBXBuildFile; fileRef = EAA6FF9314C71C7400006BCB /* WSPersonTableViewCell.m */; };
		EAA6FFA014C7289A00006BCB /* WSItemGridCell.m in Sources */ = {isa = PBXBuildFile; fileRef = EAA6FF9F14C7289A00006BCB /* WSItemGridCell.m */; };
		EAF0F97714BC7B8C00544416 /* UIKit.framework in Frameworks */ = {isa = PBXBuildFile; fileRef = EAF0F97614BC7B8C00544416 /* UIKit.framework */; };
		EAF0F97914BC7B8C00544416 /* Foundation.framework in Frameworks */ = {isa = PBXBuildFile; fileRef = EAF0F97814BC7B8C00544416 /* Foundation.framework */; };
		EAF0F97B14BC7B8C00544416 /* CoreGraphics.framework in Frameworks */ = {isa = PBXBuildFile; fileRef = EAF0F97A14BC7B8C00544416 /* CoreGraphics.framework */; };
		EAF0F98114BC7B8C00544416 /* InfoPlist.strings in Resources */ = {isa = PBXBuildFile; fileRef = EAF0F97F14BC7B8C00544416 /* InfoPlist.strings */; };
		EAF0F98314BC7B8C00544416 /* main.m in Sources */ = {isa = PBXBuildFile; fileRef = EAF0F98214BC7B8C00544416 /* main.m */; };
		EAF0F98714BC7B8C00544416 /* WSAppDelegate.m in Sources */ = {isa = PBXBuildFile; fileRef = EAF0F98614BC7B8C00544416 /* WSAppDelegate.m */; };
		EAF0F98A14BC7B8C00544416 /* WSViewController.m in Sources */ = {isa = PBXBuildFile; fileRef = EAF0F98914BC7B8C00544416 /* WSViewController.m */; };
		EAF0F98D14BC7B8C00544416 /* WSViewController.xib in Resources */ = {isa = PBXBuildFile; fileRef = EAF0F98B14BC7B8C00544416 /* WSViewController.xib */; };
		EAF0F99514BC7B8C00544416 /* SenTestingKit.framework in Frameworks */ = {isa = PBXBuildFile; fileRef = EAF0F99414BC7B8C00544416 /* SenTestingKit.framework */; };
		EAF0F99614BC7B8C00544416 /* UIKit.framework in Frameworks */ = {isa = PBXBuildFile; fileRef = EAF0F97614BC7B8C00544416 /* UIKit.framework */; };
		EAF0F99714BC7B8C00544416 /* Foundation.framework in Frameworks */ = {isa = PBXBuildFile; fileRef = EAF0F97814BC7B8C00544416 /* Foundation.framework */; };
		EAF0F99F14BC7B8C00544416 /* InfoPlist.strings in Resources */ = {isa = PBXBuildFile; fileRef = EAF0F99D14BC7B8C00544416 /* InfoPlist.strings */; };
		EAF0F9A214BC7B8C00544416 /* wsabi2Tests.m in Sources */ = {isa = PBXBuildFile; fileRef = EAF0F9A114BC7B8C00544416 /* wsabi2Tests.m */; };
		EAF0FA0014BC812900544416 /* CoreData.framework in Frameworks */ = {isa = PBXBuildFile; fileRef = EAF0F9FF14BC812900544416 /* CoreData.framework */; };
		EAFB96D914CDE7E00088F1E8 /* Delete.png in Resources */ = {isa = PBXBuildFile; fileRef = EAFB96D814CDE7E00088F1E8 /* Delete.png */; };
/* End PBXBuildFile section */

/* Begin PBXContainerItemProxy section */
		EAF0F99814BC7B8C00544416 /* PBXContainerItemProxy */ = {
			isa = PBXContainerItemProxy;
			containerPortal = EAF0F96914BC7B8C00544416 /* Project object */;
			proxyType = 1;
			remoteGlobalIDString = EAF0F97114BC7B8C00544416;
			remoteInfo = wsabi2;
		};
/* End PBXContainerItemProxy section */

/* Begin PBXFileReference section */
		EA202D7314C74F6600776BF3 /* constants.h */ = {isa = PBXFileReference; fileEncoding = 4; lastKnownFileType = sourcecode.c.h; path = constants.h; sourceTree = "<group>"; };
		EA26F70114D9728000BC54F5 /* ELCTextfieldCell.h */ = {isa = PBXFileReference; fileEncoding = 4; lastKnownFileType = sourcecode.c.h; path = ELCTextfieldCell.h; sourceTree = "<group>"; };
		EA26F70214D9728000BC54F5 /* ELCTextfieldCell.m */ = {isa = PBXFileReference; fileEncoding = 4; lastKnownFileType = sourcecode.c.objc; path = ELCTextfieldCell.m; sourceTree = "<group>"; };
		EA26F70714D972A200BC54F5 /* README */ = {isa = PBXFileReference; fileEncoding = 4; lastKnownFileType = text; path = README; sourceTree = "<group>"; };
		EA26F72614D9983E00BC54F5 /* WSCDPerson.h */ = {isa = PBXFileReference; fileEncoding = 4; lastKnownFileType = sourcecode.c.h; path = WSCDPerson.h; sourceTree = "<group>"; };
		EA26F72714D9983E00BC54F5 /* WSCDPerson.m */ = {isa = PBXFileReference; fileEncoding = 4; lastKnownFileType = sourcecode.c.objc; path = WSCDPerson.m; sourceTree = "<group>"; };
		EA26F72914D9983E00BC54F5 /* WSCDItem.h */ = {isa = PBXFileReference; fileEncoding = 4; lastKnownFileType = sourcecode.c.h; path = WSCDItem.h; sourceTree = "<group>"; };
		EA26F72A14D9983E00BC54F5 /* WSCDItem.m */ = {isa = PBXFileReference; fileEncoding = 4; lastKnownFileType = sourcecode.c.objc; path = WSCDItem.m; sourceTree = "<group>"; };
		EA26F72C14D9983E00BC54F5 /* WSCDDeviceDefinition.h */ = {isa = PBXFileReference; fileEncoding = 4; lastKnownFileType = sourcecode.c.h; path = WSCDDeviceDefinition.h; sourceTree = "<group>"; };
		EA26F72D14D9983E00BC54F5 /* WSCDDeviceDefinition.m */ = {isa = PBXFileReference; fileEncoding = 4; lastKnownFileType = sourcecode.c.objc; path = WSCDDeviceDefinition.m; sourceTree = "<group>"; };
		EA2779C214DACD44002484CF /* AbstractActionSheetPicker.h */ = {isa = PBXFileReference; fileEncoding = 4; lastKnownFileType = sourcecode.c.h; path = AbstractActionSheetPicker.h; sourceTree = "<group>"; };
		EA2779C314DACD44002484CF /* AbstractActionSheetPicker.m */ = {isa = PBXFileReference; fileEncoding = 4; lastKnownFileType = sourcecode.c.objc; path = AbstractActionSheetPicker.m; sourceTree = "<group>"; };
		EA2779C414DACD44002484CF /* ActionSheetDatePicker.h */ = {isa = PBXFileReference; fileEncoding = 4; lastKnownFileType = sourcecode.c.h; path = ActionSheetDatePicker.h; sourceTree = "<group>"; };
		EA2779C514DACD44002484CF /* ActionSheetDatePicker.m */ = {isa = PBXFileReference; fileEncoding = 4; lastKnownFileType = sourcecode.c.objc; path = ActionSheetDatePicker.m; sourceTree = "<group>"; };
		EA2779C614DACD44002484CF /* ActionSheetDistancePicker.h */ = {isa = PBXFileReference; fileEncoding = 4; lastKnownFileType = sourcecode.c.h; path = ActionSheetDistancePicker.h; sourceTree = "<group>"; };
		EA2779C714DACD44002484CF /* ActionSheetDistancePicker.m */ = {isa = PBXFileReference; fileEncoding = 4; lastKnownFileType = sourcecode.c.objc; path = ActionSheetDistancePicker.m; sourceTree = "<group>"; };
		EA2779C814DACD44002484CF /* ActionSheetStringPicker.h */ = {isa = PBXFileReference; fileEncoding = 4; lastKnownFileType = sourcecode.c.h; path = ActionSheetStringPicker.h; sourceTree = "<group>"; };
		EA2779C914DACD44002484CF /* ActionSheetStringPicker.m */ = {isa = PBXFileReference; fileEncoding = 4; lastKnownFileType = sourcecode.c.objc; path = ActionSheetStringPicker.m; sourceTree = "<group>"; };
		EA2779CA14DACD44002484CF /* DistancePickerView.h */ = {isa = PBXFileReference; fileEncoding = 4; lastKnownFileType = sourcecode.c.h; path = DistancePickerView.h; sourceTree = "<group>"; };
		EA2779CB14DACD44002484CF /* DistancePickerView.m */ = {isa = PBXFileReference; fileEncoding = 4; lastKnownFileType = sourcecode.c.objc; path = DistancePickerView.m; sourceTree = "<group>"; };
		EA2779D114DACD50002484CF /* ActionSheetPicker.h */ = {isa = PBXFileReference; fileEncoding = 4; lastKnownFileType = sourcecode.c.h; path = ActionSheetPicker.h; sourceTree = "<group>"; };
		EA2779D214DACD5B002484CF /* README.md */ = {isa = PBXFileReference; fileEncoding = 4; lastKnownFileType = text; path = README.md; sourceTree = "<group>"; };
		EA277AA314DC37FE002484CF /* MapKit.framework */ = {isa = PBXFileReference; lastKnownFileType = wrapper.framework; name = MapKit.framework; path = System/Library/Frameworks/MapKit.framework; sourceTree = SDKROOT; };
		EA277AA514DC3807002484CF /* CoreLocation.framework */ = {isa = PBXFileReference; lastKnownFileType = wrapper.framework; name = CoreLocation.framework; path = System/Library/Frameworks/CoreLocation.framework; sourceTree = SDKROOT; };
		EA277AAC14DC3EE5002484CF /* WSModalityChooserController.h */ = {isa = PBXFileReference; fileEncoding = 4; lastKnownFileType = sourcecode.c.h; path = WSModalityChooserController.h; sourceTree = "<group>"; };
		EA277AAD14DC3EE5002484CF /* WSModalityChooserController.m */ = {isa = PBXFileReference; fileEncoding = 4; lastKnownFileType = sourcecode.c.objc; path = WSModalityChooserController.m; sourceTree = "<group>"; };
		EA277AAE14DC3EE5002484CF /* WSModalityChooserController.xib */ = {isa = PBXFileReference; fileEncoding = 4; lastKnownFileType = file.xib; path = WSModalityChooserController.xib; sourceTree = "<group>"; };
		EA277AB114DC4092002484CF /* WSModalityMap.h */ = {isa = PBXFileReference; fileEncoding = 4; lastKnownFileType = sourcecode.c.h; path = WSModalityMap.h; sourceTree = "<group>"; };
		EA277AB214DC4092002484CF /* WSModalityMap.m */ = {isa = PBXFileReference; fileEncoding = 4; lastKnownFileType = sourcecode.c.objc; path = WSModalityMap.m; sourceTree = "<group>"; };
		EA277AB414DC5787002484CF /* WSSubmodalityChooserController.h */ = {isa = PBXFileReference; fileEncoding = 4; lastKnownFileType = sourcecode.c.h; path = WSSubmodalityChooserController.h; sourceTree = "<group>"; };
		EA277AB514DC5787002484CF /* WSSubmodalityChooserController.m */ = {isa = PBXFileReference; fileEncoding = 4; lastKnownFileType = sourcecode.c.objc; path = WSSubmodalityChooserController.m; sourceTree = "<group>"; };
		EA277AB614DC5787002484CF /* WSSubmodalityChooserController.xib */ = {isa = PBXFileReference; fileEncoding = 4; lastKnownFileType = file.xib; path = WSSubmodalityChooserController.xib; sourceTree = "<group>"; };
		EA277ABA14DC5CD1002484CF /* WSDeviceChooserController.h */ = {isa = PBXFileReference; fileEncoding = 4; lastKnownFileType = sourcecode.c.h; path = WSDeviceChooserController.h; sourceTree = "<group>"; };
		EA277ABB14DC5CD1002484CF /* WSDeviceChooserController.m */ = {isa = PBXFileReference; fileEncoding = 4; lastKnownFileType = sourcecode.c.objc; path = WSDeviceChooserController.m; sourceTree = "<group>"; };
		EA277ABC14DC5CD1002484CF /* WSDeviceChooserController.xib */ = {isa = PBXFileReference; fileEncoding = 4; lastKnownFileType = file.xib; path = WSDeviceChooserController.xib; sourceTree = "<group>"; };
		EA277ABF14DC6DDA002484CF /* WSDeviceSetupController.h */ = {isa = PBXFileReference; fileEncoding = 4; lastKnownFileType = sourcecode.c.h; path = WSDeviceSetupController.h; sourceTree = "<group>"; };
		EA277AC014DC6DDA002484CF /* WSDeviceSetupController.m */ = {isa = PBXFileReference; fileEncoding = 4; lastKnownFileType = sourcecode.c.objc; path = WSDeviceSetupController.m; sourceTree = "<group>"; };
		EA277AC114DC6DDA002484CF /* WSDeviceSetupController.xib */ = {isa = PBXFileReference; fileEncoding = 4; lastKnownFileType = file.xib; path = WSDeviceSetupController.xib; sourceTree = "<group>"; };
		EA277AC414DC72C9002484CF /* checkmark-green.png */ = {isa = PBXFileReference; lastKnownFileType = image.png; path = "checkmark-green.png"; sourceTree = "<group>"; };
		EA277AC614DC7B8E002484CF /* UIView+FirstResponder.h */ = {isa = PBXFileReference; fileEncoding = 4; lastKnownFileType = sourcecode.c.h; path = "UIView+FirstResponder.h"; sourceTree = "<group>"; };
		EA277AC714DC7B8E002484CF /* UIView+FirstResponder.m */ = {isa = PBXFileReference; fileEncoding = 4; lastKnownFileType = sourcecode.c.objc; path = "UIView+FirstResponder.m"; sourceTree = "<group>"; };
		EA277AC914DC7E08002484CF /* ELCTextfieldCellWide.h */ = {isa = PBXFileReference; fileEncoding = 4; lastKnownFileType = sourcecode.c.h; path = ELCTextfieldCellWide.h; sourceTree = "<group>"; };
		EA277ACA14DC7E09002484CF /* ELCTextfieldCellWide.m */ = {isa = PBXFileReference; fileEncoding = 4; lastKnownFileType = sourcecode.c.objc; path = ELCTextfieldCellWide.m; sourceTree = "<group>"; };
		EA277ACE14E187FA002484CF /* DeleteRed.png */ = {isa = PBXFileReference; lastKnownFileType = image.png; path = DeleteRed.png; sourceTree = "<group>"; };
		EA2D105214D7344300C23365 /* WSBiographicalDataController.h */ = {isa = PBXFileReference; fileEncoding = 4; lastKnownFileType = sourcecode.c.h; path = WSBiographicalDataController.h; sourceTree = "<group>"; };
		EA2D105314D7344300C23365 /* WSBiographicalDataController.m */ = {isa = PBXFileReference; fileEncoding = 4; lastKnownFileType = sourcecode.c.objc; path = WSBiographicalDataController.m; sourceTree = "<group>"; };
		EA2D105414D7344300C23365 /* WSBiographicalDataController.xib */ = {isa = PBXFileReference; fileEncoding = 4; lastKnownFileType = file.xib; path = WSBiographicalDataController.xib; sourceTree = "<group>"; };
		EA8A046614C752B000199FF8 /* QuartzCore.framework */ = {isa = PBXFileReference; lastKnownFileType = wrapper.framework; name = QuartzCore.framework; path = System/Library/Frameworks/QuartzCore.framework; sourceTree = SDKROOT; };
		EA8A046B14C7599A00199FF8 /* plus-button.png */ = {isa = PBXFileReference; lastKnownFileType = image.png; path = "plus-button.png"; sourceTree = "<group>"; };
		EA8A047314C861F600199FF8 /* personcell-bg-selected.png */ = {isa = PBXFileReference; lastKnownFileType = image.png; path = "personcell-bg-selected.png"; sourceTree = "<group>"; };
		EA8A050F14C877FE00199FF8 /* glossyButton-black-disabled.png */ = {isa = PBXFileReference; lastKnownFileType = image.png; path = "glossyButton-black-disabled.png"; sourceTree = "<group>"; };
		EA8A051014C877FE00199FF8 /* glossyButton-black-highlighted.png */ = {isa = PBXFileReference; lastKnownFileType = image.png; path = "glossyButton-black-highlighted.png"; sourceTree = "<group>"; };
		EA8A051114C877FE00199FF8 /* glossyButton-black-normal.png */ = {isa = PBXFileReference; lastKnownFileType = image.png; path = "glossyButton-black-normal.png"; sourceTree = "<group>"; };
		EA8A051614C8938A00199FF8 /* NSManagedObject+DeepCopy.h */ = {isa = PBXFileReference; fileEncoding = 4; lastKnownFileType = sourcecode.c.h; path = "NSManagedObject+DeepCopy.h"; sourceTree = "<group>"; };
		EA8A051714C8938A00199FF8 /* NSManagedObject+DeepCopy.m */ = {isa = PBXFileReference; fileEncoding = 4; lastKnownFileType = sourcecode.c.objc; path = "NSManagedObject+DeepCopy.m"; sourceTree = "<group>"; };
		EA8E447D14BC9E6B007D9B43 /* wsabi2.xcdatamodel */ = {isa = PBXFileReference; lastKnownFileType = wrapper.xcdatamodel; path = wsabi2.xcdatamodel; sourceTree = "<group>"; };
		EA8F482714D1A1BE00503E9C /* GMGridView-Constants.h */ = {isa = PBXFileReference; fileEncoding = 4; lastKnownFileType = sourcecode.c.h; path = "GMGridView-Constants.h"; sourceTree = "<group>"; };
		EA8F482814D1A1BE00503E9C /* GMGridView.h */ = {isa = PBXFileReference; fileEncoding = 4; lastKnownFileType = sourcecode.c.h; path = GMGridView.h; sourceTree = "<group>"; };
		EA8F482914D1A1BE00503E9C /* GMGridView.m */ = {isa = PBXFileReference; fileEncoding = 4; lastKnownFileType = sourcecode.c.objc; path = GMGridView.m; sourceTree = "<group>"; };
		EA8F482A14D1A1BE00503E9C /* GMGridViewCell+Extended.h */ = {isa = PBXFileReference; fileEncoding = 4; lastKnownFileType = sourcecode.c.h; path = "GMGridViewCell+Extended.h"; sourceTree = "<group>"; };
		EA8F482B14D1A1BE00503E9C /* GMGridViewCell.h */ = {isa = PBXFileReference; fileEncoding = 4; lastKnownFileType = sourcecode.c.h; path = GMGridViewCell.h; sourceTree = "<group>"; };
		EA8F482C14D1A1BE00503E9C /* GMGridViewCell.m */ = {isa = PBXFileReference; fileEncoding = 4; lastKnownFileType = sourcecode.c.objc; path = GMGridViewCell.m; sourceTree = "<group>"; };
		EA8F482D14D1A1BE00503E9C /* GMGridViewLayoutStrategies.h */ = {isa = PBXFileReference; fileEncoding = 4; lastKnownFileType = sourcecode.c.h; path = GMGridViewLayoutStrategies.h; sourceTree = "<group>"; };
		EA8F482E14D1A1BE00503E9C /* GMGridViewLayoutStrategies.m */ = {isa = PBXFileReference; fileEncoding = 4; lastKnownFileType = sourcecode.c.objc; path = GMGridViewLayoutStrategies.m; sourceTree = "<group>"; };
		EA8F482F14D1A1BE00503E9C /* UIGestureRecognizer+GMGridViewAdditions.h */ = {isa = PBXFileReference; fileEncoding = 4; lastKnownFileType = sourcecode.c.h; path = "UIGestureRecognizer+GMGridViewAdditions.h"; sourceTree = "<group>"; };
		EA8F483014D1A1BE00503E9C /* UIGestureRecognizer+GMGridViewAdditions.m */ = {isa = PBXFileReference; fileEncoding = 4; lastKnownFileType = sourcecode.c.objc; path = "UIGestureRecognizer+GMGridViewAdditions.m"; sourceTree = "<group>"; };
		EA8F483114D1A1BE00503E9C /* UIView+GMGridViewAdditions.h */ = {isa = PBXFileReference; fileEncoding = 4; lastKnownFileType = sourcecode.c.h; path = "UIView+GMGridViewAdditions.h"; sourceTree = "<group>"; };
		EA8F483214D1A1BE00503E9C /* UIView+GMGridViewAdditions.m */ = {isa = PBXFileReference; fileEncoding = 4; lastKnownFileType = sourcecode.c.objc; path = "UIView+GMGridViewAdditions.m"; sourceTree = "<group>"; };
		EA8F483814D1A1D500503E9C /* close_x.png */ = {isa = PBXFileReference; lastKnownFileType = image.png; path = close_x.png; sourceTree = "<group>"; };
		EA9FDF0014D337BC00C16BA8 /* WSCaptureController.h */ = {isa = PBXFileReference; fileEncoding = 4; lastKnownFileType = sourcecode.c.h; path = WSCaptureController.h; sourceTree = "<group>"; };
		EA9FDF0114D337BC00C16BA8 /* WSCaptureController.m */ = {isa = PBXFileReference; fileEncoding = 4; lastKnownFileType = sourcecode.c.objc; path = WSCaptureController.m; sourceTree = "<group>"; };
		EA9FDF0214D337BC00C16BA8 /* WSCaptureController.xib */ = {isa = PBXFileReference; fileEncoding = 4; lastKnownFileType = file.xib; path = WSCaptureController.xib; sourceTree = "<group>"; };
		EAA6FF8E14C7176500006BCB /* Developer_README.md */ = {isa = PBXFileReference; fileEncoding = 4; lastKnownFileType = text; path = Developer_README.md; sourceTree = "<group>"; };
		EAA6FF9014C71C5C00006BCB /* WSPersonTableViewCell.xib */ = {isa = PBXFileReference; fileEncoding = 4; lastKnownFileType = file.xib; path = WSPersonTableViewCell.xib; sourceTree = "<group>"; };
		EAA6FF9214C71C7400006BCB /* WSPersonTableViewCell.h */ = {isa = PBXFileReference; fileEncoding = 4; lastKnownFileType = sourcecode.c.h; path = WSPersonTableViewCell.h; sourceTree = "<group>"; };
		EAA6FF9314C71C7400006BCB /* WSPersonTableViewCell.m */ = {isa = PBXFileReference; fileEncoding = 4; lastKnownFileType = sourcecode.c.objc; path = WSPersonTableViewCell.m; sourceTree = "<group>"; };
		EAA6FF9E14C7289A00006BCB /* WSItemGridCell.h */ = {isa = PBXFileReference; fileEncoding = 4; lastKnownFileType = sourcecode.c.h; path = WSItemGridCell.h; sourceTree = "<group>"; };
		EAA6FF9F14C7289A00006BCB /* WSItemGridCell.m */ = {isa = PBXFileReference; fileEncoding = 4; lastKnownFileType = sourcecode.c.objc; path = WSItemGridCell.m; sourceTree = "<group>"; };
		EAF0F97214BC7B8C00544416 /* wsabi2.app */ = {isa = PBXFileReference; explicitFileType = wrapper.application; includeInIndex = 0; path = wsabi2.app; sourceTree = BUILT_PRODUCTS_DIR; };
		EAF0F97614BC7B8C00544416 /* UIKit.framework */ = {isa = PBXFileReference; lastKnownFileType = wrapper.framework; name = UIKit.framework; path = System/Library/Frameworks/UIKit.framework; sourceTree = SDKROOT; };
		EAF0F97814BC7B8C00544416 /* Foundation.framework */ = {isa = PBXFileReference; lastKnownFileType = wrapper.framework; name = Foundation.framework; path = System/Library/Frameworks/Foundation.framework; sourceTree = SDKROOT; };
		EAF0F97A14BC7B8C00544416 /* CoreGraphics.framework */ = {isa = PBXFileReference; lastKnownFileType = wrapper.framework; name = CoreGraphics.framework; path = System/Library/Frameworks/CoreGraphics.framework; sourceTree = SDKROOT; };
		EAF0F97E14BC7B8C00544416 /* wsabi2-Info.plist */ = {isa = PBXFileReference; lastKnownFileType = text.plist.xml; path = "wsabi2-Info.plist"; sourceTree = "<group>"; };
		EAF0F98014BC7B8C00544416 /* en */ = {isa = PBXFileReference; lastKnownFileType = text.plist.strings; name = en; path = en.lproj/InfoPlist.strings; sourceTree = "<group>"; };
		EAF0F98214BC7B8C00544416 /* main.m */ = {isa = PBXFileReference; lastKnownFileType = sourcecode.c.objc; path = main.m; sourceTree = "<group>"; };
		EAF0F98414BC7B8C00544416 /* wsabi2-Prefix.pch */ = {isa = PBXFileReference; lastKnownFileType = sourcecode.c.h; path = "wsabi2-Prefix.pch"; sourceTree = "<group>"; };
		EAF0F98514BC7B8C00544416 /* WSAppDelegate.h */ = {isa = PBXFileReference; lastKnownFileType = sourcecode.c.h; path = WSAppDelegate.h; sourceTree = "<group>"; };
		EAF0F98614BC7B8C00544416 /* WSAppDelegate.m */ = {isa = PBXFileReference; lastKnownFileType = sourcecode.c.objc; path = WSAppDelegate.m; sourceTree = "<group>"; };
		EAF0F98814BC7B8C00544416 /* WSViewController.h */ = {isa = PBXFileReference; lastKnownFileType = sourcecode.c.h; path = WSViewController.h; sourceTree = "<group>"; };
		EAF0F98914BC7B8C00544416 /* WSViewController.m */ = {isa = PBXFileReference; lastKnownFileType = sourcecode.c.objc; path = WSViewController.m; sourceTree = "<group>"; };
		EAF0F98C14BC7B8C00544416 /* en */ = {isa = PBXFileReference; lastKnownFileType = file.xib; name = en; path = en.lproj/WSViewController.xib; sourceTree = "<group>"; };
		EAF0F99314BC7B8C00544416 /* wsabi2Tests.octest */ = {isa = PBXFileReference; explicitFileType = wrapper.cfbundle; includeInIndex = 0; path = wsabi2Tests.octest; sourceTree = BUILT_PRODUCTS_DIR; };
		EAF0F99414BC7B8C00544416 /* SenTestingKit.framework */ = {isa = PBXFileReference; lastKnownFileType = wrapper.framework; name = SenTestingKit.framework; path = Library/Frameworks/SenTestingKit.framework; sourceTree = DEVELOPER_DIR; };
		EAF0F99C14BC7B8C00544416 /* wsabi2Tests-Info.plist */ = {isa = PBXFileReference; lastKnownFileType = text.plist.xml; path = "wsabi2Tests-Info.plist"; sourceTree = "<group>"; };
		EAF0F99E14BC7B8C00544416 /* en */ = {isa = PBXFileReference; lastKnownFileType = text.plist.strings; name = en; path = en.lproj/InfoPlist.strings; sourceTree = "<group>"; };
		EAF0F9A014BC7B8C00544416 /* wsabi2Tests.h */ = {isa = PBXFileReference; lastKnownFileType = sourcecode.c.h; path = wsabi2Tests.h; sourceTree = "<group>"; };
		EAF0F9A114BC7B8C00544416 /* wsabi2Tests.m */ = {isa = PBXFileReference; lastKnownFileType = sourcecode.c.objc; path = wsabi2Tests.m; sourceTree = "<group>"; };
		EAF0F9FF14BC812900544416 /* CoreData.framework */ = {isa = PBXFileReference; lastKnownFileType = wrapper.framework; name = CoreData.framework; path = System/Library/Frameworks/CoreData.framework; sourceTree = SDKROOT; };
		EAFB96D814CDE7E00088F1E8 /* Delete.png */ = {isa = PBXFileReference; lastKnownFileType = image.png; path = Delete.png; sourceTree = "<group>"; };
/* End PBXFileReference section */

/* Begin PBXFrameworksBuildPhase section */
		EAF0F96F14BC7B8C00544416 /* Frameworks */ = {
			isa = PBXFrameworksBuildPhase;
			buildActionMask = 2147483647;
			files = (
				EA277AA614DC3807002484CF /* CoreLocation.framework in Frameworks */,
				EA277AA414DC37FE002484CF /* MapKit.framework in Frameworks */,
				EA8A046714C752B000199FF8 /* QuartzCore.framework in Frameworks */,
				EAF0FA0014BC812900544416 /* CoreData.framework in Frameworks */,
				EAF0F97714BC7B8C00544416 /* UIKit.framework in Frameworks */,
				EAF0F97914BC7B8C00544416 /* Foundation.framework in Frameworks */,
				EAF0F97B14BC7B8C00544416 /* CoreGraphics.framework in Frameworks */,
			);
			runOnlyForDeploymentPostprocessing = 0;
		};
		EAF0F98F14BC7B8C00544416 /* Frameworks */ = {
			isa = PBXFrameworksBuildPhase;
			buildActionMask = 2147483647;
			files = (
				EAF0F99514BC7B8C00544416 /* SenTestingKit.framework in Frameworks */,
				EAF0F99614BC7B8C00544416 /* UIKit.framework in Frameworks */,
				EAF0F99714BC7B8C00544416 /* Foundation.framework in Frameworks */,
			);
			runOnlyForDeploymentPostprocessing = 0;
		};
/* End PBXFrameworksBuildPhase section */

/* Begin PBXGroup section */
		EA26F6FF14D9720600BC54F5 /* ELCTextFieldCell */ = {
			isa = PBXGroup;
			children = (
				EA26F70714D972A200BC54F5 /* README */,
				EA26F70114D9728000BC54F5 /* ELCTextfieldCell.h */,
				EA26F70214D9728000BC54F5 /* ELCTextfieldCell.m */,
			);
			name = ELCTextFieldCell;
			sourceTree = "<group>";
		};
		EA2779C014DACD32002484CF /* ActionSheetPicker */ = {
			isa = PBXGroup;
			children = (
				EA2779D214DACD5B002484CF /* README.md */,
				EA2779D114DACD50002484CF /* ActionSheetPicker.h */,
				EA2779C214DACD44002484CF /* AbstractActionSheetPicker.h */,
				EA2779C314DACD44002484CF /* AbstractActionSheetPicker.m */,
				EA2779C414DACD44002484CF /* ActionSheetDatePicker.h */,
				EA2779C514DACD44002484CF /* ActionSheetDatePicker.m */,
				EA2779C614DACD44002484CF /* ActionSheetDistancePicker.h */,
				EA2779C714DACD44002484CF /* ActionSheetDistancePicker.m */,
				EA2779C814DACD44002484CF /* ActionSheetStringPicker.h */,
				EA2779C914DACD44002484CF /* ActionSheetStringPicker.m */,
				EA2779CA14DACD44002484CF /* DistancePickerView.h */,
				EA2779CB14DACD44002484CF /* DistancePickerView.m */,
			);
			name = ActionSheetPicker;
			sourceTree = "<group>";
		};
		EA277AB914DC5C72002484CF /* Device Config Process */ = {
			isa = PBXGroup;
			children = (
				EA277AAC14DC3EE5002484CF /* WSModalityChooserController.h */,
				EA277AAD14DC3EE5002484CF /* WSModalityChooserController.m */,
				EA277AAE14DC3EE5002484CF /* WSModalityChooserController.xib */,
				EA277AB414DC5787002484CF /* WSSubmodalityChooserController.h */,
				EA277AB514DC5787002484CF /* WSSubmodalityChooserController.m */,
				EA277AB614DC5787002484CF /* WSSubmodalityChooserController.xib */,
				EA277ABA14DC5CD1002484CF /* WSDeviceChooserController.h */,
				EA277ABB14DC5CD1002484CF /* WSDeviceChooserController.m */,
				EA277ABC14DC5CD1002484CF /* WSDeviceChooserController.xib */,
				EA277ABF14DC6DDA002484CF /* WSDeviceSetupController.h */,
				EA277AC014DC6DDA002484CF /* WSDeviceSetupController.m */,
				EA277AC114DC6DDA002484CF /* WSDeviceSetupController.xib */,
			);
			name = "Device Config Process";
			sourceTree = "<group>";
		};
		EA8A046814C7583A00199FF8 /* Images */ = {
			isa = PBXGroup;
			children = (
				EA277AC414DC72C9002484CF /* checkmark-green.png */,
				EA8A050F14C877FE00199FF8 /* glossyButton-black-disabled.png */,
				EA8A051014C877FE00199FF8 /* glossyButton-black-highlighted.png */,
				EA8A051114C877FE00199FF8 /* glossyButton-black-normal.png */,
				EA8A047314C861F600199FF8 /* personcell-bg-selected.png */,
				EA8A046B14C7599A00199FF8 /* plus-button.png */,
				EAFB96D814CDE7E00088F1E8 /* Delete.png */,
				EA277ACE14E187FA002484CF /* DeleteRed.png */,
			);
			name = Images;
			sourceTree = "<group>";
		};
		EA8A051514C8936900199FF8 /* Categories */ = {
			isa = PBXGroup;
			children = (
				EA8A051614C8938A00199FF8 /* NSManagedObject+DeepCopy.h */,
				EA8A051714C8938A00199FF8 /* NSManagedObject+DeepCopy.m */,
				EA277AC614DC7B8E002484CF /* UIView+FirstResponder.h */,
				EA277AC714DC7B8E002484CF /* UIView+FirstResponder.m */,
			);
			name = Categories;
			sourceTree = "<group>";
		};
		EA8E447014BC9C05007D9B43 /* Table View Cells */ = {
			isa = PBXGroup;
			children = (
				EAA6FF9214C71C7400006BCB /* WSPersonTableViewCell.h */,
				EAA6FF9314C71C7400006BCB /* WSPersonTableViewCell.m */,
				EAA6FF9014C71C5C00006BCB /* WSPersonTableViewCell.xib */,
				EAA6FF9E14C7289A00006BCB /* WSItemGridCell.h */,
				EAA6FF9F14C7289A00006BCB /* WSItemGridCell.m */,
			);
			name = "Table View Cells";
			sourceTree = "<group>";
		};
		EA8E447214BC9C18007D9B43 /* Data Model */ = {
			isa = PBXGroup;
			children = (
				EA8E447C14BC9E6B007D9B43 /* wsabi2.xcdatamodeld */,
				EA26F72C14D9983E00BC54F5 /* WSCDDeviceDefinition.h */,
				EA26F72D14D9983E00BC54F5 /* WSCDDeviceDefinition.m */,
				EA26F72914D9983E00BC54F5 /* WSCDItem.h */,
				EA26F72A14D9983E00BC54F5 /* WSCDItem.m */,
				EA26F72614D9983E00BC54F5 /* WSCDPerson.h */,
				EA26F72714D9983E00BC54F5 /* WSCDPerson.m */,
			);
			name = "Data Model";
			sourceTree = "<group>";
		};
		EA8F482614D1A1BE00503E9C /* GMGridView */ = {
			isa = PBXGroup;
			children = (
				EA8F483814D1A1D500503E9C /* close_x.png */,
				EA8F482714D1A1BE00503E9C /* GMGridView-Constants.h */,
				EA8F482814D1A1BE00503E9C /* GMGridView.h */,
				EA8F482914D1A1BE00503E9C /* GMGridView.m */,
				EA8F482A14D1A1BE00503E9C /* GMGridViewCell+Extended.h */,
				EA8F482B14D1A1BE00503E9C /* GMGridViewCell.h */,
				EA8F482C14D1A1BE00503E9C /* GMGridViewCell.m */,
				EA8F482D14D1A1BE00503E9C /* GMGridViewLayoutStrategies.h */,
				EA8F482E14D1A1BE00503E9C /* GMGridViewLayoutStrategies.m */,
				EA8F482F14D1A1BE00503E9C /* UIGestureRecognizer+GMGridViewAdditions.h */,
				EA8F483014D1A1BE00503E9C /* UIGestureRecognizer+GMGridViewAdditions.m */,
				EA8F483114D1A1BE00503E9C /* UIView+GMGridViewAdditions.h */,
				EA8F483214D1A1BE00503E9C /* UIView+GMGridViewAdditions.m */,
			);
			name = GMGridView;
			path = API;
			sourceTree = "<group>";
		};
		EAA6FF7314C7137D00006BCB /* Dependencies */ = {
			isa = PBXGroup;
			children = (
				EA2779C014DACD32002484CF /* ActionSheetPicker */,
				EA26F6FF14D9720600BC54F5 /* ELCTextFieldCell */,
				EA8F482614D1A1BE00503E9C /* GMGridView */,
			);
			name = Dependencies;
			sourceTree = "<group>";
		};
		EAF0F96714BC7B8C00544416 = {
			isa = PBXGroup;
			children = (
				EAF0F97C14BC7B8C00544416 /* wsabi2 */,
				EAF0F99A14BC7B8C00544416 /* wsabi2Tests */,
				EAF0F97514BC7B8C00544416 /* Frameworks */,
				EAF0F97314BC7B8C00544416 /* Products */,
			);
			sourceTree = "<group>";
		};
		EAF0F97314BC7B8C00544416 /* Products */ = {
			isa = PBXGroup;
			children = (
				EAF0F97214BC7B8C00544416 /* wsabi2.app */,
				EAF0F99314BC7B8C00544416 /* wsabi2Tests.octest */,
			);
			name = Products;
			sourceTree = "<group>";
		};
		EAF0F97514BC7B8C00544416 /* Frameworks */ = {
			isa = PBXGroup;
			children = (
				EA277AA514DC3807002484CF /* CoreLocation.framework */,
				EA277AA314DC37FE002484CF /* MapKit.framework */,
				EA8A046614C752B000199FF8 /* QuartzCore.framework */,
				EAF0F9FF14BC812900544416 /* CoreData.framework */,
				EAF0F97614BC7B8C00544416 /* UIKit.framework */,
				EAF0F97814BC7B8C00544416 /* Foundation.framework */,
				EAF0F97A14BC7B8C00544416 /* CoreGraphics.framework */,
				EAF0F99414BC7B8C00544416 /* SenTestingKit.framework */,
			);
			name = Frameworks;
			sourceTree = "<group>";
		};
		EAF0F97C14BC7B8C00544416 /* wsabi2 */ = {
			isa = PBXGroup;
			children = (
				EAA6FF8E14C7176500006BCB /* Developer_README.md */,
				EA8A051514C8936900199FF8 /* Categories */,
				EA8A046814C7583A00199FF8 /* Images */,
				EA202D7314C74F6600776BF3 /* constants.h */,
				EAA6FF7314C7137D00006BCB /* Dependencies */,
				EA8E447214BC9C18007D9B43 /* Data Model */,
				EA277AC914DC7E08002484CF /* ELCTextfieldCellWide.h */,
				EA277ACA14DC7E09002484CF /* ELCTextfieldCellWide.m */,
				EAF0F98514BC7B8C00544416 /* WSAppDelegate.h */,
				EAF0F98614BC7B8C00544416 /* WSAppDelegate.m */,
				EA2D105214D7344300C23365 /* WSBiographicalDataController.h */,
				EA2D105314D7344300C23365 /* WSBiographicalDataController.m */,
				EA2D105414D7344300C23365 /* WSBiographicalDataController.xib */,
				EA9FDF0014D337BC00C16BA8 /* WSCaptureController.h */,
				EA9FDF0114D337BC00C16BA8 /* WSCaptureController.m */,
				EA9FDF0214D337BC00C16BA8 /* WSCaptureController.xib */,
				EA277AB914DC5C72002484CF /* Device Config Process */,
				EA277AB114DC4092002484CF /* WSModalityMap.h */,
				EA277AB214DC4092002484CF /* WSModalityMap.m */,
				EAF0F98814BC7B8C00544416 /* WSViewController.h */,
				EAF0F98914BC7B8C00544416 /* WSViewController.m */,
				EAF0F98B14BC7B8C00544416 /* WSViewController.xib */,
				EA8E447014BC9C05007D9B43 /* Table View Cells */,
				EAF0F97D14BC7B8C00544416 /* Supporting Files */,
			);
			path = wsabi2;
			sourceTree = "<group>";
		};
		EAF0F97D14BC7B8C00544416 /* Supporting Files */ = {
			isa = PBXGroup;
			children = (
				EAF0F97E14BC7B8C00544416 /* wsabi2-Info.plist */,
				EAF0F97F14BC7B8C00544416 /* InfoPlist.strings */,
				EAF0F98214BC7B8C00544416 /* main.m */,
				EAF0F98414BC7B8C00544416 /* wsabi2-Prefix.pch */,
			);
			name = "Supporting Files";
			sourceTree = "<group>";
		};
		EAF0F99A14BC7B8C00544416 /* wsabi2Tests */ = {
			isa = PBXGroup;
			children = (
				EAF0F9A014BC7B8C00544416 /* wsabi2Tests.h */,
				EAF0F9A114BC7B8C00544416 /* wsabi2Tests.m */,
				EAF0F99B14BC7B8C00544416 /* Supporting Files */,
			);
			path = wsabi2Tests;
			sourceTree = "<group>";
		};
		EAF0F99B14BC7B8C00544416 /* Supporting Files */ = {
			isa = PBXGroup;
			children = (
				EAF0F99C14BC7B8C00544416 /* wsabi2Tests-Info.plist */,
				EAF0F99D14BC7B8C00544416 /* InfoPlist.strings */,
			);
			name = "Supporting Files";
			sourceTree = "<group>";
		};
/* End PBXGroup section */

/* Begin PBXNativeTarget section */
		EAF0F97114BC7B8C00544416 /* wsabi2 */ = {
			isa = PBXNativeTarget;
			buildConfigurationList = EAF0F9A514BC7B8C00544416 /* Build configuration list for PBXNativeTarget "wsabi2" */;
			buildPhases = (
				EAF0F96E14BC7B8C00544416 /* Sources */,
				EAF0F96F14BC7B8C00544416 /* Frameworks */,
				EAF0F97014BC7B8C00544416 /* Resources */,
			);
			buildRules = (
			);
			dependencies = (
			);
			name = wsabi2;
			productName = wsabi2;
			productReference = EAF0F97214BC7B8C00544416 /* wsabi2.app */;
			productType = "com.apple.product-type.application";
		};
		EAF0F99214BC7B8C00544416 /* wsabi2Tests */ = {
			isa = PBXNativeTarget;
			buildConfigurationList = EAF0F9A814BC7B8C00544416 /* Build configuration list for PBXNativeTarget "wsabi2Tests" */;
			buildPhases = (
				EAF0F98E14BC7B8C00544416 /* Sources */,
				EAF0F98F14BC7B8C00544416 /* Frameworks */,
				EAF0F99014BC7B8C00544416 /* Resources */,
				EAF0F99114BC7B8C00544416 /* ShellScript */,
			);
			buildRules = (
			);
			dependencies = (
				EAF0F99914BC7B8C00544416 /* PBXTargetDependency */,
			);
			name = wsabi2Tests;
			productName = wsabi2Tests;
			productReference = EAF0F99314BC7B8C00544416 /* wsabi2Tests.octest */;
			productType = "com.apple.product-type.bundle";
		};
/* End PBXNativeTarget section */

/* Begin PBXProject section */
		EAF0F96914BC7B8C00544416 /* Project object */ = {
			isa = PBXProject;
			attributes = {
				LastUpgradeCheck = 0420;
			};
			buildConfigurationList = EAF0F96C14BC7B8C00544416 /* Build configuration list for PBXProject "wsabi2" */;
			compatibilityVersion = "Xcode 3.2";
			developmentRegion = English;
			hasScannedForEncodings = 0;
			knownRegions = (
				en,
			);
			mainGroup = EAF0F96714BC7B8C00544416;
			productRefGroup = EAF0F97314BC7B8C00544416 /* Products */;
			projectDirPath = "";
			projectRoot = "";
			targets = (
				EAF0F97114BC7B8C00544416 /* wsabi2 */,
				EAF0F99214BC7B8C00544416 /* wsabi2Tests */,
			);
		};
/* End PBXProject section */

/* Begin PBXResourcesBuildPhase section */
		EAF0F97014BC7B8C00544416 /* Resources */ = {
			isa = PBXResourcesBuildPhase;
			buildActionMask = 2147483647;
			files = (
				EAF0F98114BC7B8C00544416 /* InfoPlist.strings in Resources */,
				EAF0F98D14BC7B8C00544416 /* WSViewController.xib in Resources */,
				EAA6FF8F14C7176500006BCB /* Developer_README.md in Resources */,
				EAA6FF9114C71C5C00006BCB /* WSPersonTableViewCell.xib in Resources */,
				EA8A046C14C7599A00199FF8 /* plus-button.png in Resources */,
				EA8A047414C861F600199FF8 /* personcell-bg-selected.png in Resources */,
				EA8A051214C877FE00199FF8 /* glossyButton-black-disabled.png in Resources */,
				EA8A051314C877FE00199FF8 /* glossyButton-black-highlighted.png in Resources */,
				EA8A051414C877FE00199FF8 /* glossyButton-black-normal.png in Resources */,
				EAFB96D914CDE7E00088F1E8 /* Delete.png in Resources */,
				EA8F483914D1A1D500503E9C /* close_x.png in Resources */,
				EA9FDF0414D337BC00C16BA8 /* WSCaptureController.xib in Resources */,
				EA2D105614D7344300C23365 /* WSBiographicalDataController.xib in Resources */,
				EA26F70814D972A200BC54F5 /* README in Resources */,
				EA2779D314DACD5B002484CF /* README.md in Resources */,
				EA277AB014DC3EE5002484CF /* WSModalityChooserController.xib in Resources */,
				EA277AB814DC5787002484CF /* WSSubmodalityChooserController.xib in Resources */,
				EA277ABE14DC5CD1002484CF /* WSDeviceChooserController.xib in Resources */,
				EA277AC314DC6DDA002484CF /* WSDeviceSetupController.xib in Resources */,
				EA277AC514DC72C9002484CF /* checkmark-green.png in Resources */,
				EA277ACF14E187FA002484CF /* DeleteRed.png in Resources */,
			);
			runOnlyForDeploymentPostprocessing = 0;
		};
		EAF0F99014BC7B8C00544416 /* Resources */ = {
			isa = PBXResourcesBuildPhase;
			buildActionMask = 2147483647;
			files = (
				EAF0F99F14BC7B8C00544416 /* InfoPlist.strings in Resources */,
			);
			runOnlyForDeploymentPostprocessing = 0;
		};
/* End PBXResourcesBuildPhase section */

/* Begin PBXShellScriptBuildPhase section */
		EAF0F99114BC7B8C00544416 /* ShellScript */ = {
			isa = PBXShellScriptBuildPhase;
			buildActionMask = 2147483647;
			files = (
			);
			inputPaths = (
			);
			outputPaths = (
			);
			runOnlyForDeploymentPostprocessing = 0;
			shellPath = /bin/sh;
			shellScript = "# Run the unit tests in this test bundle.\n\"${SYSTEM_DEVELOPER_DIR}/Tools/RunUnitTests\"\n";
		};
/* End PBXShellScriptBuildPhase section */

/* Begin PBXSourcesBuildPhase section */
		EAF0F96E14BC7B8C00544416 /* Sources */ = {
			isa = PBXSourcesBuildPhase;
			buildActionMask = 2147483647;
			files = (
				EAF0F98314BC7B8C00544416 /* main.m in Sources */,
				EAF0F98714BC7B8C00544416 /* WSAppDelegate.m in Sources */,
				EAF0F98A14BC7B8C00544416 /* WSViewController.m in Sources */,
				EA8E447E14BC9E6B007D9B43 /* wsabi2.xcdatamodeld in Sources */,
				EAA6FF9414C71C7400006BCB /* WSPersonTableViewCell.m in Sources */,
				EAA6FFA014C7289A00006BCB /* WSItemGridCell.m in Sources */,
				EA8A051814C8938A00199FF8 /* NSManagedObject+DeepCopy.m in Sources */,
				EA8F483314D1A1BE00503E9C /* GMGridView.m in Sources */,
				EA8F483414D1A1BE00503E9C /* GMGridViewCell.m in Sources */,
				EA8F483514D1A1BE00503E9C /* GMGridViewLayoutStrategies.m in Sources */,
				EA8F483614D1A1BE00503E9C /* UIGestureRecognizer+GMGridViewAdditions.m in Sources */,
				EA8F483714D1A1BE00503E9C /* UIView+GMGridViewAdditions.m in Sources */,
				EA9FDF0314D337BC00C16BA8 /* WSCaptureController.m in Sources */,
				EA2D105514D7344300C23365 /* WSBiographicalDataController.m in Sources */,
				EA26F70514D9728000BC54F5 /* ELCTextfieldCell.m in Sources */,
				EA26F72814D9983E00BC54F5 /* WSCDPerson.m in Sources */,
				EA26F72B14D9983E00BC54F5 /* WSCDItem.m in Sources */,
				EA26F72E14D9983E00BC54F5 /* WSCDDeviceDefinition.m in Sources */,
				EA2779CC14DACD44002484CF /* AbstractActionSheetPicker.m in Sources */,
				EA2779CD14DACD44002484CF /* ActionSheetDatePicker.m in Sources */,
				EA2779CE14DACD44002484CF /* ActionSheetDistancePicker.m in Sources */,
				EA2779CF14DACD44002484CF /* ActionSheetStringPicker.m in Sources */,
				EA2779D014DACD44002484CF /* DistancePickerView.m in Sources */,
				EA277AAF14DC3EE5002484CF /* WSModalityChooserController.m in Sources */,
				EA277AB314DC4092002484CF /* WSModalityMap.m in Sources */,
				EA277AB714DC5787002484CF /* WSSubmodalityChooserController.m in Sources */,
				EA277ABD14DC5CD1002484CF /* WSDeviceChooserController.m in Sources */,
				EA277AC214DC6DDA002484CF /* WSDeviceSetupController.m in Sources */,
				EA277AC814DC7B8E002484CF /* UIView+FirstResponder.m in Sources */,
				EA277ACB14DC7E09002484CF /* ELCTextfieldCellWide.m in Sources */,
			);
			runOnlyForDeploymentPostprocessing = 0;
		};
		EAF0F98E14BC7B8C00544416 /* Sources */ = {
			isa = PBXSourcesBuildPhase;
			buildActionMask = 2147483647;
			files = (
				EAF0F9A214BC7B8C00544416 /* wsabi2Tests.m in Sources */,
			);
			runOnlyForDeploymentPostprocessing = 0;
		};
/* End PBXSourcesBuildPhase section */

/* Begin PBXTargetDependency section */
		EAF0F99914BC7B8C00544416 /* PBXTargetDependency */ = {
			isa = PBXTargetDependency;
			target = EAF0F97114BC7B8C00544416 /* wsabi2 */;
			targetProxy = EAF0F99814BC7B8C00544416 /* PBXContainerItemProxy */;
		};
/* End PBXTargetDependency section */

/* Begin PBXVariantGroup section */
		EAF0F97F14BC7B8C00544416 /* InfoPlist.strings */ = {
			isa = PBXVariantGroup;
			children = (
				EAF0F98014BC7B8C00544416 /* en */,
			);
			name = InfoPlist.strings;
			sourceTree = "<group>";
		};
		EAF0F98B14BC7B8C00544416 /* WSViewController.xib */ = {
			isa = PBXVariantGroup;
			children = (
				EAF0F98C14BC7B8C00544416 /* en */,
			);
			name = WSViewController.xib;
			sourceTree = "<group>";
		};
		EAF0F99D14BC7B8C00544416 /* InfoPlist.strings */ = {
			isa = PBXVariantGroup;
			children = (
				EAF0F99E14BC7B8C00544416 /* en */,
			);
			name = InfoPlist.strings;
			sourceTree = "<group>";
		};
/* End PBXVariantGroup section */

/* Begin XCBuildConfiguration section */
		EAF0F9A314BC7B8C00544416 /* Debug */ = {
			isa = XCBuildConfiguration;
			buildSettings = {
				ALWAYS_SEARCH_USER_PATHS = NO;
				ARCHS = "$(ARCHS_STANDARD_32_BIT)";
				CLANG_ENABLE_OBJC_ARC = YES;
				"CODE_SIGN_IDENTITY[sdk=iphoneos*]" = "iPhone Developer";
				COPY_PHASE_STRIP = NO;
				GCC_C_LANGUAGE_STANDARD = gnu99;
				GCC_DYNAMIC_NO_PIC = NO;
				GCC_OPTIMIZATION_LEVEL = 0;
				GCC_PREPROCESSOR_DEFINITIONS = (
					"DEBUG=1",
					"$(inherited)",
				);
				GCC_SYMBOLS_PRIVATE_EXTERN = NO;
				GCC_VERSION = com.apple.compilers.llvm.clang.1_0;
				GCC_WARN_ABOUT_MISSING_PROTOTYPES = YES;
				GCC_WARN_ABOUT_RETURN_TYPE = YES;
				GCC_WARN_UNUSED_VARIABLE = YES;
				IPHONEOS_DEPLOYMENT_TARGET = 5.0;
				SDKROOT = iphoneos;
				TARGETED_DEVICE_FAMILY = 2;
			};
			name = Debug;
		};
		EAF0F9A414BC7B8C00544416 /* Release */ = {
			isa = XCBuildConfiguration;
			buildSettings = {
				ALWAYS_SEARCH_USER_PATHS = NO;
				ARCHS = "$(ARCHS_STANDARD_32_BIT)";
				CLANG_ENABLE_OBJC_ARC = YES;
				"CODE_SIGN_IDENTITY[sdk=iphoneos*]" = "iPhone Developer";
				COPY_PHASE_STRIP = YES;
				GCC_C_LANGUAGE_STANDARD = gnu99;
				GCC_VERSION = com.apple.compilers.llvm.clang.1_0;
				GCC_WARN_ABOUT_MISSING_PROTOTYPES = YES;
				GCC_WARN_ABOUT_RETURN_TYPE = YES;
				GCC_WARN_UNUSED_VARIABLE = YES;
				IPHONEOS_DEPLOYMENT_TARGET = 5.0;
				OTHER_CFLAGS = "-DNS_BLOCK_ASSERTIONS=1";
				SDKROOT = iphoneos;
				TARGETED_DEVICE_FAMILY = 2;
				VALIDATE_PRODUCT = YES;
			};
			name = Release;
		};
		EAF0F9A614BC7B8C00544416 /* Debug */ = {
			isa = XCBuildConfiguration;
			buildSettings = {
				ALWAYS_SEARCH_USER_PATHS = YES;
				GCC_PRECOMPILE_PREFIX_HEADER = YES;
				GCC_PREFIX_HEADER = "wsabi2/wsabi2-Prefix.pch";
				INFOPLIST_FILE = "wsabi2/wsabi2-Info.plist";
				OTHER_LDFLAGS = "-ObjC";
				PRODUCT_NAME = "$(TARGET_NAME)";
				USER_HEADER_SEARCH_PATHS = "/Users/maronoff/Dev/shared_libs/GMGridView/GMGridView/API/**";
				WRAPPER_EXTENSION = app;
			};
			name = Debug;
		};
		EAF0F9A714BC7B8C00544416 /* Release */ = {
			isa = XCBuildConfiguration;
			buildSettings = {
				ALWAYS_SEARCH_USER_PATHS = YES;
				GCC_PRECOMPILE_PREFIX_HEADER = YES;
				GCC_PREFIX_HEADER = "wsabi2/wsabi2-Prefix.pch";
				INFOPLIST_FILE = "wsabi2/wsabi2-Info.plist";
				OTHER_LDFLAGS = "-ObjC";
				PRODUCT_NAME = "$(TARGET_NAME)";
				USER_HEADER_SEARCH_PATHS = "/Users/maronoff/Dev/shared_libs/GMGridView/GMGridView/API/**";
				WRAPPER_EXTENSION = app;
			};
			name = Release;
		};
		EAF0F9A914BC7B8C00544416 /* Debug */ = {
			isa = XCBuildConfiguration;
			buildSettings = {
				BUNDLE_LOADER = "$(BUILT_PRODUCTS_DIR)/wsabi2.app/wsabi2";
				FRAMEWORK_SEARCH_PATHS = (
					"$(SDKROOT)/Developer/Library/Frameworks",
					"$(DEVELOPER_LIBRARY_DIR)/Frameworks",
				);
				GCC_PRECOMPILE_PREFIX_HEADER = YES;
				GCC_PREFIX_HEADER = "wsabi2/wsabi2-Prefix.pch";
				INFOPLIST_FILE = "wsabi2Tests/wsabi2Tests-Info.plist";
				PRODUCT_NAME = "$(TARGET_NAME)";
				TEST_HOST = "$(BUNDLE_LOADER)";
				WRAPPER_EXTENSION = octest;
			};
			name = Debug;
		};
		EAF0F9AA14BC7B8C00544416 /* Release */ = {
			isa = XCBuildConfiguration;
			buildSettings = {
				BUNDLE_LOADER = "$(BUILT_PRODUCTS_DIR)/wsabi2.app/wsabi2";
				FRAMEWORK_SEARCH_PATHS = (
					"$(SDKROOT)/Developer/Library/Frameworks",
					"$(DEVELOPER_LIBRARY_DIR)/Frameworks",
				);
				GCC_PRECOMPILE_PREFIX_HEADER = YES;
				GCC_PREFIX_HEADER = "wsabi2/wsabi2-Prefix.pch";
				INFOPLIST_FILE = "wsabi2Tests/wsabi2Tests-Info.plist";
				PRODUCT_NAME = "$(TARGET_NAME)";
				TEST_HOST = "$(BUNDLE_LOADER)";
				WRAPPER_EXTENSION = octest;
			};
			name = Release;
		};
/* End XCBuildConfiguration section */

/* Begin XCConfigurationList section */
		EAF0F96C14BC7B8C00544416 /* Build configuration list for PBXProject "wsabi2" */ = {
			isa = XCConfigurationList;
			buildConfigurations = (
				EAF0F9A314BC7B8C00544416 /* Debug */,
				EAF0F9A414BC7B8C00544416 /* Release */,
			);
			defaultConfigurationIsVisible = 0;
			defaultConfigurationName = Release;
		};
		EAF0F9A514BC7B8C00544416 /* Build configuration list for PBXNativeTarget "wsabi2" */ = {
			isa = XCConfigurationList;
			buildConfigurations = (
				EAF0F9A614BC7B8C00544416 /* Debug */,
				EAF0F9A714BC7B8C00544416 /* Release */,
			);
			defaultConfigurationIsVisible = 0;
			defaultConfigurationName = Release;
		};
		EAF0F9A814BC7B8C00544416 /* Build configuration list for PBXNativeTarget "wsabi2Tests" */ = {
			isa = XCConfigurationList;
			buildConfigurations = (
				EAF0F9A914BC7B8C00544416 /* Debug */,
				EAF0F9AA14BC7B8C00544416 /* Release */,
			);
			defaultConfigurationIsVisible = 0;
			defaultConfigurationName = Release;
		};
/* End XCConfigurationList section */

/* Begin XCVersionGroup section */
		EA8E447C14BC9E6B007D9B43 /* wsabi2.xcdatamodeld */ = {
			isa = XCVersionGroup;
			children = (
				EA8E447D14BC9E6B007D9B43 /* wsabi2.xcdatamodel */,
			);
			currentVersion = EA8E447D14BC9E6B007D9B43 /* wsabi2.xcdatamodel */;
			path = wsabi2.xcdatamodeld;
			sourceTree = "<group>";
			versionGroupType = wrapper.xcdatamodel;
		};
/* End XCVersionGroup section */
	};
	rootObject = EAF0F96914BC7B8C00544416 /* Project object */;
}
